{
  "lockfile-version": 1,
  "manifest": {
    "version": 1,
    "install": {
      "bash": {
        "pkg-path": "bash",
        "priority": 0
      },
      "curl": {
        "pkg-path": "curl"
      },
      "gcc-unwrapped": {
        "pkg-path": "gcc-unwrapped"
      },
      "git": {
        "pkg-path": "git"
      },
      "glibc": {
        "pkg-path": "glibc",
        "systems": [
          "x86_64-linux",
          "aarch64-linux"
        ]
      },
      "gum": {
        "pkg-path": "gum"
      },
      "ollama": {
        "pkg-path": "ollama"
      },
      "pkg-config": {
        "pkg-path": "pkg-config"
      },
      "python": {
        "pkg-path": "python311"
      },
      "weaviate": {
        "pkg-path": "weaviate"
      }
    },
    "vars": {
      "AUTHENTICATION_ANONYMOUS_ACCESS_ENABLED": "true",
      "OLLAMA_EMBED_MODEL": "mxbai-embed-large",
      "OLLAMA_MODEL": "llama3",
      "OLLAMA_URL": "http://localhost:11434",
      "PERSISTENCE_DATA_PATH": "./verba-data",
      "QUERY_DEFAULTS_LIMIT": "10",
      "VERBA_INSTALL_PACKAGE": "goldenverba@git+https://github.com/weaviate/Verba",
      "VIRTUAL_ENV_DISABLE_PROMPT": "1",
      "WEAVIATE_URL_VERBA": "localhost",
      "WEAVIATE_URL_VERBA_full": "http://localhost:8080"
    },
    "hook": {
      "on-activate": "# If we export this here, it can be used later in 'profiles.common'\nexport PYTHON_DIR=\"$FLOX_ENV_CACHE/python\"\n\nif tty -s; then\n  if [ ! -d \"$PYTHON_DIR\" ]; then\n    gum spin -s globe --title \"Creating venv in $PYTHON_DIR...\" -- python -m venv \"$PYTHON_DIR\"\n  fi\n\n  (\n    source \"$PYTHON_DIR/bin/activate\"\n    gum spin -s monkey --title \"Installing/updating Verba...\" -- pip install \"$VERBA_INSTALL_PACKAGE\"\n  )\nelse\n  if [ ! -d \"$PYTHON_DIR\" ]; then\n    python -m venv \"$PYTHON_DIR\"\n  fi\n\n  (\n    source \"$PYTHON_DIR/bin/activate\"\n    pip install \"$VERBA_INSTALL_PACKAGE\"\n  )\nfi\n"
    },
    "profile": {
      "common": "  # Activate the Python venv\n  source \"$PYTHON_DIR/bin/activate\"\n"
    },
    "options": {
      "systems": [
        "aarch64-darwin",
        "aarch64-linux",
        "x86_64-linux",
        "x86_64-darwin"
      ]
    },
    "services": {
      "models": {
        "command": "# wait for ollama to be ready\nuntil ollama list; do\n  sleep 0.1\ndone\n\nollama pull \"$OLLAMA_MODEL\"\nollama pull \"$OLLAMA_EMBED_MODEL\"\n"
      },
      "ollama": {
        "command": "ollama serve"
      },
      "verba": {
        "command": "if [[ \"$WEAVIATE_URL_VERBA\" != \"\" ]]; then\n  until curl -s \"$WEAVIATE_URL_VERBA_full\"; do\n    echo \"waiting for weaviate ...\"\n    sleep 0.1\n  done\nfi\n\"$PYTHON_DIR/bin/verba\" start --port 8000 --host 0.0.0.0\n"
      },
      "weaviate": {
        "command": "weaviate --host 0.0.0.0 --port 8080 --scheme http"
      }
    }
  },
  "packages": [
    {
      "attr_path": "bash",
      "broken": false,
      "derivation": "/nix/store/v8i4438ppgykj11f7in9ijc8anwk75fc-bash-interactive-5.2p37.drv",
      "description": "GNU Bourne-Again Shell, the de facto standard shell on Linux (for interactive use)",
      "install_id": "bash",
      "license": "GPL-3.0-or-later",
      "locked_url": "https://github.com/flox/nixpkgs?rev=2c8d3f48d33929642c1c12cd243df4cc7d2ce434",
      "name": "bash-interactive-5.2p37",
      "pname": "bash",
      "rev": "2c8d3f48d33929642c1c12cd243df4cc7d2ce434",
      "rev_count": 778048,
      "rev_date": "2025-04-02T08:40:04Z",
      "scrape_date": "2025-04-03T01:11:02.621272Z",
      "stabilities": [
        "staging",
        "unstable"
      ],
      "unfree": false,
      "version": "5.2p37",
      "outputs_to_install": [
        "man",
        "out"
      ],
      "outputs": {
        "dev": "/nix/store/fqk7sya4w9n58q0xar7qc9d34i2smfzm-bash-interactive-5.2p37-dev",
        "doc": "/nix/store/ysr65r7iwb4s3rnzcviaq0yg6i8mv2jb-bash-interactive-5.2p37-doc",
        "info": "/nix/store/7ikpxm6kb5bgw5q3ksk04ibhrv093pkl-bash-interactive-5.2p37-info",
        "man": "/nix/store/jyfz8qz73fa4kngy159vgpcqm6gqxpwq-bash-interactive-5.2p37-man",
        "out": "/nix/store/12vsac4mcqapklipi16fqf9x4bs8q27f-bash-interactive-5.2p37"
      },
      "system": "aarch64-darwin",
      "group": "toplevel",
      "priority": 0
    },
    {
      "attr_path": "bash",
      "broken": false,
      "derivation": "/nix/store/4grbppljny74llivsn1hg03d2mr160c5-bash-interactive-5.2p37.drv",
      "description": "GNU Bourne-Again Shell, the de facto standard shell on Linux (for interactive use)",
      "install_id": "bash",
      "license": "GPL-3.0-or-later",
      "locked_url": "https://github.com/flox/nixpkgs?rev=2c8d3f48d33929642c1c12cd243df4cc7d2ce434",
      "name": "bash-interactive-5.2p37",
      "pname": "bash",
      "rev": "2c8d3f48d33929642c1c12cd243df4cc7d2ce434",
      "rev_count": 778048,
      "rev_date": "2025-04-02T08:40:04Z",
      "scrape_date": "2025-04-03T01:28:45.818545Z",
      "stabilities": [
        "staging",
        "unstable"
      ],
      "unfree": false,
      "version": "5.2p37",
      "outputs_to_install": [
        "man",
        "out"
      ],
      "outputs": {
        "debug": "/nix/store/02winmp1g2vi58y1a8yrz2njls6d3dci-bash-interactive-5.2p37-debug",
        "dev": "/nix/store/rl544i03kfkramw6w51kmbnvvv1df582-bash-interactive-5.2p37-dev",
        "doc": "/nix/store/zrr8mfdxhd8rqmjxhxzkniyr1lvdzi4g-bash-interactive-5.2p37-doc",
        "info": "/nix/store/fzw3i7b4jwmwym5f46sxzr1kg1hi004v-bash-interactive-5.2p37-info",
        "man": "/nix/store/r5jjrhyzgpdp9yycsv6fflhr2b955ch1-bash-interactive-5.2p37-man",
        "out": "/nix/store/lq016hgcw33y0kb71p6yl6fpijplrci1-bash-interactive-5.2p37"
      },
      "system": "aarch64-linux",
      "group": "toplevel",
      "priority": 0
    },
    {
      "attr_path": "bash",
      "broken": false,
      "derivation": "/nix/store/ixlcy0gz49wsraa40njh8mlajmd2fgvz-bash-interactive-5.2p37.drv",
      "description": "GNU Bourne-Again Shell, the de facto standard shell on Linux (for interactive use)",
      "install_id": "bash",
      "license": "GPL-3.0-or-later",
      "locked_url": "https://github.com/flox/nixpkgs?rev=2c8d3f48d33929642c1c12cd243df4cc7d2ce434",
      "name": "bash-interactive-5.2p37",
      "pname": "bash",
      "rev": "2c8d3f48d33929642c1c12cd243df4cc7d2ce434",
      "rev_count": 778048,
      "rev_date": "2025-04-02T08:40:04Z",
      "scrape_date": "2025-04-03T02:04:23.699920Z",
      "stabilities": [
        "staging",
        "unstable"
      ],
      "unfree": false,
      "version": "5.2p37",
      "outputs_to_install": [
        "man",
        "out"
      ],
      "outputs": {
        "debug": "/nix/store/84fmihpikkcljzmw28v23qpw02p5dwr7-bash-interactive-5.2p37-debug",
        "dev": "/nix/store/bwyhm24q23aggjamgb382bxksan98mi0-bash-interactive-5.2p37-dev",
        "doc": "/nix/store/sgw8rk2aijx0kn7mzg0dzmv486ydamqz-bash-interactive-5.2p37-doc",
        "info": "/nix/store/646z5wp9gz07fkp8ffrgpr9fvpxjcm0z-bash-interactive-5.2p37-info",
        "man": "/nix/store/cq2irdgh5ijj948lradamq0n8n7m1ihn-bash-interactive-5.2p37-man",
        "out": "/nix/store/cvlbhhrvzfkjl2hrrzhq3vr5gzan1r60-bash-interactive-5.2p37"
      },
      "system": "x86_64-linux",
      "group": "toplevel",
      "priority": 0
    },
    {
      "attr_path": "bash",
      "broken": false,
      "derivation": "/nix/store/g1srbx7fvrx2msqyzqizyjhg9iq31wav-bash-interactive-5.2p37.drv",
      "description": "GNU Bourne-Again Shell, the de facto standard shell on Linux (for interactive use)",
      "install_id": "bash",
      "license": "GPL-3.0-or-later",
      "locked_url": "https://github.com/flox/nixpkgs?rev=2c8d3f48d33929642c1c12cd243df4cc7d2ce434",
      "name": "bash-interactive-5.2p37",
      "pname": "bash",
      "rev": "2c8d3f48d33929642c1c12cd243df4cc7d2ce434",
      "rev_count": 778048,
      "rev_date": "2025-04-02T08:40:04Z",
      "scrape_date": "2025-04-03T01:44:59.340034Z",
      "stabilities": [
        "staging",
        "unstable"
      ],
      "unfree": false,
      "version": "5.2p37",
      "outputs_to_install": [
        "man",
        "out"
      ],
      "outputs": {
        "dev": "/nix/store/lnrdqsyhwlki5v116bna5n4m88cw97pc-bash-interactive-5.2p37-dev",
        "doc": "/nix/store/fs481fj8xfypkg58ajwjn51dspjq3dxj-bash-interactive-5.2p37-doc",
        "info": "/nix/store/r4l7sybwj4lspkx18z592m1mkvqrywq6-bash-interactive-5.2p37-info",
        "man": "/nix/store/v470z1yqkgya7jhbrm6rm7n6ab3vq33x-bash-interactive-5.2p37-man",
        "out": "/nix/store/fpxya1lqpk04m8f3v6iyryiq2z61pcz5-bash-interactive-5.2p37"
      },
      "system": "x86_64-darwin",
      "group": "toplevel",
      "priority": 0
    },
    {
      "attr_path": "curl",
      "broken": false,
      "derivation": "/nix/store/1lhp10v70mj2ph77pvs31d7xlpxgc361-curl-8.12.1.drv",
      "description": "Command line tool for transferring files with URL syntax",
      "install_id": "curl",
      "license": "curl",
      "locked_url": "https://github.com/flox/nixpkgs?rev=2c8d3f48d33929642c1c12cd243df4cc7d2ce434",
      "name": "curl-8.12.1",
      "pname": "curl",
      "rev": "2c8d3f48d33929642c1c12cd243df4cc7d2ce434",
      "rev_count": 778048,
      "rev_date": "2025-04-02T08:40:04Z",
      "scrape_date": "2025-04-03T01:11:02.920859Z",
      "stabilities": [
        "staging",
        "unstable"
      ],
      "unfree": false,
      "version": "8.12.1",
      "outputs_to_install": [
        "bin",
        "man"
      ],
      "outputs": {
        "bin": "/nix/store/86fqlv3ivlg7wxqg2zyxdaba79f964xc-curl-8.12.1-bin",
        "dev": "/nix/store/3gaqczbhg021cyxbdipa072bmwxn5rii-curl-8.12.1-dev",
        "devdoc": "/nix/store/6ln0174ccp76y126pjypqmh3i2wakyv3-curl-8.12.1-devdoc",
        "man": "/nix/store/pbbm6l8x61w0n0v1f0q5k8fbl3wrwdhx-curl-8.12.1-man",
        "out": "/nix/store/qgag9flqkdc2pplvcvzbrbicy66yh3fn-curl-8.12.1"
      },
      "system": "aarch64-darwin",
      "group": "toplevel",
      "priority": 5
    },
    {
      "attr_path": "curl",
      "broken": false,
      "derivation": "/nix/store/g8l0vbzmxrr6qw44wgqllb4mw5sl8g5s-curl-8.12.1.drv",
      "description": "Command line tool for transferring files with URL syntax",
      "install_id": "curl",
      "license": "curl",
      "locked_url": "https://github.com/flox/nixpkgs?rev=2c8d3f48d33929642c1c12cd243df4cc7d2ce434",
      "name": "curl-8.12.1",
      "pname": "curl",
      "rev": "2c8d3f48d33929642c1c12cd243df4cc7d2ce434",
      "rev_count": 778048,
      "rev_date": "2025-04-02T08:40:04Z",
      "scrape_date": "2025-04-03T01:28:46.260408Z",
      "stabilities": [
        "staging",
        "unstable"
      ],
      "unfree": false,
      "version": "8.12.1",
      "outputs_to_install": [
        "bin",
        "man"
      ],
      "outputs": {
        "bin": "/nix/store/z7wva8na2xihw715flhf7qzxmzajh2ka-curl-8.12.1-bin",
        "debug": "/nix/store/775cbq71iyyscma2vvhwxjlpzx8fqqh9-curl-8.12.1-debug",
        "dev": "/nix/store/vgq4wjxqc1pg31i2hamypdj3zh1kjx74-curl-8.12.1-dev",
        "devdoc": "/nix/store/xynp72zh6y0d2xxisir41fd212hcz596-curl-8.12.1-devdoc",
        "man": "/nix/store/80njhwgrrzkzhi3mmbzy14vnq837m3zv-curl-8.12.1-man",
        "out": "/nix/store/g7hzmaxs3iyinjzx6rzci1wcrn0h0dhk-curl-8.12.1"
      },
      "system": "aarch64-linux",
      "group": "toplevel",
      "priority": 5
    },
    {
      "attr_path": "curl",
      "broken": false,
      "derivation": "/nix/store/rlj4bd2wpskzaw28ciy9hzp7x5njl1mg-curl-8.12.1.drv",
      "description": "Command line tool for transferring files with URL syntax",
      "install_id": "curl",
      "license": "curl",
      "locked_url": "https://github.com/flox/nixpkgs?rev=2c8d3f48d33929642c1c12cd243df4cc7d2ce434",
      "name": "curl-8.12.1",
      "pname": "curl",
      "rev": "2c8d3f48d33929642c1c12cd243df4cc7d2ce434",
      "rev_count": 778048,
      "rev_date": "2025-04-02T08:40:04Z",
      "scrape_date": "2025-04-03T02:04:24.184506Z",
      "stabilities": [
        "staging",
        "unstable"
      ],
      "unfree": false,
      "version": "8.12.1",
      "outputs_to_install": [
        "bin",
        "man"
      ],
      "outputs": {
        "bin": "/nix/store/k27z9fx6v0msbsl2p54sx4sx0r8247m6-curl-8.12.1-bin",
        "debug": "/nix/store/w6wlkf6s83lnw87jvqgczqj2674ilx4a-curl-8.12.1-debug",
        "dev": "/nix/store/cn83nc0n8gkl0bi3spykczd3j44qkbq2-curl-8.12.1-dev",
        "devdoc": "/nix/store/ynv5wahwnghzk8v4zfbk8rmdn96cx4cf-curl-8.12.1-devdoc",
        "man": "/nix/store/03skkhbdzmivfr8c99rqbb9s5clfi0sy-curl-8.12.1-man",
        "out": "/nix/store/l6hzv5ms9fi7mx2j3xh0i42anyjcgpp8-curl-8.12.1"
      },
      "system": "x86_64-linux",
      "group": "toplevel",
      "priority": 5
    },
    {
      "attr_path": "curl",
      "broken": false,
      "derivation": "/nix/store/3s3ckp7zjs4lr8lm98w4b6rvpy9zgqfm-curl-8.12.1.drv",
      "description": "Command line tool for transferring files with URL syntax",
      "install_id": "curl",
      "license": "curl",
      "locked_url": "https://github.com/flox/nixpkgs?rev=2c8d3f48d33929642c1c12cd243df4cc7d2ce434",
      "name": "curl-8.12.1",
      "pname": "curl",
      "rev": "2c8d3f48d33929642c1c12cd243df4cc7d2ce434",
      "rev_count": 778048,
      "rev_date": "2025-04-02T08:40:04Z",
      "scrape_date": "2025-04-03T01:44:59.632067Z",
      "stabilities": [
        "staging",
        "unstable"
      ],
      "unfree": false,
      "version": "8.12.1",
      "outputs_to_install": [
        "bin",
        "man"
      ],
      "outputs": {
        "bin": "/nix/store/p0x9dx56vyii50cwbv03wjkhwivpyg4b-curl-8.12.1-bin",
        "dev": "/nix/store/an8c76pbcv3sdli8cvg8sff8qnclh9rz-curl-8.12.1-dev",
        "devdoc": "/nix/store/kmwq1w6yjmb19glyqk3q6czn4kbg0xag-curl-8.12.1-devdoc",
        "man": "/nix/store/rac3x8bmq64rbm4msd83652vcby7ibav-curl-8.12.1-man",
        "out": "/nix/store/bi6qs79brnykvz8lc7kmjbmzxv3cjn1q-curl-8.12.1"
      },
      "system": "x86_64-darwin",
      "group": "toplevel",
      "priority": 5
    },
    {
      "attr_path": "gcc-unwrapped",
      "broken": false,
      "derivation": "/nix/store/gmg8xl898y1xx6pagzw03wic4vf1vh8h-gcc-14-20241116.drv",
      "description": "GNU Compiler Collection, version 14-20241116",
      "install_id": "gcc-unwrapped",
      "license": "GPL-3.0-or-later",
      "locked_url": "https://github.com/flox/nixpkgs?rev=2c8d3f48d33929642c1c12cd243df4cc7d2ce434",
      "name": "gcc-14-20241116",
      "pname": "gcc-unwrapped",
      "rev": "2c8d3f48d33929642c1c12cd243df4cc7d2ce434",
      "rev_count": 778048,
      "rev_date": "2025-04-02T08:40:04Z",
      "scrape_date": "2025-04-03T01:11:03.299197Z",
      "stabilities": [
        "staging",
        "unstable"
      ],
      "unfree": false,
      "version": "14-20241116",
      "outputs_to_install": [
        "man",
        "out"
      ],
      "outputs": {
        "info": "/nix/store/h6h9ld1yad3ljbndzzrvvvsgdmvvypkv-gcc-14-20241116-info",
        "lib": "/nix/store/wr4z79jm11bczizzfi7pxc5dmjrh36pw-gcc-14-20241116-lib",
        "man": "/nix/store/ikc21c76a1nwli3n9f8lvifag9b63lv7-gcc-14-20241116-man",
        "out": "/nix/store/iqwbqy4zc7igkr9wm5l2p2d8b0hmd70y-gcc-14-20241116"
      },
      "system": "aarch64-darwin",
      "group": "toplevel",
      "priority": 5
    },
    {
      "attr_path": "gcc-unwrapped",
      "broken": false,
      "derivation": "/nix/store/z6vzgyr4ba0czbcazigxpx8ascfrk1gs-gcc-14-20241116.drv",
      "description": "GNU Compiler Collection, version 14-20241116",
      "install_id": "gcc-unwrapped",
      "license": "GPL-3.0-or-later",
      "locked_url": "https://github.com/flox/nixpkgs?rev=2c8d3f48d33929642c1c12cd243df4cc7d2ce434",
      "name": "gcc-14-20241116",
      "pname": "gcc-unwrapped",
      "rev": "2c8d3f48d33929642c1c12cd243df4cc7d2ce434",
      "rev_count": 778048,
      "rev_date": "2025-04-02T08:40:04Z",
      "scrape_date": "2025-04-03T01:28:46.939374Z",
      "stabilities": [
        "staging",
        "unstable"
      ],
      "unfree": false,
      "version": "14-20241116",
      "outputs_to_install": [
        "man",
        "out"
      ],
      "outputs": {
        "checksum": "/nix/store/825f26jaziwjha0ca4h7n2mcm55a067z-gcc-14-20241116-checksum",
        "info": "/nix/store/pgnwmd0zl67s6ib9sjip8x0m3qhq3gdd-gcc-14-20241116-info",
        "lib": "/nix/store/rwg1m7rn86nbf5rw0qqv2p0qfkplcq1h-gcc-14-20241116-lib",
        "libgcc": "/nix/store/as1bnyfzprs8ihw8skzc0amswwxzildy-gcc-14-20241116-libgcc",
        "man": "/nix/store/39gjkcnywivrx3dvb1wzg3mzl80d837m-gcc-14-20241116-man",
        "out": "/nix/store/4kgdnwbxq9h8qm5ckrq2hdl59gzhjh62-gcc-14-20241116"
      },
      "system": "aarch64-linux",
      "group": "toplevel",
      "priority": 5
    },
    {
      "attr_path": "gcc-unwrapped",
      "broken": false,
      "derivation": "/nix/store/jwkzrhyip6lqp2h71fn38jni7xhnlz0y-gcc-14-20241116.drv",
      "description": "GNU Compiler Collection, version 14-20241116",
      "install_id": "gcc-unwrapped",
      "license": "GPL-3.0-or-later",
      "locked_url": "https://github.com/flox/nixpkgs?rev=2c8d3f48d33929642c1c12cd243df4cc7d2ce434",
      "name": "gcc-14-20241116",
      "pname": "gcc-unwrapped",
      "rev": "2c8d3f48d33929642c1c12cd243df4cc7d2ce434",
      "rev_count": 778048,
      "rev_date": "2025-04-02T08:40:04Z",
      "scrape_date": "2025-04-03T02:04:24.918170Z",
      "stabilities": [
        "staging",
        "unstable"
      ],
      "unfree": false,
      "version": "14-20241116",
      "outputs_to_install": [
        "man",
        "out"
      ],
      "outputs": {
        "checksum": "/nix/store/z672yp0m5kpqh1swyn4lann8wxwqvr6y-gcc-14-20241116-checksum",
        "info": "/nix/store/9znz17yw8w1hs6k0wrx3bxr5nlnpwfan-gcc-14-20241116-info",
        "lib": "/nix/store/ik84lbv5jvjm1xxvdl8mhg52ry3xycvm-gcc-14-20241116-lib",
        "libgcc": "/nix/store/id29wx2vp10d5xi6wzsykd4rb9ssaikx-gcc-14-20241116-libgcc",
        "man": "/nix/store/l2lk5kzx5j6wyps429a36x0qlwxifjsc-gcc-14-20241116-man",
        "out": "/nix/store/2agih0y5ns3sgbviw2xhivdgg59b41g9-gcc-14-20241116"
      },
      "system": "x86_64-linux",
      "group": "toplevel",
      "priority": 5
    },
    {
      "attr_path": "gcc-unwrapped",
      "broken": false,
      "derivation": "/nix/store/m08ksf0xq2bpvwaq1k7chqdmlff21ngv-gcc-14-20241116.drv",
      "description": "GNU Compiler Collection, version 14-20241116",
      "install_id": "gcc-unwrapped",
      "license": "GPL-3.0-or-later",
      "locked_url": "https://github.com/flox/nixpkgs?rev=2c8d3f48d33929642c1c12cd243df4cc7d2ce434",
      "name": "gcc-14-20241116",
      "pname": "gcc-unwrapped",
      "rev": "2c8d3f48d33929642c1c12cd243df4cc7d2ce434",
      "rev_count": 778048,
      "rev_date": "2025-04-02T08:40:04Z",
      "scrape_date": "2025-04-03T01:45:00.004848Z",
      "stabilities": [
        "staging",
        "unstable"
      ],
      "unfree": false,
      "version": "14-20241116",
      "outputs_to_install": [
        "man",
        "out"
      ],
      "outputs": {
        "info": "/nix/store/f97dcv7z919mv7glbdbv9xs7s8xl3fv1-gcc-14-20241116-info",
        "lib": "/nix/store/6frks9ji9s32hjr1g88m9dgky36h52p6-gcc-14-20241116-lib",
        "man": "/nix/store/w5npavvdjc40w39h5ammxlxyybg0kdhp-gcc-14-20241116-man",
        "out": "/nix/store/0gj67hrhgk1r5ix3pnvxhqyg7y6pr65m-gcc-14-20241116"
      },
      "system": "x86_64-darwin",
      "group": "toplevel",
      "priority": 5
    },
    {
      "attr_path": "git",
      "broken": false,
      "derivation": "/nix/store/hk148zhy67jk1qp1sbxvn7lvk1yrlmxx-git-2.48.1.drv",
      "description": "Distributed version control system",
      "install_id": "git",
      "license": "GPL-2.0",
      "locked_url": "https://github.com/flox/nixpkgs?rev=2c8d3f48d33929642c1c12cd243df4cc7d2ce434",
      "name": "git-2.48.1",
      "pname": "git",
      "rev": "2c8d3f48d33929642c1c12cd243df4cc7d2ce434",
      "rev_count": 778048,
      "rev_date": "2025-04-02T08:40:04Z",
      "scrape_date": "2025-04-03T01:11:03.355021Z",
      "stabilities": [
        "staging",
        "unstable"
      ],
      "unfree": false,
      "version": "2.48.1",
      "outputs_to_install": [
        "out"
      ],
      "outputs": {
        "doc": "/nix/store/1f2y9bqn2bcbwdmaww7ky5my6jda5pcr-git-2.48.1-doc",
        "out": "/nix/store/znc1gmdi9v24k122hyjfpa90m5vwpjrl-git-2.48.1"
      },
      "system": "aarch64-darwin",
      "group": "toplevel",
      "priority": 5
    },
    {
      "attr_path": "git",
      "broken": false,
      "derivation": "/nix/store/zzs0pvdlmvgwk8bif64dr9v6wy67m297-git-2.48.1.drv",
      "description": "Distributed version control system",
      "install_id": "git",
      "license": "GPL-2.0",
      "locked_url": "https://github.com/flox/nixpkgs?rev=2c8d3f48d33929642c1c12cd243df4cc7d2ce434",
      "name": "git-2.48.1",
      "pname": "git",
      "rev": "2c8d3f48d33929642c1c12cd243df4cc7d2ce434",
      "rev_count": 778048,
      "rev_date": "2025-04-02T08:40:04Z",
      "scrape_date": "2025-04-03T01:28:47.027611Z",
      "stabilities": [
        "staging",
        "unstable"
      ],
      "unfree": false,
      "version": "2.48.1",
      "outputs_to_install": [
        "out"
      ],
      "outputs": {
        "debug": "/nix/store/xqqsvzlilh843rm6knykyng81apapr33-git-2.48.1-debug",
        "doc": "/nix/store/485b32ys0s2dvjfisn7405ildmpqvfzk-git-2.48.1-doc",
        "out": "/nix/store/pck1dr5jxrd5b8nmfasbn13z422jhcfm-git-2.48.1"
      },
      "system": "aarch64-linux",
      "group": "toplevel",
      "priority": 5
    },
    {
      "attr_path": "git",
      "broken": false,
      "derivation": "/nix/store/xvqbq7s9x0z2v7c4p95386q8z3m7h1q4-git-2.48.1.drv",
      "description": "Distributed version control system",
      "install_id": "git",
      "license": "GPL-2.0",
      "locked_url": "https://github.com/flox/nixpkgs?rev=2c8d3f48d33929642c1c12cd243df4cc7d2ce434",
      "name": "git-2.48.1",
      "pname": "git",
      "rev": "2c8d3f48d33929642c1c12cd243df4cc7d2ce434",
      "rev_count": 778048,
      "rev_date": "2025-04-02T08:40:04Z",
      "scrape_date": "2025-04-03T02:04:25.011591Z",
      "stabilities": [
        "staging",
        "unstable"
      ],
      "unfree": false,
      "version": "2.48.1",
      "outputs_to_install": [
        "out"
      ],
      "outputs": {
        "debug": "/nix/store/bk8xndavdnc2qgyvc6hcc8h29lk9jzqb-git-2.48.1-debug",
        "doc": "/nix/store/hjczhs1dm3hzij7mx5c91rkzqvkb89av-git-2.48.1-doc",
        "out": "/nix/store/lqx2rv26sdndpa2vyy2vxsahj03km69z-git-2.48.1"
      },
      "system": "x86_64-linux",
      "group": "toplevel",
      "priority": 5
    },
    {
      "attr_path": "git",
      "broken": false,
      "derivation": "/nix/store/ccv18k38nqk579x3lr0m8a1xpwq2576d-git-2.48.1.drv",
      "description": "Distributed version control system",
      "install_id": "git",
      "license": "GPL-2.0",
      "locked_url": "https://github.com/flox/nixpkgs?rev=2c8d3f48d33929642c1c12cd243df4cc7d2ce434",
      "name": "git-2.48.1",
      "pname": "git",
      "rev": "2c8d3f48d33929642c1c12cd243df4cc7d2ce434",
      "rev_count": 778048,
      "rev_date": "2025-04-02T08:40:04Z",
      "scrape_date": "2025-04-03T01:45:00.062918Z",
      "stabilities": [
        "staging",
        "unstable"
      ],
      "unfree": false,
      "version": "2.48.1",
      "outputs_to_install": [
        "out"
      ],
      "outputs": {
        "doc": "/nix/store/cgv7qa0ix059ma9a0qac0bywfvl3k7k2-git-2.48.1-doc",
        "out": "/nix/store/9qjzgsf9mvdp6sfd7xyzhgrahl2qhhp6-git-2.48.1"
      },
      "system": "x86_64-darwin",
      "group": "toplevel",
      "priority": 5
    },
    {
      "attr_path": "glibc",
      "broken": false,
      "derivation": "/nix/store/3jmwf7n7mdjk99lbwmznwkjvd5kwxlp4-glibc-2.40-66.drv",
      "description": "GNU C Library",
      "install_id": "glibc",
      "license": "LGPL-2.0-or-later",
      "locked_url": "https://github.com/flox/nixpkgs?rev=2c8d3f48d33929642c1c12cd243df4cc7d2ce434",
      "name": "glibc-2.40-66",
      "pname": "glibc",
      "rev": "2c8d3f48d33929642c1c12cd243df4cc7d2ce434",
      "rev_count": 778048,
      "rev_date": "2025-04-02T08:40:04Z",
      "scrape_date": "2025-04-03T02:04:25.084488Z",
      "stabilities": [
        "staging",
        "unstable"
      ],
      "unfree": false,
      "version": "2.40-66",
      "outputs_to_install": [
        "bin"
      ],
      "outputs": {
        "bin": "/nix/store/nq61v7a601gjndijq5nndprkzpwz4q9g-glibc-2.40-66-bin",
        "debug": "/nix/store/n4mcjrvdj91zz84qg7k1wj5svz3cmvbr-glibc-2.40-66-debug",
        "dev": "/nix/store/71xyq87gpb2qrwn314p0sf2n002lgd91-glibc-2.40-66-dev",
        "getent": "/nix/store/3gbjdkkqzinpjg7za37qkjjirq9zswz7-glibc-2.40-66-getent",
        "out": "/nix/store/rmy663w9p7xb202rcln4jjzmvivznmz8-glibc-2.40-66",
        "static": "/nix/store/fnmcgb0al1mybccqavf5na2bz01h2428-glibc-2.40-66-static"
      },
      "system": "x86_64-linux",
      "group": "toplevel",
      "priority": 5
    },
    {
      "attr_path": "glibc",
      "broken": false,
      "derivation": "/nix/store/6f0km19c0hlrrhry7dibw61s1ascbjrp-glibc-2.40-66.drv",
      "description": "GNU C Library",
      "install_id": "glibc",
      "license": "LGPL-2.0-or-later",
      "locked_url": "https://github.com/flox/nixpkgs?rev=2c8d3f48d33929642c1c12cd243df4cc7d2ce434",
      "name": "glibc-2.40-66",
      "pname": "glibc",
      "rev": "2c8d3f48d33929642c1c12cd243df4cc7d2ce434",
      "rev_count": 778048,
      "rev_date": "2025-04-02T08:40:04Z",
      "scrape_date": "2025-04-03T01:28:47.098039Z",
      "stabilities": [
        "staging",
        "unstable"
      ],
      "unfree": false,
      "version": "2.40-66",
      "outputs_to_install": [
        "bin"
      ],
      "outputs": {
        "bin": "/nix/store/6vhyn63gxvkd3qxw1w5a0gy38208ryb6-glibc-2.40-66-bin",
        "debug": "/nix/store/iqci7x2fyymnyf4ar6dwns2nahc3brni-glibc-2.40-66-debug",
        "dev": "/nix/store/ffl9j68h9vfmcmm02vf5si8097ai4rmp-glibc-2.40-66-dev",
        "getent": "/nix/store/jyh638x4zl15gnkzbxrkhnhv4knm0b7p-glibc-2.40-66-getent",
        "out": "/nix/store/9vp8z5dhmc194hdf88znglif3wir7i1v-glibc-2.40-66",
        "static": "/nix/store/y9npmxpqdhh70c8fpvkx4s7myprigls9-glibc-2.40-66-static"
      },
      "system": "aarch64-linux",
      "group": "toplevel",
      "priority": 5
    },
    {
      "attr_path": "gum",
      "broken": false,
      "derivation": "/nix/store/kbf3lrdp865dlb0yc2n8cbxn1dvcfpz4-gum-0.16.0.drv",
      "description": "Tasty Bubble Gum for your shell",
      "install_id": "gum",
      "license": "MIT",
      "locked_url": "https://github.com/flox/nixpkgs?rev=2c8d3f48d33929642c1c12cd243df4cc7d2ce434",
      "name": "gum-0.16.0",
      "pname": "gum",
      "rev": "2c8d3f48d33929642c1c12cd243df4cc7d2ce434",
      "rev_count": 778048,
      "rev_date": "2025-04-02T08:40:04Z",
      "scrape_date": "2025-04-03T01:11:03.572745Z",
      "stabilities": [
        "staging",
        "unstable"
      ],
      "unfree": false,
      "version": "0.16.0",
      "outputs_to_install": [
        "out"
      ],
      "outputs": {
        "out": "/nix/store/i2lcxxzcaylphmmjm2nqxlywq6xzqya8-gum-0.16.0"
      },
      "system": "aarch64-darwin",
      "group": "toplevel",
      "priority": 5
    },
    {
      "attr_path": "gum",
      "broken": false,
      "derivation": "/nix/store/58i0s7yhdp8vvz439gmsix573ym8c5q2-gum-0.16.0.drv",
      "description": "Tasty Bubble Gum for your shell",
      "install_id": "gum",
      "license": "MIT",
      "locked_url": "https://github.com/flox/nixpkgs?rev=2c8d3f48d33929642c1c12cd243df4cc7d2ce434",
      "name": "gum-0.16.0",
      "pname": "gum",
      "rev": "2c8d3f48d33929642c1c12cd243df4cc7d2ce434",
      "rev_count": 778048,
      "rev_date": "2025-04-02T08:40:04Z",
      "scrape_date": "2025-04-03T01:28:47.678511Z",
      "stabilities": [
        "staging",
        "unstable"
      ],
      "unfree": false,
      "version": "0.16.0",
      "outputs_to_install": [
        "out"
      ],
      "outputs": {
        "out": "/nix/store/d3xf6ih9k89ibb1lmch962fby3q3yxnk-gum-0.16.0"
      },
      "system": "aarch64-linux",
      "group": "toplevel",
      "priority": 5
    },
    {
      "attr_path": "gum",
      "broken": false,
      "derivation": "/nix/store/n1sip83yr4s0ffhwacxvnib3acdgzb75-gum-0.16.0.drv",
      "description": "Tasty Bubble Gum for your shell",
      "install_id": "gum",
      "license": "MIT",
      "locked_url": "https://github.com/flox/nixpkgs?rev=2c8d3f48d33929642c1c12cd243df4cc7d2ce434",
      "name": "gum-0.16.0",
      "pname": "gum",
      "rev": "2c8d3f48d33929642c1c12cd243df4cc7d2ce434",
      "rev_count": 778048,
      "rev_date": "2025-04-02T08:40:04Z",
      "scrape_date": "2025-04-03T02:04:25.716953Z",
      "stabilities": [
        "staging",
        "unstable"
      ],
      "unfree": false,
      "version": "0.16.0",
      "outputs_to_install": [
        "out"
      ],
      "outputs": {
        "out": "/nix/store/nr5f79bif524lvnd1ynlpag9bgc0ipph-gum-0.16.0"
      },
      "system": "x86_64-linux",
      "group": "toplevel",
      "priority": 5
    },
    {
      "attr_path": "gum",
      "broken": false,
      "derivation": "/nix/store/yjr81v2ziaymg72hjwndhgaldvm7gia4-gum-0.16.0.drv",
      "description": "Tasty Bubble Gum for your shell",
      "install_id": "gum",
      "license": "MIT",
      "locked_url": "https://github.com/flox/nixpkgs?rev=2c8d3f48d33929642c1c12cd243df4cc7d2ce434",
      "name": "gum-0.16.0",
      "pname": "gum",
      "rev": "2c8d3f48d33929642c1c12cd243df4cc7d2ce434",
      "rev_count": 778048,
      "rev_date": "2025-04-02T08:40:04Z",
      "scrape_date": "2025-04-03T01:45:00.311988Z",
      "stabilities": [
        "staging",
        "unstable"
      ],
      "unfree": false,
      "version": "0.16.0",
      "outputs_to_install": [
        "out"
      ],
      "outputs": {
        "out": "/nix/store/rr8sls8dyy2sfaxy2nfx3bcb6a4lzzi1-gum-0.16.0"
      },
      "system": "x86_64-darwin",
      "group": "toplevel",
      "priority": 5
    },
    {
      "attr_path": "ollama",
      "broken": false,
      "derivation": "/nix/store/mg6r1wglqql31j0bmx903dmcgph1gr0r-ollama-0.6.2.drv",
      "description": "Get up and running with large language models locally",
      "install_id": "ollama",
      "license": "MIT",
      "locked_url": "https://github.com/flox/nixpkgs?rev=2c8d3f48d33929642c1c12cd243df4cc7d2ce434",
      "name": "ollama-0.6.2",
      "pname": "ollama",
      "rev": "2c8d3f48d33929642c1c12cd243df4cc7d2ce434",
      "rev_count": 778048,
      "rev_date": "2025-04-02T08:40:04Z",
      "scrape_date": "2025-04-03T01:11:06.413579Z",
      "stabilities": [
        "staging",
        "unstable"
      ],
      "unfree": false,
      "version": "0.6.2",
      "outputs_to_install": [
        "out"
      ],
      "outputs": {
        "out": "/nix/store/zsjksagwdf7fv04735hy36gixyhgw8bk-ollama-0.6.2"
      },
      "system": "aarch64-darwin",
      "group": "toplevel",
      "priority": 5
    },
    {
      "attr_path": "ollama",
      "broken": false,
      "derivation": "/nix/store/5apbac76vycw4s4pdwjkp7d5vkgyvqww-ollama-0.6.2.drv",
      "description": "Get up and running with large language models locally",
      "install_id": "ollama",
      "license": "MIT",
      "locked_url": "https://github.com/flox/nixpkgs?rev=2c8d3f48d33929642c1c12cd243df4cc7d2ce434",
      "name": "ollama-0.6.2",
      "pname": "ollama",
      "rev": "2c8d3f48d33929642c1c12cd243df4cc7d2ce434",
      "rev_count": 778048,
      "rev_date": "2025-04-02T08:40:04Z",
      "scrape_date": "2025-04-03T01:28:58.069103Z",
      "stabilities": [
        "staging",
        "unstable"
      ],
      "unfree": false,
      "version": "0.6.2",
      "outputs_to_install": [
        "out"
      ],
      "outputs": {
        "out": "/nix/store/mc86nqnwdv295rfgrqcfsi95d73sr45x-ollama-0.6.2"
      },
      "system": "aarch64-linux",
      "group": "toplevel",
      "priority": 5
    },
    {
      "attr_path": "ollama",
      "broken": false,
      "derivation": "/nix/store/p4naysldbhmk7wq8pp0wd9126vfrrqsa-ollama-0.6.2.drv",
      "description": "Get up and running with large language models locally",
      "install_id": "ollama",
      "license": "MIT",
      "locked_url": "https://github.com/flox/nixpkgs?rev=2c8d3f48d33929642c1c12cd243df4cc7d2ce434",
      "name": "ollama-0.6.2",
      "pname": "ollama",
      "rev": "2c8d3f48d33929642c1c12cd243df4cc7d2ce434",
      "rev_count": 778048,
      "rev_date": "2025-04-02T08:40:04Z",
      "scrape_date": "2025-04-03T02:04:37.605562Z",
      "stabilities": [
        "staging",
        "unstable"
      ],
      "unfree": false,
      "version": "0.6.2",
      "outputs_to_install": [
        "out"
      ],
      "outputs": {
        "out": "/nix/store/cng2amq94pg55fwwci1qlfnv7v4xkdxp-ollama-0.6.2"
      },
      "system": "x86_64-linux",
      "group": "toplevel",
      "priority": 5
    },
    {
      "attr_path": "ollama",
      "broken": false,
      "derivation": "/nix/store/rzpxwfmfpj09gbmv6ic7isixibmhng69-ollama-0.6.2.drv",
      "description": "Get up and running with large language models locally",
      "install_id": "ollama",
      "license": "MIT",
      "locked_url": "https://github.com/flox/nixpkgs?rev=2c8d3f48d33929642c1c12cd243df4cc7d2ce434",
      "name": "ollama-0.6.2",
      "pname": "ollama",
      "rev": "2c8d3f48d33929642c1c12cd243df4cc7d2ce434",
      "rev_count": 778048,
      "rev_date": "2025-04-02T08:40:04Z",
      "scrape_date": "2025-04-03T01:45:03.213395Z",
      "stabilities": [
        "staging",
        "unstable"
      ],
      "unfree": false,
      "version": "0.6.2",
      "outputs_to_install": [
        "out"
      ],
      "outputs": {
        "out": "/nix/store/z4qhccdcrwsw1r2vb93qsiaxn4bb1f1a-ollama-0.6.2"
      },
      "system": "x86_64-darwin",
      "group": "toplevel",
      "priority": 5
    },
    {
      "attr_path": "pkg-config",
      "broken": false,
      "derivation": "/nix/store/skfk5k6lp15n8kp6yw45zcgavijcndws-pkg-config-wrapper-0.29.2.drv",
      "description": "Tool that allows packages to find out information about other packages (wrapper script)",
      "install_id": "pkg-config",
      "license": "GPL-2.0-or-later",
      "locked_url": "https://github.com/flox/nixpkgs?rev=2c8d3f48d33929642c1c12cd243df4cc7d2ce434",
      "name": "pkg-config-wrapper-0.29.2",
      "pname": "pkg-config",
      "rev": "2c8d3f48d33929642c1c12cd243df4cc7d2ce434",
      "rev_count": 778048,
      "rev_date": "2025-04-02T08:40:04Z",
      "scrape_date": "2025-04-03T01:11:10.681809Z",
      "stabilities": [
        "staging",
        "unstable"
      ],
      "unfree": false,
      "version": "0.29.2",
      "outputs_to_install": [
        "man",
        "out"
      ],
      "outputs": {
        "doc": "/nix/store/4r450cwdnspsi01vngjjzvfr03frxvcc-pkg-config-wrapper-0.29.2-doc",
        "man": "/nix/store/93mbl6dm0zl9xyx23hajrzbn9jk9p4h4-pkg-config-wrapper-0.29.2-man",
        "out": "/nix/store/lp8zrm3pyzy2rxdb47y7rkzvckv4crs9-pkg-config-wrapper-0.29.2"
      },
      "system": "aarch64-darwin",
      "group": "toplevel",
      "priority": 5
    },
    {
      "attr_path": "pkg-config",
      "broken": false,
      "derivation": "/nix/store/n18pnks88lhxxniv72k9c76qql80yml0-pkg-config-wrapper-0.29.2.drv",
      "description": "Tool that allows packages to find out information about other packages (wrapper script)",
      "install_id": "pkg-config",
      "license": "GPL-2.0-or-later",
      "locked_url": "https://github.com/flox/nixpkgs?rev=2c8d3f48d33929642c1c12cd243df4cc7d2ce434",
      "name": "pkg-config-wrapper-0.29.2",
      "pname": "pkg-config",
      "rev": "2c8d3f48d33929642c1c12cd243df4cc7d2ce434",
      "rev_count": 778048,
      "rev_date": "2025-04-02T08:40:04Z",
      "scrape_date": "2025-04-03T01:29:05.863994Z",
      "stabilities": [
        "staging",
        "unstable"
      ],
      "unfree": false,
      "version": "0.29.2",
      "outputs_to_install": [
        "man",
        "out"
      ],
      "outputs": {
        "doc": "/nix/store/xakcakpxizmyymgc7lf2g8bfy52fipj0-pkg-config-wrapper-0.29.2-doc",
        "man": "/nix/store/f5saffqd1hcwgzra27nfi2crxscd1v3b-pkg-config-wrapper-0.29.2-man",
        "out": "/nix/store/n6aa34qwpvhc5w85gbl1188df2fzdby4-pkg-config-wrapper-0.29.2"
      },
      "system": "aarch64-linux",
      "group": "toplevel",
      "priority": 5
    },
    {
      "attr_path": "pkg-config",
      "broken": false,
      "derivation": "/nix/store/ff2x0aw6pa3wrrb7c7qwillijnwci187-pkg-config-wrapper-0.29.2.drv",
      "description": "Tool that allows packages to find out information about other packages (wrapper script)",
      "install_id": "pkg-config",
      "license": "GPL-2.0-or-later",
      "locked_url": "https://github.com/flox/nixpkgs?rev=2c8d3f48d33929642c1c12cd243df4cc7d2ce434",
      "name": "pkg-config-wrapper-0.29.2",
      "pname": "pkg-config",
      "rev": "2c8d3f48d33929642c1c12cd243df4cc7d2ce434",
      "rev_count": 778048,
      "rev_date": "2025-04-02T08:40:04Z",
      "scrape_date": "2025-04-03T02:04:45.774426Z",
      "stabilities": [
        "staging",
        "unstable"
      ],
      "unfree": false,
      "version": "0.29.2",
      "outputs_to_install": [
        "man",
        "out"
      ],
      "outputs": {
        "doc": "/nix/store/fm26vfp77dl31rhij11r433574596sql-pkg-config-wrapper-0.29.2-doc",
        "man": "/nix/store/y4virh7sgyc57fvj8qxbbrzjn44nwrc1-pkg-config-wrapper-0.29.2-man",
        "out": "/nix/store/2ijmf0rg27gn78widiljfx9m7cfggjm0-pkg-config-wrapper-0.29.2"
      },
      "system": "x86_64-linux",
      "group": "toplevel",
      "priority": 5
    },
    {
      "attr_path": "pkg-config",
      "broken": false,
      "derivation": "/nix/store/vf4avmflmryxyxi4k0m81gkg79sns1gl-pkg-config-wrapper-0.29.2.drv",
      "description": "Tool that allows packages to find out information about other packages (wrapper script)",
      "install_id": "pkg-config",
      "license": "GPL-2.0-or-later",
      "locked_url": "https://github.com/flox/nixpkgs?rev=2c8d3f48d33929642c1c12cd243df4cc7d2ce434",
      "name": "pkg-config-wrapper-0.29.2",
      "pname": "pkg-config",
      "rev": "2c8d3f48d33929642c1c12cd243df4cc7d2ce434",
      "rev_count": 778048,
      "rev_date": "2025-04-02T08:40:04Z",
      "scrape_date": "2025-04-03T01:45:07.540674Z",
      "stabilities": [
        "staging",
        "unstable"
      ],
      "unfree": false,
      "version": "0.29.2",
      "outputs_to_install": [
        "man",
        "out"
      ],
      "outputs": {
        "doc": "/nix/store/83rb1l3f4bpf0vxvknppqjlb460rff7y-pkg-config-wrapper-0.29.2-doc",
        "man": "/nix/store/v3g3zsi6qrlp2nf1i3wvbxnpz2aj63n6-pkg-config-wrapper-0.29.2-man",
        "out": "/nix/store/6148sgl6x01gd6vbkk40h4040hpc29zz-pkg-config-wrapper-0.29.2"
      },
      "system": "x86_64-darwin",
      "group": "toplevel",
      "priority": 5
    },
    {
      "attr_path": "python311",
      "broken": false,
      "derivation": "/nix/store/wn9265vxrfjx391gk0hm9nh6vxkpvxg8-python3-3.11.11.drv",
      "description": "High-level dynamically-typed programming language",
      "install_id": "python",
      "license": "Python-2.0",
      "locked_url": "https://github.com/flox/nixpkgs?rev=2c8d3f48d33929642c1c12cd243df4cc7d2ce434",
      "name": "python3-3.11.11",
      "pname": "python311",
      "rev": "2c8d3f48d33929642c1c12cd243df4cc7d2ce434",
      "rev_count": 778048,
      "rev_date": "2025-04-02T08:40:04Z",
      "scrape_date": "2025-04-03T01:11:11.855414Z",
      "stabilities": [
        "staging",
        "unstable"
      ],
      "unfree": false,
      "version": "python3-3.11.11",
      "outputs_to_install": [
        "out"
      ],
      "outputs": {
        "out": "/nix/store/dxddp6nsbryq1lnp61srqf90nb3n3s0f-python3-3.11.11"
      },
      "system": "aarch64-darwin",
      "group": "toplevel",
      "priority": 5
    },
    {
      "attr_path": "python311",
      "broken": false,
      "derivation": "/nix/store/iq2a3y6wgb5a9rglz5qbds6nncjzhx87-python3-3.11.11.drv",
      "description": "High-level dynamically-typed programming language",
      "install_id": "python",
      "license": "Python-2.0",
      "locked_url": "https://github.com/flox/nixpkgs?rev=2c8d3f48d33929642c1c12cd243df4cc7d2ce434",
      "name": "python3-3.11.11",
      "pname": "python311",
      "rev": "2c8d3f48d33929642c1c12cd243df4cc7d2ce434",
      "rev_count": 778048,
      "rev_date": "2025-04-02T08:40:04Z",
      "scrape_date": "2025-04-03T01:29:08.333868Z",
      "stabilities": [
        "staging",
        "unstable"
      ],
      "unfree": false,
      "version": "python3-3.11.11",
      "outputs_to_install": [
        "out"
      ],
      "outputs": {
        "debug": "/nix/store/b0v9hx15wkwfysfkmvdabmb3zqpnw9vb-python3-3.11.11-debug",
        "out": "/nix/store/1nm84x1i58avk0rdm7g8wp1yhshzwsrb-python3-3.11.11"
      },
      "system": "aarch64-linux",
      "group": "toplevel",
      "priority": 5
    },
    {
      "attr_path": "python311",
      "broken": false,
      "derivation": "/nix/store/60hlqbxf5jxsysrwwi14p6j60hpzxki5-python3-3.11.11.drv",
      "description": "High-level dynamically-typed programming language",
      "install_id": "python",
      "license": "Python-2.0",
      "locked_url": "https://github.com/flox/nixpkgs?rev=2c8d3f48d33929642c1c12cd243df4cc7d2ce434",
      "name": "python3-3.11.11",
      "pname": "python311",
      "rev": "2c8d3f48d33929642c1c12cd243df4cc7d2ce434",
      "rev_count": 778048,
      "rev_date": "2025-04-02T08:40:04Z",
      "scrape_date": "2025-04-03T02:04:48.359863Z",
      "stabilities": [
        "staging",
        "unstable"
      ],
      "unfree": false,
      "version": "python3-3.11.11",
      "outputs_to_install": [
        "out"
      ],
      "outputs": {
        "debug": "/nix/store/xgjchflrqqw7kmf9klzss119d99mk70x-python3-3.11.11-debug",
        "out": "/nix/store/ii0svv5raqqbwmdhkarca2d28p07n067-python3-3.11.11"
      },
      "system": "x86_64-linux",
      "group": "toplevel",
      "priority": 5
    },
    {
      "attr_path": "python311",
      "broken": false,
      "derivation": "/nix/store/5qsmak2ar5n6r49xrbrlvkfmv0kb9s6g-python3-3.11.11.drv",
      "description": "High-level dynamically-typed programming language",
      "install_id": "python",
      "license": "Python-2.0",
      "locked_url": "https://github.com/flox/nixpkgs?rev=2c8d3f48d33929642c1c12cd243df4cc7d2ce434",
      "name": "python3-3.11.11",
      "pname": "python311",
      "rev": "2c8d3f48d33929642c1c12cd243df4cc7d2ce434",
      "rev_count": 778048,
      "rev_date": "2025-04-02T08:40:04Z",
      "scrape_date": "2025-04-03T01:45:08.657754Z",
      "stabilities": [
        "staging",
        "unstable"
      ],
      "unfree": false,
      "version": "python3-3.11.11",
      "outputs_to_install": [
        "out"
      ],
      "outputs": {
        "out": "/nix/store/kaf161d7qvgq6c3lpzxx0ba3r4km16jl-python3-3.11.11"
      },
      "system": "x86_64-darwin",
      "group": "toplevel",
      "priority": 5
    },
    {
      "attr_path": "weaviate",
      "broken": false,
      "derivation": "/nix/store/1fij837aqw6hx1i3vva90w53nqk00zaq-weaviate-1.29.1.drv",
      "description": "ML-first vector search engine",
      "install_id": "weaviate",
      "license": "BSD-3-Clause",
      "locked_url": "https://github.com/flox/nixpkgs?rev=2c8d3f48d33929642c1c12cd243df4cc7d2ce434",
      "name": "weaviate-1.29.1",
      "pname": "weaviate",
      "rev": "2c8d3f48d33929642c1c12cd243df4cc7d2ce434",
      "rev_count": 778048,
      "rev_date": "2025-04-02T08:40:04Z",
      "scrape_date": "2025-04-03T01:11:59.016500Z",
      "stabilities": [
        "staging",
        "unstable"
      ],
      "unfree": false,
      "version": "1.29.1",
      "outputs_to_install": [
        "out"
      ],
      "outputs": {
        "out": "/nix/store/sxxfzxx0bbig3ia5v0qh3ycpvqvcp3p4-weaviate-1.29.1"
      },
      "system": "aarch64-darwin",
      "group": "toplevel",
      "priority": 5
    },
    {
      "attr_path": "weaviate",
      "broken": false,
      "derivation": "/nix/store/c4zkvqzmpqka4kq7bm02kdhn7pl7aq4k-weaviate-1.29.1.drv",
      "description": "ML-first vector search engine",
      "install_id": "weaviate",
      "license": "BSD-3-Clause",
      "locked_url": "https://github.com/flox/nixpkgs?rev=2c8d3f48d33929642c1c12cd243df4cc7d2ce434",
      "name": "weaviate-1.29.1",
      "pname": "weaviate",
      "rev": "2c8d3f48d33929642c1c12cd243df4cc7d2ce434",
      "rev_count": 778048,
      "rev_date": "2025-04-02T08:40:04Z",
      "scrape_date": "2025-04-03T01:30:17.679510Z",
      "stabilities": [
        "staging",
        "unstable"
      ],
      "unfree": false,
      "version": "1.29.1",
      "outputs_to_install": [
        "out"
      ],
      "outputs": {
        "out": "/nix/store/ksrsq6g10f2ycfhwlcs4hf80w25zz3cm-weaviate-1.29.1"
      },
      "system": "aarch64-linux",
      "group": "toplevel",
      "priority": 5
    },
    {
      "attr_path": "weaviate",
      "broken": false,
      "derivation": "/nix/store/35lmfccsjddglr8m91ww0lcg2v5zv3i8-weaviate-1.29.1.drv",
      "description": "ML-first vector search engine",
      "install_id": "weaviate",
      "license": "BSD-3-Clause",
      "locked_url": "https://github.com/flox/nixpkgs?rev=2c8d3f48d33929642c1c12cd243df4cc7d2ce434",
      "name": "weaviate-1.29.1",
      "pname": "weaviate",
      "rev": "2c8d3f48d33929642c1c12cd243df4cc7d2ce434",
      "rev_count": 778048,
      "rev_date": "2025-04-02T08:40:04Z",
      "scrape_date": "2025-04-03T02:05:59.500058Z",
      "stabilities": [
        "staging",
        "unstable"
      ],
      "unfree": false,
      "version": "1.29.1",
      "outputs_to_install": [
        "out"
      ],
      "outputs": {
        "out": "/nix/store/wazmh2pmfwrsknw75isxgzldaibzdap6-weaviate-1.29.1"
      },
      "system": "x86_64-linux",
      "group": "toplevel",
      "priority": 5
    },
    {
      "attr_path": "weaviate",
      "broken": false,
      "derivation": "/nix/store/ycq1zpj6v4ghq1dicr7igvncd1a0kbmc-weaviate-1.29.1.drv",
      "description": "ML-first vector search engine",
      "install_id": "weaviate",
      "license": "BSD-3-Clause",
      "locked_url": "https://github.com/flox/nixpkgs?rev=2c8d3f48d33929642c1c12cd243df4cc7d2ce434",
      "name": "weaviate-1.29.1",
      "pname": "weaviate",
      "rev": "2c8d3f48d33929642c1c12cd243df4cc7d2ce434",
      "rev_count": 778048,
      "rev_date": "2025-04-02T08:40:04Z",
      "scrape_date": "2025-04-03T01:45:55.888803Z",
      "stabilities": [
        "staging",
        "unstable"
      ],
      "unfree": false,
      "version": "1.29.1",
      "outputs_to_install": [
        "out"
      ],
      "outputs": {
        "out": "/nix/store/32n26k38pby4kxzifk7v65l93yn0v7yh-weaviate-1.29.1"
      },
      "system": "x86_64-darwin",
      "group": "toplevel",
      "priority": 5
    }
  ]
}