{
  "lockfile-version": 1,
  "manifest": {
    "version": 1,
    "install": {
      "cassandra": {
        "pkg-path": "cassandra_4"
      },
      "coreutils": {
        "pkg-path": "coreutils"
      },
      "semver-tool": {
        "pkg-path": "semver-tool"
      },
      "which": {
        "pkg-path": "which"
      }
    },
    "vars": {
      "CASSANDRA_ALLOW_CLIENTS": "true",
      "CASSANDRA_CLUSTER_NAME": "My Cluster",
      "CASSANDRA_HOST": "127.0.0.1",
      "CASSANDRA_PORT": "19042",
      "CASSANDRA_SEED_ADDRS": "127.0.0.1",
      "CASSANDRA_STORAGE_PORT": "7070",
      "JVM_OPTS": ""
    },
    "hook": {
      "on-activate": "\nexport CASSANDRA_CACHE=\"$FLOX_ENV_CACHE/cassandra\"\nexport CASSANDRA_CONFIG_FILE=\"$CASSANDRA_CACHE/cassandra.yaml\"\n\nif [[ ! -d \"$CASSANDRA_CACHE\" ]]; then\n    mkdir -p \"$CASSANDRA_CACHE\"\nfi\n\nCASSANDRA_PATH=\"$(realpath $(which cassandra))\"\nCASSANDRA_VERSION=\"${CASSANDRA_PATH:54:-14}\"\n# Only for cassandra >=4.0.0\nif [[ \"$(semver compare \"$CASSANDRA_VERSION\" \"4.0.0\")\" != \"-1\" ]]; then\n  JVM_OPTS=\"$JVM_OPTS -Xlog:gc=warning,heap*=warning,age*=warning,safepoint=warning,promotion*=warning\"\nfi\n\nif [[ ! -f \"$CASSANDRA_CONFIG_FILE\" ]]; then\n\n  tee -a $CASSANDRA_CONFIG_FILE > /dev/null << EOF\nlisten_address: \"$CASSANDRA_HOST\"\nnative_transport_port: \"$CASSANDRA_PORT\"\nstorage_port: \"$CASSANDRA_STORAGE_PORT\"\nstart_native_transport: \"$CASSANDRA_ALLOW_CLIENTS\"\ncluster_name: \"$CASSANDRA_CLUSTER_NAME\"\ndata_file_directories:\n  - \"$CASSANDRA_CACHE/data\"\ncommitlog_directory: \"$CASSANDRA_CACHE/commitlog\"\nsaved_caches_directory: \"$CASSANDRA_CACHE/saved_caches\"\nhints_directory: \"$CASSANDRA_CACHE/hints\"\nseed_provider:\n  - class_name: \"org.apache.cassandra.locator.SimpleSeedProvider\"\n    parameters:\n      - seeds: \"$CASSANDRA_SEED_ADDRS\"\ncommitlog_sync: \"batch\"\ncommitlog_sync_batch_window_in_ms: 2\npartitioner: \"org.apache.cassandra.dht.Murmur3Partitioner\"\nendpoint_snitch: \"SimpleSnitch\"\nEOF\n\nfi\n"
    },
    "profile": {
      "common": "echo \"\"\necho \"     ╔═══════════════════════════════════════════════╗\"\necho \"     ║                                               ║\"\necho \"     ║  Start Cassandra in the background:           ║\"\necho \"     ║  👉 flox services start                       ║\"\necho \"     ║  👉 flox activate --start-services            ║\"\necho \"     ║                                               ║\"\necho \"     ║  Try to connect to Cassandra:                 ║\"\necho \"     ║  👉 cqlsh \\$CASSANDRA_HOST \\$CASSANDRA_PORT \\   ║\"\necho \"     ║        -e \\\"SELECT ...;\\\"                       ║\"\necho \"     ║                                               ║\"\necho \"     ╚═══════════════════════════════════════════════╝\"\necho \"\"\n"
    },
    "options": {
      "systems": [
        "aarch64-darwin",
        "aarch64-linux",
        "x86_64-darwin",
        "x86_64-linux"
      ],
      "allow": {
        "licenses": []
      },
      "semver": {}
    },
    "services": {
      "cassandra": {
        "command": "cassandra -Dcassandra.config=file://$CASSANDRA_CONFIG_FILE -f"
      }
    }
  },
  "packages": [
    {
      "attr_path": "cassandra_4",
      "broken": false,
      "derivation": "/nix/store/f8m0r3h2am8mmak6pyiir8835mc7xxhf-cassandra-4.1.7.drv",
      "description": "Massively scalable open source NoSQL database",
      "install_id": "cassandra",
      "license": "Apache-2.0",
      "locked_url": "https://github.com/flox/nixpkgs?rev=73cf49b8ad837ade2de76f87eb53fc85ed5d4680",
      "name": "cassandra-4.1.7",
      "pname": "cassandra_4",
      "rev": "73cf49b8ad837ade2de76f87eb53fc85ed5d4680",
      "rev_count": 755230,
      "rev_date": "2025-02-18T08:17:47Z",
      "scrape_date": "2025-02-20T02:25:42Z",
      "stabilities": [
        "staging",
        "unstable"
      ],
      "unfree": false,
      "version": "4.1.7",
      "outputs_to_install": [
        "out"
      ],
      "outputs": {
        "out": "/nix/store/xwhm2fqxdabrqnafp9ayq2bga97ib04j-cassandra-4.1.7"
      },
      "system": "aarch64-darwin",
      "group": "toplevel",
      "priority": 5
    },
    {
      "attr_path": "cassandra_4",
      "broken": false,
      "derivation": "/nix/store/a31gd4cldmz21g8g9y83k4bzr4karxp4-cassandra-4.1.7.drv",
      "description": "Massively scalable open source NoSQL database",
      "install_id": "cassandra",
      "license": "Apache-2.0",
      "locked_url": "https://github.com/flox/nixpkgs?rev=73cf49b8ad837ade2de76f87eb53fc85ed5d4680",
      "name": "cassandra-4.1.7",
      "pname": "cassandra_4",
      "rev": "73cf49b8ad837ade2de76f87eb53fc85ed5d4680",
      "rev_count": 755230,
      "rev_date": "2025-02-18T08:17:47Z",
      "scrape_date": "2025-02-20T02:25:42Z",
      "stabilities": [
        "staging",
        "unstable"
      ],
      "unfree": false,
      "version": "4.1.7",
      "outputs_to_install": [
        "out"
      ],
      "outputs": {
        "out": "/nix/store/jmsfpc7dg1a9ryrzh5f4lv7djlrwdbc2-cassandra-4.1.7"
      },
      "system": "aarch64-linux",
      "group": "toplevel",
      "priority": 5
    },
    {
      "attr_path": "cassandra_4",
      "broken": false,
      "derivation": "/nix/store/p6gg4i24ywg79ahc2s4p5hd5yfqac2gi-cassandra-4.1.7.drv",
      "description": "Massively scalable open source NoSQL database",
      "install_id": "cassandra",
      "license": "Apache-2.0",
      "locked_url": "https://github.com/flox/nixpkgs?rev=73cf49b8ad837ade2de76f87eb53fc85ed5d4680",
      "name": "cassandra-4.1.7",
      "pname": "cassandra_4",
      "rev": "73cf49b8ad837ade2de76f87eb53fc85ed5d4680",
      "rev_count": 755230,
      "rev_date": "2025-02-18T08:17:47Z",
      "scrape_date": "2025-02-20T02:25:42Z",
      "stabilities": [
        "staging",
        "unstable"
      ],
      "unfree": false,
      "version": "4.1.7",
      "outputs_to_install": [
        "out"
      ],
      "outputs": {
        "out": "/nix/store/0y4hxzwxw9arxc8413y1d26ni8109zb6-cassandra-4.1.7"
      },
      "system": "x86_64-darwin",
      "group": "toplevel",
      "priority": 5
    },
    {
      "attr_path": "cassandra_4",
      "broken": false,
      "derivation": "/nix/store/1vwpg9im3x7jd53mqy52w17m0b92q2ab-cassandra-4.1.7.drv",
      "description": "Massively scalable open source NoSQL database",
      "install_id": "cassandra",
      "license": "Apache-2.0",
      "locked_url": "https://github.com/flox/nixpkgs?rev=73cf49b8ad837ade2de76f87eb53fc85ed5d4680",
      "name": "cassandra-4.1.7",
      "pname": "cassandra_4",
      "rev": "73cf49b8ad837ade2de76f87eb53fc85ed5d4680",
      "rev_count": 755230,
      "rev_date": "2025-02-18T08:17:47Z",
      "scrape_date": "2025-02-20T02:25:42Z",
      "stabilities": [
        "staging",
        "unstable"
      ],
      "unfree": false,
      "version": "4.1.7",
      "outputs_to_install": [
        "out"
      ],
      "outputs": {
        "out": "/nix/store/zsk7fg8gkyp7s44qxl7rdiqxp0nc8ipf-cassandra-4.1.7"
      },
      "system": "x86_64-linux",
      "group": "toplevel",
      "priority": 5
    },
    {
      "attr_path": "coreutils",
      "broken": false,
      "derivation": "/nix/store/vjfwxkpsdmjc6zwvjavkw7wygvdkpn2i-coreutils-9.5.drv",
      "description": "GNU Core Utilities",
      "install_id": "coreutils",
      "license": "GPL-3.0-or-later",
      "locked_url": "https://github.com/flox/nixpkgs?rev=73cf49b8ad837ade2de76f87eb53fc85ed5d4680",
      "name": "coreutils-9.5",
      "pname": "coreutils",
      "rev": "73cf49b8ad837ade2de76f87eb53fc85ed5d4680",
      "rev_count": 755230,
      "rev_date": "2025-02-18T08:17:47Z",
      "scrape_date": "2025-02-20T02:25:42Z",
      "stabilities": [
        "staging",
        "unstable"
      ],
      "unfree": false,
      "version": "9.5",
      "outputs_to_install": [
        "out"
      ],
      "outputs": {
        "info": "/nix/store/simc3qvyl7p7jpg75rxv8x649yp8zsx2-coreutils-9.5-info",
        "out": "/nix/store/y47p66ilr9q34s9mizscsdxw5vxq62qj-coreutils-9.5"
      },
      "system": "aarch64-darwin",
      "group": "toplevel",
      "priority": 5
    },
    {
      "attr_path": "coreutils",
      "broken": false,
      "derivation": "/nix/store/55k13swx2vgmhaivk2x60iq0800sqd4r-coreutils-9.5.drv",
      "description": "GNU Core Utilities",
      "install_id": "coreutils",
      "license": "GPL-3.0-or-later",
      "locked_url": "https://github.com/flox/nixpkgs?rev=73cf49b8ad837ade2de76f87eb53fc85ed5d4680",
      "name": "coreutils-9.5",
      "pname": "coreutils",
      "rev": "73cf49b8ad837ade2de76f87eb53fc85ed5d4680",
      "rev_count": 755230,
      "rev_date": "2025-02-18T08:17:47Z",
      "scrape_date": "2025-02-20T02:25:42Z",
      "stabilities": [
        "staging",
        "unstable"
      ],
      "unfree": false,
      "version": "9.5",
      "outputs_to_install": [
        "out"
      ],
      "outputs": {
        "debug": "/nix/store/6bwh9mdkkm6by9fif5fs4gds70syjrlx-coreutils-9.5-debug",
        "info": "/nix/store/rhypb4vgwpdqqpzdvn66g9r1r349chdg-coreutils-9.5-info",
        "out": "/nix/store/262cihc8b77953r05p353h9xd7axjrbz-coreutils-9.5"
      },
      "system": "aarch64-linux",
      "group": "toplevel",
      "priority": 5
    },
    {
      "attr_path": "coreutils",
      "broken": false,
      "derivation": "/nix/store/g1nysyhfj53ddn45nc8wiczkl38ilnk0-coreutils-9.5.drv",
      "description": "GNU Core Utilities",
      "install_id": "coreutils",
      "license": "GPL-3.0-or-later",
      "locked_url": "https://github.com/flox/nixpkgs?rev=73cf49b8ad837ade2de76f87eb53fc85ed5d4680",
      "name": "coreutils-9.5",
      "pname": "coreutils",
      "rev": "73cf49b8ad837ade2de76f87eb53fc85ed5d4680",
      "rev_count": 755230,
      "rev_date": "2025-02-18T08:17:47Z",
      "scrape_date": "2025-02-20T02:25:42Z",
      "stabilities": [
        "staging",
        "unstable"
      ],
      "unfree": false,
      "version": "9.5",
      "outputs_to_install": [
        "out"
      ],
      "outputs": {
        "info": "/nix/store/4rz5jm5rk648bxgnhr1ijyw3xfnmsg2h-coreutils-9.5-info",
        "out": "/nix/store/qjdqc0jddszwwb2jhpwyn2c92gsrdhwj-coreutils-9.5"
      },
      "system": "x86_64-darwin",
      "group": "toplevel",
      "priority": 5
    },
    {
      "attr_path": "coreutils",
      "broken": false,
      "derivation": "/nix/store/8n2r30qdxcc6mj7hzf88gb1xzc1hjbrw-coreutils-9.5.drv",
      "description": "GNU Core Utilities",
      "install_id": "coreutils",
      "license": "GPL-3.0-or-later",
      "locked_url": "https://github.com/flox/nixpkgs?rev=73cf49b8ad837ade2de76f87eb53fc85ed5d4680",
      "name": "coreutils-9.5",
      "pname": "coreutils",
      "rev": "73cf49b8ad837ade2de76f87eb53fc85ed5d4680",
      "rev_count": 755230,
      "rev_date": "2025-02-18T08:17:47Z",
      "scrape_date": "2025-02-20T02:25:42Z",
      "stabilities": [
        "staging",
        "unstable"
      ],
      "unfree": false,
      "version": "9.5",
      "outputs_to_install": [
        "out"
      ],
      "outputs": {
        "debug": "/nix/store/fc58f079w7wy0kpicpdpvx1a0xf24hi4-coreutils-9.5-debug",
        "info": "/nix/store/sihgjmzsla41aywcnflvvr43hc6nq0kk-coreutils-9.5-info",
        "out": "/nix/store/wdap4cr3bnm685f27y9bb6q5b6q18msl-coreutils-9.5"
      },
      "system": "x86_64-linux",
      "group": "toplevel",
      "priority": 5
    },
    {
      "attr_path": "semver-tool",
      "broken": false,
      "derivation": "/nix/store/2njw420klwq10jwyv9iaj60k2h367hlb-semver-tool-3.4.0.drv",
      "description": "semver bash implementation",
      "install_id": "semver-tool",
      "license": "Apache-2.0",
      "locked_url": "https://github.com/flox/nixpkgs?rev=73cf49b8ad837ade2de76f87eb53fc85ed5d4680",
      "name": "semver-tool-3.4.0",
      "pname": "semver-tool",
      "rev": "73cf49b8ad837ade2de76f87eb53fc85ed5d4680",
      "rev_count": 755230,
      "rev_date": "2025-02-18T08:17:47Z",
      "scrape_date": "2025-02-20T02:25:42Z",
      "stabilities": [
        "staging",
        "unstable"
      ],
      "unfree": false,
      "version": "3.4.0",
      "outputs_to_install": [
        "out"
      ],
      "outputs": {
        "out": "/nix/store/d3aahl8bhf60ij4c2ffhd4plgqp9r0m7-semver-tool-3.4.0"
      },
      "system": "aarch64-darwin",
      "group": "toplevel",
      "priority": 5
    },
    {
      "attr_path": "semver-tool",
      "broken": false,
      "derivation": "/nix/store/k78533zfla6k300j08i610phzd7n1rda-semver-tool-3.4.0.drv",
      "description": "semver bash implementation",
      "install_id": "semver-tool",
      "license": "Apache-2.0",
      "locked_url": "https://github.com/flox/nixpkgs?rev=73cf49b8ad837ade2de76f87eb53fc85ed5d4680",
      "name": "semver-tool-3.4.0",
      "pname": "semver-tool",
      "rev": "73cf49b8ad837ade2de76f87eb53fc85ed5d4680",
      "rev_count": 755230,
      "rev_date": "2025-02-18T08:17:47Z",
      "scrape_date": "2025-02-20T02:25:42Z",
      "stabilities": [
        "staging",
        "unstable"
      ],
      "unfree": false,
      "version": "3.4.0",
      "outputs_to_install": [
        "out"
      ],
      "outputs": {
        "out": "/nix/store/z2bvv6qlflz6yhhlnl1arnhzzkbf6bc0-semver-tool-3.4.0"
      },
      "system": "aarch64-linux",
      "group": "toplevel",
      "priority": 5
    },
    {
      "attr_path": "semver-tool",
      "broken": false,
      "derivation": "/nix/store/gvbcbynca12937gxp5alg7w8hhhmmmyw-semver-tool-3.4.0.drv",
      "description": "semver bash implementation",
      "install_id": "semver-tool",
      "license": "Apache-2.0",
      "locked_url": "https://github.com/flox/nixpkgs?rev=73cf49b8ad837ade2de76f87eb53fc85ed5d4680",
      "name": "semver-tool-3.4.0",
      "pname": "semver-tool",
      "rev": "73cf49b8ad837ade2de76f87eb53fc85ed5d4680",
      "rev_count": 755230,
      "rev_date": "2025-02-18T08:17:47Z",
      "scrape_date": "2025-02-20T02:25:42Z",
      "stabilities": [
        "staging",
        "unstable"
      ],
      "unfree": false,
      "version": "3.4.0",
      "outputs_to_install": [
        "out"
      ],
      "outputs": {
        "out": "/nix/store/5j6qbw40nsbbjjl9ql8g712agyadh4nm-semver-tool-3.4.0"
      },
      "system": "x86_64-darwin",
      "group": "toplevel",
      "priority": 5
    },
    {
      "attr_path": "semver-tool",
      "broken": false,
      "derivation": "/nix/store/y7y4a4grgqi3jar9vc4mqxszgyl84dpn-semver-tool-3.4.0.drv",
      "description": "semver bash implementation",
      "install_id": "semver-tool",
      "license": "Apache-2.0",
      "locked_url": "https://github.com/flox/nixpkgs?rev=73cf49b8ad837ade2de76f87eb53fc85ed5d4680",
      "name": "semver-tool-3.4.0",
      "pname": "semver-tool",
      "rev": "73cf49b8ad837ade2de76f87eb53fc85ed5d4680",
      "rev_count": 755230,
      "rev_date": "2025-02-18T08:17:47Z",
      "scrape_date": "2025-02-20T02:25:42Z",
      "stabilities": [
        "staging",
        "unstable"
      ],
      "unfree": false,
      "version": "3.4.0",
      "outputs_to_install": [
        "out"
      ],
      "outputs": {
        "out": "/nix/store/w5l379rzcz8sy1z5zm6xp7g8z9ssd1yg-semver-tool-3.4.0"
      },
      "system": "x86_64-linux",
      "group": "toplevel",
      "priority": 5
    },
    {
      "attr_path": "which",
      "broken": false,
      "derivation": "/nix/store/z3ygpy9sr75ywdq4yzwbwyxsmns03xjr-which-2.21.drv",
      "description": "Shows the full path of (shell) commands",
      "install_id": "which",
      "license": "GPL-3.0-or-later",
      "locked_url": "https://github.com/flox/nixpkgs?rev=73cf49b8ad837ade2de76f87eb53fc85ed5d4680",
      "name": "which-2.21",
      "pname": "which",
      "rev": "73cf49b8ad837ade2de76f87eb53fc85ed5d4680",
      "rev_count": 755230,
      "rev_date": "2025-02-18T08:17:47Z",
      "scrape_date": "2025-02-20T02:25:42Z",
      "stabilities": [
        "staging",
        "unstable"
      ],
      "unfree": false,
      "version": "2.21",
      "outputs_to_install": [
        "out"
      ],
      "outputs": {
        "out": "/nix/store/y9i6grgmf838f858cj2myfdbw7377ldp-which-2.21"
      },
      "system": "aarch64-darwin",
      "group": "toplevel",
      "priority": 5
    },
    {
      "attr_path": "which",
      "broken": false,
      "derivation": "/nix/store/xmm7vbc8l0wk8k2ibysj89bdkzanwiyg-which-2.21.drv",
      "description": "Shows the full path of (shell) commands",
      "install_id": "which",
      "license": "GPL-3.0-or-later",
      "locked_url": "https://github.com/flox/nixpkgs?rev=73cf49b8ad837ade2de76f87eb53fc85ed5d4680",
      "name": "which-2.21",
      "pname": "which",
      "rev": "73cf49b8ad837ade2de76f87eb53fc85ed5d4680",
      "rev_count": 755230,
      "rev_date": "2025-02-18T08:17:47Z",
      "scrape_date": "2025-02-20T02:25:42Z",
      "stabilities": [
        "staging",
        "unstable"
      ],
      "unfree": false,
      "version": "2.21",
      "outputs_to_install": [
        "out"
      ],
      "outputs": {
        "out": "/nix/store/96p5fxmlqvihdcmcrl8qq1qzlnjb5id1-which-2.21"
      },
      "system": "aarch64-linux",
      "group": "toplevel",
      "priority": 5
    },
    {
      "attr_path": "which",
      "broken": false,
      "derivation": "/nix/store/86jvrw247f8c45bmxxfncngjp934mi8r-which-2.21.drv",
      "description": "Shows the full path of (shell) commands",
      "install_id": "which",
      "license": "GPL-3.0-or-later",
      "locked_url": "https://github.com/flox/nixpkgs?rev=73cf49b8ad837ade2de76f87eb53fc85ed5d4680",
      "name": "which-2.21",
      "pname": "which",
      "rev": "73cf49b8ad837ade2de76f87eb53fc85ed5d4680",
      "rev_count": 755230,
      "rev_date": "2025-02-18T08:17:47Z",
      "scrape_date": "2025-02-20T02:25:42Z",
      "stabilities": [
        "staging",
        "unstable"
      ],
      "unfree": false,
      "version": "2.21",
      "outputs_to_install": [
        "out"
      ],
      "outputs": {
        "out": "/nix/store/pyz0643263cqxq77sm2p291r28lrfb61-which-2.21"
      },
      "system": "x86_64-darwin",
      "group": "toplevel",
      "priority": 5
    },
    {
      "attr_path": "which",
      "broken": false,
      "derivation": "/nix/store/ap0fr2xw7iws9pq6bbr8hfd24f7b062l-which-2.21.drv",
      "description": "Shows the full path of (shell) commands",
      "install_id": "which",
      "license": "GPL-3.0-or-later",
      "locked_url": "https://github.com/flox/nixpkgs?rev=73cf49b8ad837ade2de76f87eb53fc85ed5d4680",
      "name": "which-2.21",
      "pname": "which",
      "rev": "73cf49b8ad837ade2de76f87eb53fc85ed5d4680",
      "rev_count": 755230,
      "rev_date": "2025-02-18T08:17:47Z",
      "scrape_date": "2025-02-20T02:25:42Z",
      "stabilities": [
        "staging",
        "unstable"
      ],
      "unfree": false,
      "version": "2.21",
      "outputs_to_install": [
        "out"
      ],
      "outputs": {
        "out": "/nix/store/f9qijkp80215dih25df0az32ii31vg27-which-2.21"
      },
      "system": "x86_64-linux",
      "group": "toplevel",
      "priority": 5
    }
  ]
}