{
  "lockfile-version": 1,
  "manifest": {
    "version": 1,
    "install": {
      "sharing": {
        "pkg-path": "sharing"
      }
    },
    "hook": {
      "on-activate": "echo 'To share a directory, type: sharing [dir]'"
    },
    "options": {
      "systems": [
        "aarch64-darwin",
        "aarch64-linux",
        "x86_64-darwin",
        "x86_64-linux"
      ],
      "cuda-detection": false
    }
  },
  "packages": [
    {
      "attr_path": "sharing",
      "broken": false,
      "derivation": "/nix/store/cdcg9758xn8g73z8mb0r87va8m66i8fs-sharing-1.2.2.drv",
      "description": "Command-line tool to share directories and files to mobile devices",
      "install_id": "sharing",
      "license": "MIT",
      "locked_url": "https://github.com/flox/nixpkgs?rev=3e2499d5539c16d0d173ba53552a4ff8547f4539",
      "name": "sharing-1.2.2",
      "pname": "sharing",
      "rev": "3e2499d5539c16d0d173ba53552a4ff8547f4539",
      "rev_count": 916364,
      "rev_date": "2025-12-25T08:32:45Z",
      "scrape_date": "2025-12-26T03:04:17.943239Z",
      "stabilities": [
        "staging",
        "unstable"
      ],
      "unfree": false,
      "version": "1.2.2",
      "outputs_to_install": [
        "out"
      ],
      "outputs": {
        "out": "/nix/store/56w287vdlrxa6xvr4b57wn80m44yy18s-sharing-1.2.2"
      },
      "system": "aarch64-darwin",
      "group": "toplevel",
      "priority": 5
    },
    {
      "attr_path": "sharing",
      "broken": false,
      "derivation": "/nix/store/siah3f6li0ms8f124npbg8hrb6s7q92l-sharing-1.2.2.drv",
      "description": "Command-line tool to share directories and files to mobile devices",
      "install_id": "sharing",
      "license": "MIT",
      "locked_url": "https://github.com/flox/nixpkgs?rev=3e2499d5539c16d0d173ba53552a4ff8547f4539",
      "name": "sharing-1.2.2",
      "pname": "sharing",
      "rev": "3e2499d5539c16d0d173ba53552a4ff8547f4539",
      "rev_count": 916364,
      "rev_date": "2025-12-25T08:32:45Z",
      "scrape_date": "2025-12-26T03:21:06.412888Z",
      "stabilities": [
        "staging",
        "unstable"
      ],
      "unfree": false,
      "version": "1.2.2",
      "outputs_to_install": [
        "out"
      ],
      "outputs": {
        "out": "/nix/store/4qcj1jr87bh9p7l5dba6q9hix39q9f8i-sharing-1.2.2"
      },
      "system": "aarch64-linux",
      "group": "toplevel",
      "priority": 5
    },
    {
      "attr_path": "sharing",
      "broken": false,
      "derivation": "/nix/store/dky4li0gp953nfplsnwvl6fya2x4w5hf-sharing-1.2.2.drv",
      "description": "Command-line tool to share directories and files to mobile devices",
      "install_id": "sharing",
      "license": "MIT",
      "locked_url": "https://github.com/flox/nixpkgs?rev=3e2499d5539c16d0d173ba53552a4ff8547f4539",
      "name": "sharing-1.2.2",
      "pname": "sharing",
      "rev": "3e2499d5539c16d0d173ba53552a4ff8547f4539",
      "rev_count": 916364,
      "rev_date": "2025-12-25T08:32:45Z",
      "scrape_date": "2025-12-26T03:36:36.572743Z",
      "stabilities": [
        "staging",
        "unstable"
      ],
      "unfree": false,
      "version": "1.2.2",
      "outputs_to_install": [
        "out"
      ],
      "outputs": {
        "out": "/nix/store/6k3phn4hjz2p0iqn4pzbafj647g7z7aa-sharing-1.2.2"
      },
      "system": "x86_64-darwin",
      "group": "toplevel",
      "priority": 5
    },
    {
      "attr_path": "sharing",
      "broken": false,
      "derivation": "/nix/store/xk17mhh4cdpy701r99rn302is9yrawik-sharing-1.2.2.drv",
      "description": "Command-line tool to share directories and files to mobile devices",
      "install_id": "sharing",
      "license": "MIT",
      "locked_url": "https://github.com/flox/nixpkgs?rev=3e2499d5539c16d0d173ba53552a4ff8547f4539",
      "name": "sharing-1.2.2",
      "pname": "sharing",
      "rev": "3e2499d5539c16d0d173ba53552a4ff8547f4539",
      "rev_count": 916364,
      "rev_date": "2025-12-25T08:32:45Z",
      "scrape_date": "2025-12-26T03:53:29.287747Z",
      "stabilities": [
        "staging",
        "unstable"
      ],
      "unfree": false,
      "version": "1.2.2",
      "outputs_to_install": [
        "out"
      ],
      "outputs": {
        "out": "/nix/store/5d6xhgxrrfwlrj0adjzb5q509jpap9kp-sharing-1.2.2"
      },
      "system": "x86_64-linux",
      "group": "toplevel",
      "priority": 5
    }
  ]
}
