{
  "lockfile-version": 1,
  "manifest": {
    "schema-version": "1.10.0",
    "install": {
      "bazel": {
        "pkg-path": "flox/bazel",
        "pkg-group": "bazel",
        "systems": [
          "aarch64-darwin",
          "x86_64-darwin"
        ]
      },
      "bazel_catalog": {
        "pkg-path": "bazel_9",
        "pkg-group": "bazel",
        "systems": [
          "aarch64-linux",
          "x86_64-linux"
        ]
      },
      "gcc": {
        "pkg-path": "gcc",
        "pkg-group": "bazel-toolchain",
        "systems": [
          "aarch64-linux",
          "x86_64-linux"
        ]
      },
      "gum": {
        "pkg-path": "gum"
      }
    },
    "hook": {
      "on-activate": "export BAZEL_CACHE_DIR=\"$FLOX_ENV_CACHE/bazel\"\nmkdir -p \"$BAZEL_CACHE_DIR\"\n\nif [[ \"${FLOX_ENVS_TESTING:-}\" != \"1\" ]]; then\n  gum style --border double --margin '1 2' \\\n    --padding '1 4' \\\n    'Bazel development environment' '' \\\n    'Try the sample build:' \\\n    '  flox build hello' \\\n    '  ./result-hello/bin/hello'\nfi\n"
    },
    "options": {},
    "build": {
      "hello": {
        "command": "set -eo pipefail\n\nbazel build //:hello\n\nmkdir -p \"$out/bin\"\ncp -L bazel-bin/hello_/hello \"$out/bin/hello\"\nchmod +x \"$out/bin/hello\"\n",
        "version": "0.0.1",
        "description": "Sample Go binary built with Bazel + rules_go"
      }
    }
  },
  "packages": [
    {
      "attr_path": "bazel",
      "broken": false,
      "derivation": "/nix/store/q1xw1pl1dgv2jmdk5zrs2mkjxbphbifq-bazel-9.1.0.drv",
      "description": "Prebuilt Bazel 9.1.0 from bazel.build",
      "install_id": "bazel",
      "license": "Apache-2.0",
      "locked_url": "https://github.com/flox/floxenvs?rev=ec0dd4c37eabe9042c0d7dccbe550d407b51a28b",
      "name": "bazel-9.1.0",
      "pname": "bazel",
      "rev": "ec0dd4c37eabe9042c0d7dccbe550d407b51a28b",
      "rev_count": 3677,
      "rev_date": "2026-05-20T12:30:23Z",
      "scrape_date": "2026-06-01T01:43:35.781792782Z",
      "stabilities": [
        "staging",
        "unstable"
      ],
      "unfree": false,
      "version": "9.1.0",
      "outputs_to_install": [
        "out"
      ],
      "outputs": {
        "out": "/nix/store/nz5plwc1r4l35qc6df7hhjgj0x1y83yd-bazel-9.1.0"
      },
      "system": "aarch64-darwin",
      "group": "bazel",
      "priority": 5
    },
    {
      "attr_path": "bazel",
      "broken": false,
      "derivation": "/nix/store/5522ddsykpkc0byn33s6g5nbyxi06anz-bazel-9.1.0.drv",
      "description": "Prebuilt Bazel 9.1.0 from bazel.build",
      "install_id": "bazel",
      "license": "Apache-2.0",
      "locked_url": "https://github.com/flox/floxenvs?rev=ec0dd4c37eabe9042c0d7dccbe550d407b51a28b",
      "name": "bazel-9.1.0",
      "pname": "bazel",
      "rev": "ec0dd4c37eabe9042c0d7dccbe550d407b51a28b",
      "rev_count": 3677,
      "rev_date": "2026-05-20T12:30:23Z",
      "scrape_date": "2026-06-01T01:43:35.781796578Z",
      "stabilities": [
        "staging",
        "unstable"
      ],
      "unfree": false,
      "version": "9.1.0",
      "outputs_to_install": [
        "out"
      ],
      "outputs": {
        "out": "/nix/store/zagkhri91p35dpa3xym9877a555p48sk-bazel-9.1.0"
      },
      "system": "x86_64-darwin",
      "group": "bazel",
      "priority": 5
    },
    {
      "attr_path": "bazel_9",
      "broken": false,
      "derivation": "/nix/store/6285qg5gln752xiz4bmf3xb102f2l63d-bazel-9.1.0.drv",
      "description": "Build tool that builds code quickly and reliably",
      "install_id": "bazel_catalog",
      "license": "Apache-2.0",
      "locked_url": "https://github.com/flox/nixpkgs?rev=d233902339c02a9c334e7e593de68855ad26c4cb",
      "name": "bazel-9.1.0",
      "pname": "bazel_9",
      "rev": "d233902339c02a9c334e7e593de68855ad26c4cb",
      "rev_count": 998534,
      "rev_date": "2026-05-15T18:21:44Z",
      "scrape_date": "2026-05-17T07:33:28.893337Z",
      "stabilities": [
        "staging",
        "unstable"
      ],
      "unfree": false,
      "version": "9.1.0",
      "outputs_to_install": [
        "out"
      ],
      "outputs": {
        "out": "/nix/store/yij9l54n5rhsb71cj26481dbcsjvk47g-bazel-9.1.0"
      },
      "system": "aarch64-linux",
      "group": "bazel",
      "priority": 5
    },
    {
      "attr_path": "bazel_9",
      "broken": false,
      "derivation": "/nix/store/lmflc6rvyglqgmj3irc3rgg3jnbdiz3p-bazel-9.1.0.drv",
      "description": "Build tool that builds code quickly and reliably",
      "install_id": "bazel_catalog",
      "license": "Apache-2.0",
      "locked_url": "https://github.com/flox/nixpkgs?rev=d233902339c02a9c334e7e593de68855ad26c4cb",
      "name": "bazel-9.1.0",
      "pname": "bazel_9",
      "rev": "d233902339c02a9c334e7e593de68855ad26c4cb",
      "rev_count": 998534,
      "rev_date": "2026-05-15T18:21:44Z",
      "scrape_date": "2026-05-17T08:32:09.073979Z",
      "stabilities": [
        "staging",
        "unstable"
      ],
      "unfree": false,
      "version": "9.1.0",
      "outputs_to_install": [
        "out"
      ],
      "outputs": {
        "out": "/nix/store/jlaafw1zy3bfc1f7qibyfmsq0szs1b68-bazel-9.1.0"
      },
      "system": "x86_64-linux",
      "group": "bazel",
      "priority": 5
    },
    {
      "attr_path": "gcc",
      "broken": false,
      "derivation": "/nix/store/s98j0lrk70winmakb0slz06lm6g9jkpj-gcc-wrapper-15.2.0.drv",
      "description": "GNU Compiler Collection, version 15.2.0 (wrapper script)",
      "install_id": "gcc",
      "license": "GPL-3.0-or-later",
      "locked_url": "https://github.com/flox/nixpkgs?rev=64c08a7ca051951c8eae34e3e3cb1e202fe36786",
      "name": "gcc-wrapper-15.2.0",
      "pname": "gcc",
      "rev": "64c08a7ca051951c8eae34e3e3cb1e202fe36786",
      "rev_count": 1004030,
      "rev_date": "2026-05-23T18:24:25Z",
      "scrape_date": "2026-05-26T07:34:27.444270Z",
      "stabilities": [
        "staging",
        "unstable"
      ],
      "unfree": false,
      "version": "15.2.0",
      "outputs_to_install": [
        "man",
        "out",
        "out"
      ],
      "outputs": {
        "info": "/nix/store/y01as0p9m8ksp0gw07fkcfyc7ys5j515-gcc-wrapper-15.2.0-info",
        "man": "/nix/store/ix6iqra08cyg0x3lcd671cimz2kk5bdk-gcc-wrapper-15.2.0-man",
        "out": "/nix/store/vsj0kl98ggilv1nq2gvxwrk12w2lgvjy-gcc-wrapper-15.2.0"
      },
      "system": "aarch64-linux",
      "group": "bazel-toolchain",
      "priority": 5
    },
    {
      "attr_path": "gcc",
      "broken": false,
      "derivation": "/nix/store/y7wnv3kycy9gpxzwmny1sppi7il9i31a-gcc-wrapper-15.2.0.drv",
      "description": "GNU Compiler Collection, version 15.2.0 (wrapper script)",
      "install_id": "gcc",
      "license": "GPL-3.0-or-later",
      "locked_url": "https://github.com/flox/nixpkgs?rev=64c08a7ca051951c8eae34e3e3cb1e202fe36786",
      "name": "gcc-wrapper-15.2.0",
      "pname": "gcc",
      "rev": "64c08a7ca051951c8eae34e3e3cb1e202fe36786",
      "rev_count": 1004030,
      "rev_date": "2026-05-23T18:24:25Z",
      "scrape_date": "2026-05-26T08:32:52.649940Z",
      "stabilities": [
        "staging",
        "unstable"
      ],
      "unfree": false,
      "version": "15.2.0",
      "outputs_to_install": [
        "man",
        "out",
        "out"
      ],
      "outputs": {
        "info": "/nix/store/5b0hplrl0n9g159mcis4jca1fjd4822a-gcc-wrapper-15.2.0-info",
        "man": "/nix/store/r35yg8h1w630r3lmnyglwhv5nvk284mx-gcc-wrapper-15.2.0-man",
        "out": "/nix/store/788mx070y81zjlg5ipcl0cra3afviw9k-gcc-wrapper-15.2.0"
      },
      "system": "x86_64-linux",
      "group": "bazel-toolchain",
      "priority": 5
    },
    {
      "attr_path": "gum",
      "broken": false,
      "derivation": "/nix/store/j8ybq6l473j7zinlzgivynnqb9zvl76a-gum-0.17.0.drv",
      "description": "Tasty Bubble Gum for your shell",
      "install_id": "gum",
      "license": "MIT",
      "locked_url": "https://github.com/flox/nixpkgs?rev=64c08a7ca051951c8eae34e3e3cb1e202fe36786",
      "name": "gum-0.17.0",
      "pname": "gum",
      "rev": "64c08a7ca051951c8eae34e3e3cb1e202fe36786",
      "rev_count": 1004030,
      "rev_date": "2026-05-23T18:24:25Z",
      "scrape_date": "2026-05-26T07:06:04.219243Z",
      "stabilities": [
        "staging",
        "unstable"
      ],
      "unfree": false,
      "version": "0.17.0",
      "outputs_to_install": [
        "out"
      ],
      "outputs": {
        "out": "/nix/store/6jb5frkadampkcmbjynch118cc4smzfj-gum-0.17.0"
      },
      "system": "aarch64-darwin",
      "group": "toplevel",
      "priority": 5
    },
    {
      "attr_path": "gum",
      "broken": false,
      "derivation": "/nix/store/3rhl22hpsgrv3p835m8kkmkli1v1swnq-gum-0.17.0.drv",
      "description": "Tasty Bubble Gum for your shell",
      "install_id": "gum",
      "license": "MIT",
      "locked_url": "https://github.com/flox/nixpkgs?rev=64c08a7ca051951c8eae34e3e3cb1e202fe36786",
      "name": "gum-0.17.0",
      "pname": "gum",
      "rev": "64c08a7ca051951c8eae34e3e3cb1e202fe36786",
      "rev_count": 1004030,
      "rev_date": "2026-05-23T18:24:25Z",
      "scrape_date": "2026-05-26T07:34:28.702751Z",
      "stabilities": [
        "staging",
        "unstable"
      ],
      "unfree": false,
      "version": "0.17.0",
      "outputs_to_install": [
        "out"
      ],
      "outputs": {
        "out": "/nix/store/8p8fi8pl4lb776q2gnby3rd3mcbj5grh-gum-0.17.0"
      },
      "system": "aarch64-linux",
      "group": "toplevel",
      "priority": 5
    },
    {
      "attr_path": "gum",
      "broken": false,
      "derivation": "/nix/store/fsckd3j5yiaw4wrcq7li62pf6c73ljvw-gum-0.17.0.drv",
      "description": "Tasty Bubble Gum for your shell",
      "install_id": "gum",
      "license": "MIT",
      "locked_url": "https://github.com/flox/nixpkgs?rev=64c08a7ca051951c8eae34e3e3cb1e202fe36786",
      "name": "gum-0.17.0",
      "pname": "gum",
      "rev": "64c08a7ca051951c8eae34e3e3cb1e202fe36786",
      "rev_count": 1004030,
      "rev_date": "2026-05-23T18:24:25Z",
      "scrape_date": "2026-05-26T08:02:13.425386Z",
      "stabilities": [
        "staging",
        "unstable"
      ],
      "unfree": false,
      "version": "0.17.0",
      "outputs_to_install": [
        "out"
      ],
      "outputs": {
        "out": "/nix/store/n20dhdnibsqb890jvwhyw4xd3qqkazly-gum-0.17.0"
      },
      "system": "x86_64-darwin",
      "group": "toplevel",
      "priority": 5
    },
    {
      "attr_path": "gum",
      "broken": false,
      "derivation": "/nix/store/b84rjgg7a2yk5hjvrml660hrir7xd3nx-gum-0.17.0.drv",
      "description": "Tasty Bubble Gum for your shell",
      "install_id": "gum",
      "license": "MIT",
      "locked_url": "https://github.com/flox/nixpkgs?rev=64c08a7ca051951c8eae34e3e3cb1e202fe36786",
      "name": "gum-0.17.0",
      "pname": "gum",
      "rev": "64c08a7ca051951c8eae34e3e3cb1e202fe36786",
      "rev_count": 1004030,
      "rev_date": "2026-05-23T18:24:25Z",
      "scrape_date": "2026-05-26T08:32:53.979932Z",
      "stabilities": [
        "staging",
        "unstable"
      ],
      "unfree": false,
      "version": "0.17.0",
      "outputs_to_install": [
        "out"
      ],
      "outputs": {
        "out": "/nix/store/2ii7sbkq44zrkv4iv6g7bqi47m4ch28b-gum-0.17.0"
      },
      "system": "x86_64-linux",
      "group": "toplevel",
      "priority": 5
    }
  ],
  "compose": {
    "composer": {
      "schema-version": "1.10.0",
      "install": {
        "gum": {
          "pkg-path": "gum"
        }
      },
      "hook": {
        "on-activate": "if [[ \"${FLOX_ENVS_TESTING:-}\" != \"1\" ]]; then\n  gum style --border double --margin '1 2' \\\n    --padding '1 4' \\\n    'Bazel development environment' '' \\\n    'Try the sample build:' \\\n    '  flox build hello' \\\n    '  ./result-hello/bin/hello'\nfi\n"
      },
      "options": {},
      "build": {
        "hello": {
          "command": "set -eo pipefail\n\nbazel build //:hello\n\nmkdir -p \"$out/bin\"\ncp -L bazel-bin/hello_/hello \"$out/bin/hello\"\nchmod +x \"$out/bin/hello\"\n",
          "version": "0.0.1",
          "description": "Sample Go binary built with Bazel + rules_go"
        }
      },
      "include": {
        "environments": [
          {
            "dir": "../bazel"
          }
        ]
      }
    },
    "include": [
      {
        "manifest": {
          "schema-version": "1.10.0",
          "install": {
            "bazel": {
              "pkg-path": "flox/bazel",
              "pkg-group": "bazel",
              "systems": [
                "aarch64-darwin",
                "x86_64-darwin"
              ]
            },
            "bazel_catalog": {
              "pkg-path": "bazel_9",
              "pkg-group": "bazel",
              "systems": [
                "aarch64-linux",
                "x86_64-linux"
              ]
            },
            "gcc": {
              "pkg-path": "gcc",
              "pkg-group": "bazel-toolchain",
              "systems": [
                "aarch64-linux",
                "x86_64-linux"
              ]
            }
          },
          "hook": {
            "on-activate": "export BAZEL_CACHE_DIR=\"$FLOX_ENV_CACHE/bazel\"\nmkdir -p \"$BAZEL_CACHE_DIR\"\n"
          },
          "options": {}
        },
        "name": "bazel",
        "descriptor": {
          "dir": "../bazel"
        }
      }
    ],
    "warnings": []
  }
}
