{
  "lockfile-version": 1,
  "manifest": {
    "schema-version": "1.10.0",
    "install": {
      "firecrawl-cli": {
        "pkg-path": "flox/firecrawl-cli",
        "pkg-group": "firecrawl"
      },
      "flox-ai": {
        "pkg-path": "flox/flox-ai",
        "pkg-group": "flox-ai"
      },
      "skills-firecrawl-cli": {
        "pkg-path": "flox/skills-firecrawl-cli",
        "pkg-group": "firecrawl"
      }
    },
    "vars": {
      "FIRECRAWL_API_KEY": ""
    },
    "hook": {
      "on-activate": "dir=\"$FLOX_ENV_CACHE/firecrawl\"\nmkdir -p \"$dir\"\nexport FIRECRAWL_DATA_DIR=\"$dir\"\n\n# Persist the key across activations: if it isn't set in the\n# environment but was saved to the cache before, load it back.\nkey_file=\"$dir/api-key\"\nif [ -z \"${FIRECRAWL_API_KEY:-}\" ] && [ -f \"$key_file\" ]; then\n  FIRECRAWL_API_KEY=\"$(cat \"$key_file\")\"\n  export FIRECRAWL_API_KEY\nfi\n"
    },
    "options": {}
  },
  "packages": [
    {
      "attr_path": "firecrawl-cli",
      "broken": false,
      "derivation": "/nix/store/4izkc8ygqdkr8zflyhq2xljcidf9qnlk-firecrawl-cli-1.19.27.drv",
      "description": "Official Firecrawl CLI — scrape, crawl, search, and extract data from any website directly from the terminal.",
      "install_id": "firecrawl-cli",
      "license": "ISC",
      "locked_url": "https://github.com/flox/floxenvs?rev=f2d06bfc149c5531bc481755a13c04f8819cc214",
      "name": "firecrawl-cli-1.19.27",
      "pname": "firecrawl-cli",
      "rev": "f2d06bfc149c5531bc481755a13c04f8819cc214",
      "rev_count": 15152,
      "rev_date": "2026-07-20T20:00:23Z",
      "scrape_date": "2026-07-27T01:29:27.691921574Z",
      "stabilities": [
        "stable",
        "staging",
        "unstable"
      ],
      "unfree": false,
      "version": "1.19.27",
      "outputs_to_install": [
        "out"
      ],
      "outputs": {
        "out": "/nix/store/9klrv2xpaswyv2mpihdibb9hz92y5mbx-firecrawl-cli-1.19.27"
      },
      "system": "aarch64-darwin",
      "group": "firecrawl",
      "priority": 5
    },
    {
      "attr_path": "firecrawl-cli",
      "broken": false,
      "derivation": "/nix/store/gyy14rfrylkiklax4qpdd0m033qa5blx-firecrawl-cli-1.19.27.drv",
      "description": "Official Firecrawl CLI — scrape, crawl, search, and extract data from any website directly from the terminal.",
      "install_id": "firecrawl-cli",
      "license": "ISC",
      "locked_url": "https://github.com/flox/floxenvs?rev=f2d06bfc149c5531bc481755a13c04f8819cc214",
      "name": "firecrawl-cli-1.19.27",
      "pname": "firecrawl-cli",
      "rev": "f2d06bfc149c5531bc481755a13c04f8819cc214",
      "rev_count": 15152,
      "rev_date": "2026-07-20T20:00:23Z",
      "scrape_date": "2026-07-27T01:29:27.691930270Z",
      "stabilities": [
        "stable",
        "staging",
        "unstable"
      ],
      "unfree": false,
      "version": "1.19.27",
      "outputs_to_install": [
        "out"
      ],
      "outputs": {
        "out": "/nix/store/zqm68j3lwvdrrijn0jivpyf6bpsg7zai-firecrawl-cli-1.19.27"
      },
      "system": "aarch64-linux",
      "group": "firecrawl",
      "priority": 5
    },
    {
      "attr_path": "firecrawl-cli",
      "broken": false,
      "derivation": "/nix/store/yl58gjnpzac2i6n5j82qzb888iiraxg7-firecrawl-cli-1.19.27.drv",
      "description": "Official Firecrawl CLI — scrape, crawl, search, and extract data from any website directly from the terminal.",
      "install_id": "firecrawl-cli",
      "license": "ISC",
      "locked_url": "https://github.com/flox/floxenvs?rev=f2d06bfc149c5531bc481755a13c04f8819cc214",
      "name": "firecrawl-cli-1.19.27",
      "pname": "firecrawl-cli",
      "rev": "f2d06bfc149c5531bc481755a13c04f8819cc214",
      "rev_count": 15152,
      "rev_date": "2026-07-20T20:00:23Z",
      "scrape_date": "2026-07-27T01:29:27.691931893Z",
      "stabilities": [
        "stable",
        "staging",
        "unstable"
      ],
      "unfree": false,
      "version": "1.19.27",
      "outputs_to_install": [
        "out"
      ],
      "outputs": {
        "out": "/nix/store/kh2b3ycvbh1f5miq9iih5x67iryfsw0z-firecrawl-cli-1.19.27"
      },
      "system": "x86_64-darwin",
      "group": "firecrawl",
      "priority": 5
    },
    {
      "attr_path": "firecrawl-cli",
      "broken": false,
      "derivation": "/nix/store/29892kfdyxqz5kha4y7n8cvnf3dzrhm7-firecrawl-cli-1.19.27.drv",
      "description": "Official Firecrawl CLI — scrape, crawl, search, and extract data from any website directly from the terminal.",
      "install_id": "firecrawl-cli",
      "license": "ISC",
      "locked_url": "https://github.com/flox/floxenvs?rev=f2d06bfc149c5531bc481755a13c04f8819cc214",
      "name": "firecrawl-cli-1.19.27",
      "pname": "firecrawl-cli",
      "rev": "f2d06bfc149c5531bc481755a13c04f8819cc214",
      "rev_count": 15152,
      "rev_date": "2026-07-20T20:00:23Z",
      "scrape_date": "2026-07-27T01:29:27.691933216Z",
      "stabilities": [
        "stable",
        "staging",
        "unstable"
      ],
      "unfree": false,
      "version": "1.19.27",
      "outputs_to_install": [
        "out"
      ],
      "outputs": {
        "out": "/nix/store/3928rm0554x54hz7wjjs5iqmniyma8df-firecrawl-cli-1.19.27"
      },
      "system": "x86_64-linux",
      "group": "firecrawl",
      "priority": 5
    },
    {
      "attr_path": "skills-firecrawl-cli",
      "broken": false,
      "derivation": "/nix/store/y93gslrxpcf0v5ifi0dm6xdiqbw6d480-skills-firecrawl-cli-0+unstable-2026-07-25.1c91d7c.drv",
      "description": "Firecrawl CLI skill bundle for Claude Code and OpenCode — search, scrape, crawl, and interact with the web by driving firecrawl-cli from an agent.",
      "install_id": "skills-firecrawl-cli",
      "license": "ISC",
      "locked_url": "https://github.com/flox/floxenvs?rev=84f098f980b9f5a1815ecb017965fcfd10be6397",
      "name": "skills-firecrawl-cli-0+unstable-2026-07-25.1c91d7c",
      "pname": "skills-firecrawl-cli",
      "rev": "84f098f980b9f5a1815ecb017965fcfd10be6397",
      "rev_count": 16155,
      "rev_date": "2026-07-25T14:00:44Z",
      "scrape_date": "2026-07-27T01:29:27.691934869Z",
      "stabilities": [
        "stable",
        "staging",
        "unstable"
      ],
      "unfree": false,
      "version": "0+unstable-2026-07-25.1c91d7c",
      "outputs_to_install": [
        "out"
      ],
      "outputs": {
        "out": "/nix/store/zk1pzmidjxzgdji72rdlvfhfcrpjcs0m-skills-firecrawl-cli-0+unstable-2026-07-25.1c91d7c"
      },
      "system": "aarch64-darwin",
      "group": "firecrawl",
      "priority": 5
    },
    {
      "attr_path": "skills-firecrawl-cli",
      "broken": false,
      "derivation": "/nix/store/kn5m05qnsa5yvni9ayfjg7p4w18vhp0p-skills-firecrawl-cli-0+unstable-2026-07-25.1c91d7c.drv",
      "description": "Firecrawl CLI skill bundle for Claude Code and OpenCode — search, scrape, crawl, and interact with the web by driving firecrawl-cli from an agent.",
      "install_id": "skills-firecrawl-cli",
      "license": "ISC",
      "locked_url": "https://github.com/flox/floxenvs?rev=84f098f980b9f5a1815ecb017965fcfd10be6397",
      "name": "skills-firecrawl-cli-0+unstable-2026-07-25.1c91d7c",
      "pname": "skills-firecrawl-cli",
      "rev": "84f098f980b9f5a1815ecb017965fcfd10be6397",
      "rev_count": 16155,
      "rev_date": "2026-07-25T14:00:44Z",
      "scrape_date": "2026-07-27T01:29:27.691937483Z",
      "stabilities": [
        "stable",
        "staging",
        "unstable"
      ],
      "unfree": false,
      "version": "0+unstable-2026-07-25.1c91d7c",
      "outputs_to_install": [
        "out"
      ],
      "outputs": {
        "out": "/nix/store/41d303q18ihqkwh09rd7rwk5am99xzlh-skills-firecrawl-cli-0+unstable-2026-07-25.1c91d7c"
      },
      "system": "aarch64-linux",
      "group": "firecrawl",
      "priority": 5
    },
    {
      "attr_path": "skills-firecrawl-cli",
      "broken": false,
      "derivation": "/nix/store/7fks3r32nvhn4219s8z8nkh8qh2jdyvr-skills-firecrawl-cli-0+unstable-2026-07-25.1c91d7c.drv",
      "description": "Firecrawl CLI skill bundle for Claude Code and OpenCode — search, scrape, crawl, and interact with the web by driving firecrawl-cli from an agent.",
      "install_id": "skills-firecrawl-cli",
      "license": "ISC",
      "locked_url": "https://github.com/flox/floxenvs?rev=84f098f980b9f5a1815ecb017965fcfd10be6397",
      "name": "skills-firecrawl-cli-0+unstable-2026-07-25.1c91d7c",
      "pname": "skills-firecrawl-cli",
      "rev": "84f098f980b9f5a1815ecb017965fcfd10be6397",
      "rev_count": 16155,
      "rev_date": "2026-07-25T14:00:44Z",
      "scrape_date": "2026-07-27T01:29:27.691938786Z",
      "stabilities": [
        "stable",
        "staging",
        "unstable"
      ],
      "unfree": false,
      "version": "0+unstable-2026-07-25.1c91d7c",
      "outputs_to_install": [
        "out"
      ],
      "outputs": {
        "out": "/nix/store/qz0kwmgr9in98jylf70rywjvj89wzc0a-skills-firecrawl-cli-0+unstable-2026-07-25.1c91d7c"
      },
      "system": "x86_64-darwin",
      "group": "firecrawl",
      "priority": 5
    },
    {
      "attr_path": "skills-firecrawl-cli",
      "broken": false,
      "derivation": "/nix/store/y5mjjc0nv32ixqagc0cbawy7hli19b1f-skills-firecrawl-cli-0+unstable-2026-07-25.1c91d7c.drv",
      "description": "Firecrawl CLI skill bundle for Claude Code and OpenCode — search, scrape, crawl, and interact with the web by driving firecrawl-cli from an agent.",
      "install_id": "skills-firecrawl-cli",
      "license": "ISC",
      "locked_url": "https://github.com/flox/floxenvs?rev=84f098f980b9f5a1815ecb017965fcfd10be6397",
      "name": "skills-firecrawl-cli-0+unstable-2026-07-25.1c91d7c",
      "pname": "skills-firecrawl-cli",
      "rev": "84f098f980b9f5a1815ecb017965fcfd10be6397",
      "rev_count": 16155,
      "rev_date": "2026-07-25T14:00:44Z",
      "scrape_date": "2026-07-27T01:29:27.691940048Z",
      "stabilities": [
        "stable",
        "staging",
        "unstable"
      ],
      "unfree": false,
      "version": "0+unstable-2026-07-25.1c91d7c",
      "outputs_to_install": [
        "out"
      ],
      "outputs": {
        "out": "/nix/store/mg040r8dz7npc0r9sfhs0529kka5nvdw-skills-firecrawl-cli-0+unstable-2026-07-25.1c91d7c"
      },
      "system": "x86_64-linux",
      "group": "firecrawl",
      "priority": 5
    },
    {
      "attr_path": "flox-ai",
      "broken": false,
      "derivation": "/nix/store/57jfyz6s1dig32zmb9ik9ih8kqkvv7dd-flox-ai-0.8.0.drv",
      "description": "Flox-native config management for Claude Code CLI",
      "install_id": "flox-ai",
      "license": "MIT",
      "locked_url": "https://github.com/flox/flox-ai?rev=287455649209a0ca582541c885313f8609847907",
      "name": "flox-ai-0.8.0",
      "pname": "flox-ai",
      "rev": "287455649209a0ca582541c885313f8609847907",
      "rev_count": 79,
      "rev_date": "2026-07-21T21:53:51Z",
      "scrape_date": "2026-07-27T01:29:27.691951830Z",
      "stabilities": [
        "staging",
        "unstable"
      ],
      "unfree": false,
      "version": "0.8.0",
      "outputs_to_install": [
        "out"
      ],
      "outputs": {
        "out": "/nix/store/crwyb5188yw5lv4znqprzbiqg5vy4ibd-flox-ai-0.8.0"
      },
      "system": "aarch64-darwin",
      "group": "flox-ai",
      "priority": 5
    },
    {
      "attr_path": "flox-ai",
      "broken": false,
      "derivation": "/nix/store/1clj1qp1zchjr18xqd6h5qy4krnbfp7x-flox-ai-0.8.0.drv",
      "description": "Flox-native config management for Claude Code CLI",
      "install_id": "flox-ai",
      "license": "MIT",
      "locked_url": "https://github.com/flox/flox-ai?rev=287455649209a0ca582541c885313f8609847907",
      "name": "flox-ai-0.8.0",
      "pname": "flox-ai",
      "rev": "287455649209a0ca582541c885313f8609847907",
      "rev_count": 79,
      "rev_date": "2026-07-21T21:53:51Z",
      "scrape_date": "2026-07-27T01:29:27.691956349Z",
      "stabilities": [
        "staging",
        "unstable"
      ],
      "unfree": false,
      "version": "0.8.0",
      "outputs_to_install": [
        "out"
      ],
      "outputs": {
        "out": "/nix/store/4zf5cxf627sbr8syddjx7j5pmk4321ri-flox-ai-0.8.0"
      },
      "system": "aarch64-linux",
      "group": "flox-ai",
      "priority": 5
    },
    {
      "attr_path": "flox-ai",
      "broken": false,
      "derivation": "/nix/store/x67927620yafssr4pmkjws7dv6v132d3-flox-ai-0.8.0.drv",
      "description": "Flox-native config management for Claude Code CLI",
      "install_id": "flox-ai",
      "license": "MIT",
      "locked_url": "https://github.com/flox/flox-ai?rev=287455649209a0ca582541c885313f8609847907",
      "name": "flox-ai-0.8.0",
      "pname": "flox-ai",
      "rev": "287455649209a0ca582541c885313f8609847907",
      "rev_count": 79,
      "rev_date": "2026-07-21T21:53:51Z",
      "scrape_date": "2026-07-27T01:29:27.691957651Z",
      "stabilities": [
        "staging",
        "unstable"
      ],
      "unfree": false,
      "version": "0.8.0",
      "outputs_to_install": [
        "out"
      ],
      "outputs": {
        "out": "/nix/store/l6j0hn116hn91ld4ynj13n1vk90i0q5s-flox-ai-0.8.0"
      },
      "system": "x86_64-darwin",
      "group": "flox-ai",
      "priority": 5
    },
    {
      "attr_path": "flox-ai",
      "broken": false,
      "derivation": "/nix/store/w14almryjawbkglkr56spfxi25ihvhzw-flox-ai-0.8.0.drv",
      "description": "Flox-native config management for Claude Code CLI",
      "install_id": "flox-ai",
      "license": "MIT",
      "locked_url": "https://github.com/flox/flox-ai?rev=287455649209a0ca582541c885313f8609847907",
      "name": "flox-ai-0.8.0",
      "pname": "flox-ai",
      "rev": "287455649209a0ca582541c885313f8609847907",
      "rev_count": 79,
      "rev_date": "2026-07-21T21:53:51Z",
      "scrape_date": "2026-07-27T01:29:27.691958823Z",
      "stabilities": [
        "staging",
        "unstable"
      ],
      "unfree": false,
      "version": "0.8.0",
      "outputs_to_install": [
        "out"
      ],
      "outputs": {
        "out": "/nix/store/0d1s3sqq8r88f30qjg29gw76vl4gfbwg-flox-ai-0.8.0"
      },
      "system": "x86_64-linux",
      "group": "flox-ai",
      "priority": 5
    }
  ]
}
