{"lockfile-version":1,"manifest":{"hook":{"on-activate":"  if [[ -d $PYTHON_ENV ]]; then\n    echo; echo -n \"⚡️ Activating existing venv in $PYTHON_ENV...\"\n    . $PYTHON_ENV/bin/activate\n    echo \"done.\"\n  fi\n\n  # If we see a requirements.txt file, install its contents\n  # into a virtual environment\n\n  if [[ -f requirements.txt ]]; then\n    echo -n \"🐍 Processing requirements.txt...\"\n    [ ! -d $PYTHON_ENV ] && python -m venv $PYTHON_ENV\n    . $PYTHON_ENV/bin/activate\n    pip3 -qq install -r requirements.txt\n    echo \"done.\"\n  fi\n"},"install":{"jupyter":{"pkg-path":"jupyter-all"},"matplotlib":{"pkg-path":"python312Packages.matplotlib"},"numpy":{"pkg-path":"python312Packages.numpy"},"pandas":{"pkg-path":"python312Packages.pandas"},"plotly":{"pkg-path":"python312Packages.plotly"},"pyarrow":{"pkg-path":"python312Packages.pyarrow"},"pydot":{"pkg-path":"python312Packages.pydot"},"sympy":{"pkg-path":"python312Packages.sympy"},"toilet":{"pkg-path":"toilet"}},"options":{"allow":{"licenses":[]},"semver":{},"systems":["x86_64-linux","aarch64-darwin","aarch64-linux","x86_64-darwin"]},"profile":{"common":"  toilet -f smmono9 --metal \"jupyter\"\n\n  echo\n  if [[ \"$FLOX_ACTIVATE_START_SERVICES\" == \"true\" ]]; then\n    sleep 1\n    jupyter-notebook list\n  else\n    echo \"To start notebook server, run activate with '--start-services'.\"\n  fi\n  echo\n"},"services":{"jupyter-server":{"command":"jupyter-notebook --no-browser --IdentityProvider.token=${JUPYTER_SERVER_TOKEN} --ip=0.0.0.0","is-daemon":null,"shutdown":null,"systems":null,"vars":null}},"vars":{"JUPYTER_SERVER_TOKEN":"floxfan123456","PYTHON_ENV":"./nb-venv/"},"version":1},"packages":[{"attr_path":"jupyter-all","broken":false,"derivation":"/nix/store/j7vm3jwrfvd40zgwq80v13mqznc8pd6z-python3-3.12.7-env.drv","description":"High-level dynamically-typed programming language","group":"toplevel","install_id":"jupyter","license":"Python-2.0","locked_url":"https://github.com/flox/nixpkgs?rev=76612b17c0ce71689921ca12d9ffdc9c23ce40b2","name":"python3-3.12.7-env","outputs":{"out":"/nix/store/s0zvhqv9kv460r3izr4dhf743csk1sk8-python3-3.12.7-env"},"outputs_to_install":["out"],"pname":"jupyter-all","priority":5,"rev":"76612b17c0ce71689921ca12d9ffdc9c23ce40b2","rev_count":705705,"rev_date":"2024-11-09T08:06:34Z","scrape_date":"2024-11-11T03:57:18Z","stabilities":["unstable"],"system":"x86_64-linux","unfree":false,"version":"python3-3.12.7-env"},{"attr_path":"jupyter-all","broken":false,"derivation":"/nix/store/k4x4k2zjdyfkg6x4ndk46gr9r4hg1457-python3-3.12.7-env.drv","description":"High-level dynamically-typed programming language","group":"toplevel","install_id":"jupyter","license":"Python-2.0","locked_url":"https://github.com/flox/nixpkgs?rev=76612b17c0ce71689921ca12d9ffdc9c23ce40b2","name":"python3-3.12.7-env","outputs":{"out":"/nix/store/7alywwy61kx888dkf7xan35wn0nzapr1-python3-3.12.7-env"},"outputs_to_install":["out"],"pname":"jupyter-all","priority":5,"rev":"76612b17c0ce71689921ca12d9ffdc9c23ce40b2","rev_count":705705,"rev_date":"2024-11-09T08:06:34Z","scrape_date":"2024-11-11T03:57:18Z","stabilities":["unstable"],"system":"aarch64-darwin","unfree":false,"version":"python3-3.12.7-env"},{"attr_path":"jupyter-all","broken":false,"derivation":"/nix/store/izj421s2as3yhyhip1l46pv0msyk9m60-python3-3.12.7-env.drv","description":"High-level dynamically-typed programming language","group":"toplevel","install_id":"jupyter","license":"Python-2.0","locked_url":"https://github.com/flox/nixpkgs?rev=76612b17c0ce71689921ca12d9ffdc9c23ce40b2","name":"python3-3.12.7-env","outputs":{"out":"/nix/store/v6shvfb22h0cyssrqbhcv8fdzld2fbrh-python3-3.12.7-env"},"outputs_to_install":["out"],"pname":"jupyter-all","priority":5,"rev":"76612b17c0ce71689921ca12d9ffdc9c23ce40b2","rev_count":705705,"rev_date":"2024-11-09T08:06:34Z","scrape_date":"2024-11-11T03:57:18Z","stabilities":["unstable"],"system":"aarch64-linux","unfree":false,"version":"python3-3.12.7-env"},{"attr_path":"jupyter-all","broken":false,"derivation":"/nix/store/svmcyhcfansnlr8fipqfr80ikm6fx9dw-python3-3.12.7-env.drv","description":"High-level dynamically-typed programming language","group":"toplevel","install_id":"jupyter","license":"Python-2.0","locked_url":"https://github.com/flox/nixpkgs?rev=76612b17c0ce71689921ca12d9ffdc9c23ce40b2","name":"python3-3.12.7-env","outputs":{"out":"/nix/store/g8k0km1mdr2508da2j7c0ggw7zq6alhs-python3-3.12.7-env"},"outputs_to_install":["out"],"pname":"jupyter-all","priority":5,"rev":"76612b17c0ce71689921ca12d9ffdc9c23ce40b2","rev_count":705705,"rev_date":"2024-11-09T08:06:34Z","scrape_date":"2024-11-11T03:57:18Z","stabilities":["unstable"],"system":"x86_64-darwin","unfree":false,"version":"python3-3.12.7-env"},{"attr_path":"python312Packages.matplotlib","broken":false,"derivation":"/nix/store/id51vg8xlmvipdv6vqb4nij90jkkj8b0-python3.12-matplotlib-3.9.2.drv","description":"Python plotting library, making publication quality plots","group":"toplevel","install_id":"matplotlib","license":"[ Python-2.0, 0BSD ]","locked_url":"https://github.com/flox/nixpkgs?rev=76612b17c0ce71689921ca12d9ffdc9c23ce40b2","name":"python3.12-matplotlib-3.9.2","outputs":{"dist":"/nix/store/c1g5ms4jjj0rys9cw8azlg8qaj9p7q68-python3.12-matplotlib-3.9.2-dist","out":"/nix/store/1bwvsf7xgmsxbpp78j4q5f12wbzn55ls-python3.12-matplotlib-3.9.2"},"outputs_to_install":["out"],"pname":"matplotlib","priority":5,"rev":"76612b17c0ce71689921ca12d9ffdc9c23ce40b2","rev_count":705705,"rev_date":"2024-11-09T08:06:34Z","scrape_date":"2024-11-11T03:57:18Z","stabilities":["unstable"],"system":"x86_64-linux","unfree":false,"version":"python3.12-matplotlib-3.9.2"},{"attr_path":"python312Packages.matplotlib","broken":false,"derivation":"/nix/store/d7pw615nxnwi6ga656cdllc80qwd5kxc-python3.12-matplotlib-3.9.2.drv","description":"Python plotting library, making publication quality plots","group":"toplevel","install_id":"matplotlib","license":"[ Python-2.0, 0BSD ]","locked_url":"https://github.com/flox/nixpkgs?rev=76612b17c0ce71689921ca12d9ffdc9c23ce40b2","name":"python3.12-matplotlib-3.9.2","outputs":{"dist":"/nix/store/pimk2lks85jrr0hsbp2k2ggjh2yyzi7y-python3.12-matplotlib-3.9.2-dist","out":"/nix/store/ab8vamjs5id0z7w29f48isd161gm84cm-python3.12-matplotlib-3.9.2"},"outputs_to_install":["out"],"pname":"matplotlib","priority":5,"rev":"76612b17c0ce71689921ca12d9ffdc9c23ce40b2","rev_count":705705,"rev_date":"2024-11-09T08:06:34Z","scrape_date":"2024-11-11T03:57:18Z","stabilities":["unstable"],"system":"aarch64-darwin","unfree":false,"version":"python3.12-matplotlib-3.9.2"},{"attr_path":"python312Packages.matplotlib","broken":false,"derivation":"/nix/store/8pmjm8gjapgbq1zs1yhnpyhhh1xx7nis-python3.12-matplotlib-3.9.2.drv","description":"Python plotting library, making publication quality plots","group":"toplevel","install_id":"matplotlib","license":"[ Python-2.0, 0BSD ]","locked_url":"https://github.com/flox/nixpkgs?rev=76612b17c0ce71689921ca12d9ffdc9c23ce40b2","name":"python3.12-matplotlib-3.9.2","outputs":{"dist":"/nix/store/ddk41xm8mbk4igdma8iayp1sn77fhxbr-python3.12-matplotlib-3.9.2-dist","out":"/nix/store/bc9arnxfzyh6xz14h1fx7ykmdjs4g5qs-python3.12-matplotlib-3.9.2"},"outputs_to_install":["out"],"pname":"matplotlib","priority":5,"rev":"76612b17c0ce71689921ca12d9ffdc9c23ce40b2","rev_count":705705,"rev_date":"2024-11-09T08:06:34Z","scrape_date":"2024-11-11T03:57:18Z","stabilities":["unstable"],"system":"aarch64-linux","unfree":false,"version":"python3.12-matplotlib-3.9.2"},{"attr_path":"python312Packages.matplotlib","broken":false,"derivation":"/nix/store/wwyy3wiwp8a37sl0bk2j03lb4cj6fw0x-python3.12-matplotlib-3.9.2.drv","description":"Python plotting library, making publication quality plots","group":"toplevel","install_id":"matplotlib","license":"[ Python-2.0, 0BSD ]","locked_url":"https://github.com/flox/nixpkgs?rev=76612b17c0ce71689921ca12d9ffdc9c23ce40b2","name":"python3.12-matplotlib-3.9.2","outputs":{"dist":"/nix/store/73f2w72x9wjzrnlvr8q07d3nj567shas-python3.12-matplotlib-3.9.2-dist","out":"/nix/store/p43b5qdaah370p4i7yjhf8s91qvi801x-python3.12-matplotlib-3.9.2"},"outputs_to_install":["out"],"pname":"matplotlib","priority":5,"rev":"76612b17c0ce71689921ca12d9ffdc9c23ce40b2","rev_count":705705,"rev_date":"2024-11-09T08:06:34Z","scrape_date":"2024-11-11T03:57:18Z","stabilities":["unstable"],"system":"x86_64-darwin","unfree":false,"version":"python3.12-matplotlib-3.9.2"},{"attr_path":"python312Packages.numpy","broken":false,"derivation":"/nix/store/jl86pbcdafm8ah53a5b1j7g67j15p0ma-python3.12-numpy-1.26.4.drv","description":"Scientific tools for Python","group":"toplevel","install_id":"numpy","license":"BSD-3-Clause","locked_url":"https://github.com/flox/nixpkgs?rev=76612b17c0ce71689921ca12d9ffdc9c23ce40b2","name":"python3.12-numpy-1.26.4","outputs":{"dist":"/nix/store/ibqq77h6sh1bzfghqd76nprr3gxazmfl-python3.12-numpy-1.26.4-dist","out":"/nix/store/h7776f7ac0dsf0gl8bxk87fd0iy5nv46-python3.12-numpy-1.26.4"},"outputs_to_install":["out"],"pname":"numpy","priority":5,"rev":"76612b17c0ce71689921ca12d9ffdc9c23ce40b2","rev_count":705705,"rev_date":"2024-11-09T08:06:34Z","scrape_date":"2024-11-11T03:57:18Z","stabilities":["unstable"],"system":"x86_64-linux","unfree":false,"version":"python3.12-numpy-1.26.4"},{"attr_path":"python312Packages.numpy","broken":false,"derivation":"/nix/store/pj2j6c48kg9nwix66ss752l9hwyf3xq5-python3.12-numpy-1.26.4.drv","description":"Scientific tools for Python","group":"toplevel","install_id":"numpy","license":"BSD-3-Clause","locked_url":"https://github.com/flox/nixpkgs?rev=76612b17c0ce71689921ca12d9ffdc9c23ce40b2","name":"python3.12-numpy-1.26.4","outputs":{"dist":"/nix/store/j17b2j2z6r3di2zriwzwa9p0f4xvs6a5-python3.12-numpy-1.26.4-dist","out":"/nix/store/jm1yflvg1m6azn8db4li69q1blas7dam-python3.12-numpy-1.26.4"},"outputs_to_install":["out"],"pname":"numpy","priority":5,"rev":"76612b17c0ce71689921ca12d9ffdc9c23ce40b2","rev_count":705705,"rev_date":"2024-11-09T08:06:34Z","scrape_date":"2024-11-11T03:57:18Z","stabilities":["unstable"],"system":"aarch64-darwin","unfree":false,"version":"python3.12-numpy-1.26.4"},{"attr_path":"python312Packages.numpy","broken":false,"derivation":"/nix/store/fmsjcq8qp527x8v3d4bmyaqlb6s45g8l-python3.12-numpy-1.26.4.drv","description":"Scientific tools for Python","group":"toplevel","install_id":"numpy","license":"BSD-3-Clause","locked_url":"https://github.com/flox/nixpkgs?rev=76612b17c0ce71689921ca12d9ffdc9c23ce40b2","name":"python3.12-numpy-1.26.4","outputs":{"dist":"/nix/store/1zmqyqa6fzaqdgkx76h4191l7crpvh4m-python3.12-numpy-1.26.4-dist","out":"/nix/store/ifglbwi73gafi99m0fdmwj9plxpjm1fp-python3.12-numpy-1.26.4"},"outputs_to_install":["out"],"pname":"numpy","priority":5,"rev":"76612b17c0ce71689921ca12d9ffdc9c23ce40b2","rev_count":705705,"rev_date":"2024-11-09T08:06:34Z","scrape_date":"2024-11-11T03:57:18Z","stabilities":["unstable"],"system":"aarch64-linux","unfree":false,"version":"python3.12-numpy-1.26.4"},{"attr_path":"python312Packages.numpy","broken":false,"derivation":"/nix/store/r1pml0ga6jkgyvnn3wd42fp07cgl4grg-python3.12-numpy-1.26.4.drv","description":"Scientific tools for Python","group":"toplevel","install_id":"numpy","license":"BSD-3-Clause","locked_url":"https://github.com/flox/nixpkgs?rev=76612b17c0ce71689921ca12d9ffdc9c23ce40b2","name":"python3.12-numpy-1.26.4","outputs":{"dist":"/nix/store/dzrx8pwn08icr5pxm2p5hnxwsg4lw4xd-python3.12-numpy-1.26.4-dist","out":"/nix/store/1mfz06w2369nb8nbf2jygd8vfhw27495-python3.12-numpy-1.26.4"},"outputs_to_install":["out"],"pname":"numpy","priority":5,"rev":"76612b17c0ce71689921ca12d9ffdc9c23ce40b2","rev_count":705705,"rev_date":"2024-11-09T08:06:34Z","scrape_date":"2024-11-11T03:57:18Z","stabilities":["unstable"],"system":"x86_64-darwin","unfree":false,"version":"python3.12-numpy-1.26.4"},{"attr_path":"python312Packages.pandas","broken":false,"derivation":"/nix/store/2hpil47ap7218csjb0srgdx9bdwy9pbh-python3.12-pandas-2.2.3.drv","description":"Powerful data structures for data analysis, time series, and statistics","group":"toplevel","install_id":"pandas","license":"BSD-3-Clause","locked_url":"https://github.com/flox/nixpkgs?rev=76612b17c0ce71689921ca12d9ffdc9c23ce40b2","name":"python3.12-pandas-2.2.3","outputs":{"dist":"/nix/store/mnjlv716libc46aw7h3pdq32g0pn9nw9-python3.12-pandas-2.2.3-dist","out":"/nix/store/ilhhr5npkgfak99l6p6hgxld30vflfmv-python3.12-pandas-2.2.3"},"outputs_to_install":["out"],"pname":"pandas","priority":5,"rev":"76612b17c0ce71689921ca12d9ffdc9c23ce40b2","rev_count":705705,"rev_date":"2024-11-09T08:06:34Z","scrape_date":"2024-11-11T03:57:18Z","stabilities":["unstable"],"system":"x86_64-linux","unfree":false,"version":"python3.12-pandas-2.2.3"},{"attr_path":"python312Packages.pandas","broken":false,"derivation":"/nix/store/jn3iv8dkfwwi5la5vzw0gpcn8136vlz8-python3.12-pandas-2.2.3.drv","description":"Powerful data structures for data analysis, time series, and statistics","group":"toplevel","install_id":"pandas","license":"BSD-3-Clause","locked_url":"https://github.com/flox/nixpkgs?rev=76612b17c0ce71689921ca12d9ffdc9c23ce40b2","name":"python3.12-pandas-2.2.3","outputs":{"dist":"/nix/store/il4smnya75c78dn8r2k8n7f0qgr6y2zf-python3.12-pandas-2.2.3-dist","out":"/nix/store/j6252lxn0jf4rfrhfxkjw0s8wymnb7ac-python3.12-pandas-2.2.3"},"outputs_to_install":["out"],"pname":"pandas","priority":5,"rev":"76612b17c0ce71689921ca12d9ffdc9c23ce40b2","rev_count":705705,"rev_date":"2024-11-09T08:06:34Z","scrape_date":"2024-11-11T03:57:18Z","stabilities":["unstable"],"system":"aarch64-darwin","unfree":false,"version":"python3.12-pandas-2.2.3"},{"attr_path":"python312Packages.pandas","broken":false,"derivation":"/nix/store/6b5l6p85l7x5pcqxnanywdiva08xnwjq-python3.12-pandas-2.2.3.drv","description":"Powerful data structures for data analysis, time series, and statistics","group":"toplevel","install_id":"pandas","license":"BSD-3-Clause","locked_url":"https://github.com/flox/nixpkgs?rev=76612b17c0ce71689921ca12d9ffdc9c23ce40b2","name":"python3.12-pandas-2.2.3","outputs":{"dist":"/nix/store/2g48mypnh9y29m75gx1hcmh9iygwwwd8-python3.12-pandas-2.2.3-dist","out":"/nix/store/2i4iwfhp23qpfmbk1v1qa0prn5qfkbd6-python3.12-pandas-2.2.3"},"outputs_to_install":["out"],"pname":"pandas","priority":5,"rev":"76612b17c0ce71689921ca12d9ffdc9c23ce40b2","rev_count":705705,"rev_date":"2024-11-09T08:06:34Z","scrape_date":"2024-11-11T03:57:18Z","stabilities":["unstable"],"system":"aarch64-linux","unfree":false,"version":"python3.12-pandas-2.2.3"},{"attr_path":"python312Packages.pandas","broken":false,"derivation":"/nix/store/ipwvs5liwl4pkhgfiv5b9ff87i1j591d-python3.12-pandas-2.2.3.drv","description":"Powerful data structures for data analysis, time series, and statistics","group":"toplevel","install_id":"pandas","license":"BSD-3-Clause","locked_url":"https://github.com/flox/nixpkgs?rev=76612b17c0ce71689921ca12d9ffdc9c23ce40b2","name":"python3.12-pandas-2.2.3","outputs":{"dist":"/nix/store/4k620r1bdbpx46x3ckyc9f3x68zn3hpl-python3.12-pandas-2.2.3-dist","out":"/nix/store/sjxbwa432fws5bhkxqh9gw42c21g5cax-python3.12-pandas-2.2.3"},"outputs_to_install":["out"],"pname":"pandas","priority":5,"rev":"76612b17c0ce71689921ca12d9ffdc9c23ce40b2","rev_count":705705,"rev_date":"2024-11-09T08:06:34Z","scrape_date":"2024-11-11T03:57:18Z","stabilities":["unstable"],"system":"x86_64-darwin","unfree":false,"version":"python3.12-pandas-2.2.3"},{"attr_path":"python312Packages.plotly","broken":false,"derivation":"/nix/store/kcpm01iisi2gv0acqb3d40w73fg5gaas-python3.12-plotly-5.24.1.drv","description":"Python plotting library for collaborative, interactive, publication-quality graphs","group":"toplevel","install_id":"plotly","license":"MIT","locked_url":"https://github.com/flox/nixpkgs?rev=76612b17c0ce71689921ca12d9ffdc9c23ce40b2","name":"python3.12-plotly-5.24.1","outputs":{"dist":"/nix/store/8fw51782z8iarn6gkmnlzy6fmap42m6s-python3.12-plotly-5.24.1-dist","out":"/nix/store/n53j3yxy0rxigw196bsjz74m6dmwnzwb-python3.12-plotly-5.24.1"},"outputs_to_install":["out"],"pname":"plotly","priority":5,"rev":"76612b17c0ce71689921ca12d9ffdc9c23ce40b2","rev_count":705705,"rev_date":"2024-11-09T08:06:34Z","scrape_date":"2024-11-11T03:57:18Z","stabilities":["unstable"],"system":"x86_64-linux","unfree":false,"version":"python3.12-plotly-5.24.1"},{"attr_path":"python312Packages.plotly","broken":false,"derivation":"/nix/store/v9anw1wjpjlj3mzdxl20r7kcykp985r1-python3.12-plotly-5.24.1.drv","description":"Python plotting library for collaborative, interactive, publication-quality graphs","group":"toplevel","install_id":"plotly","license":"MIT","locked_url":"https://github.com/flox/nixpkgs?rev=76612b17c0ce71689921ca12d9ffdc9c23ce40b2","name":"python3.12-plotly-5.24.1","outputs":{"dist":"/nix/store/apcq1vlfhfarrksrdshbaxmcp1s0qbaa-python3.12-plotly-5.24.1-dist","out":"/nix/store/bw6f3yj9rv64djz382z1wsindprmik9i-python3.12-plotly-5.24.1"},"outputs_to_install":["out"],"pname":"plotly","priority":5,"rev":"76612b17c0ce71689921ca12d9ffdc9c23ce40b2","rev_count":705705,"rev_date":"2024-11-09T08:06:34Z","scrape_date":"2024-11-11T03:57:18Z","stabilities":["unstable"],"system":"aarch64-darwin","unfree":false,"version":"python3.12-plotly-5.24.1"},{"attr_path":"python312Packages.plotly","broken":false,"derivation":"/nix/store/04nb40w54wsbhds1d4g6zxrfr6yri7a8-python3.12-plotly-5.24.1.drv","description":"Python plotting library for collaborative, interactive, publication-quality graphs","group":"toplevel","install_id":"plotly","license":"MIT","locked_url":"https://github.com/flox/nixpkgs?rev=76612b17c0ce71689921ca12d9ffdc9c23ce40b2","name":"python3.12-plotly-5.24.1","outputs":{"dist":"/nix/store/blpm0snkwkz3i3cwy7lgmpyhbjcx1479-python3.12-plotly-5.24.1-dist","out":"/nix/store/8hv2q9rnr4wc1gm7d9kf1k9na0zi6b1c-python3.12-plotly-5.24.1"},"outputs_to_install":["out"],"pname":"plotly","priority":5,"rev":"76612b17c0ce71689921ca12d9ffdc9c23ce40b2","rev_count":705705,"rev_date":"2024-11-09T08:06:34Z","scrape_date":"2024-11-11T03:57:18Z","stabilities":["unstable"],"system":"aarch64-linux","unfree":false,"version":"python3.12-plotly-5.24.1"},{"attr_path":"python312Packages.plotly","broken":false,"derivation":"/nix/store/dv6i58izc5i82jg2zayid41bl3xryks2-python3.12-plotly-5.24.1.drv","description":"Python plotting library for collaborative, interactive, publication-quality graphs","group":"toplevel","install_id":"plotly","license":"MIT","locked_url":"https://github.com/flox/nixpkgs?rev=76612b17c0ce71689921ca12d9ffdc9c23ce40b2","name":"python3.12-plotly-5.24.1","outputs":{"dist":"/nix/store/m0dwx4qvwb00k5n75agnzggq8k2rmai1-python3.12-plotly-5.24.1-dist","out":"/nix/store/sxc8h047lk4aqdindgvpy9vpbpv9arwg-python3.12-plotly-5.24.1"},"outputs_to_install":["out"],"pname":"plotly","priority":5,"rev":"76612b17c0ce71689921ca12d9ffdc9c23ce40b2","rev_count":705705,"rev_date":"2024-11-09T08:06:34Z","scrape_date":"2024-11-11T03:57:18Z","stabilities":["unstable"],"system":"x86_64-darwin","unfree":false,"version":"python3.12-plotly-5.24.1"},{"attr_path":"python312Packages.pyarrow","broken":false,"derivation":"/nix/store/64h51q3y5ykcmybdd2c12sr2zfhnc4b7-python3.12-pyarrow-18.0.0.drv","description":"Cross-language development platform for in-memory data","group":"toplevel","install_id":"pyarrow","license":"Apache-2.0","locked_url":"https://github.com/flox/nixpkgs?rev=76612b17c0ce71689921ca12d9ffdc9c23ce40b2","name":"python3.12-pyarrow-18.0.0","outputs":{"dist":"/nix/store/66dbmhxngzhgifvivvvzwnas561rsyqf-python3.12-pyarrow-18.0.0-dist","out":"/nix/store/nay7r60cbgvnmirrp34259wd8p3s0a1c-python3.12-pyarrow-18.0.0"},"outputs_to_install":["out"],"pname":"pyarrow","priority":5,"rev":"76612b17c0ce71689921ca12d9ffdc9c23ce40b2","rev_count":705705,"rev_date":"2024-11-09T08:06:34Z","scrape_date":"2024-11-11T03:57:18Z","stabilities":["unstable"],"system":"x86_64-linux","unfree":false,"version":"python3.12-pyarrow-18.0.0"},{"attr_path":"python312Packages.pyarrow","broken":false,"derivation":"/nix/store/y73qph6qfx0y92zzgrgx6fwll3jxm8f5-python3.12-pyarrow-18.0.0.drv","description":"Cross-language development platform for in-memory data","group":"toplevel","install_id":"pyarrow","license":"Apache-2.0","locked_url":"https://github.com/flox/nixpkgs?rev=76612b17c0ce71689921ca12d9ffdc9c23ce40b2","name":"python3.12-pyarrow-18.0.0","outputs":{"dist":"/nix/store/6whsrcg1hbp6y4kv0h93c6lhadqwdlka-python3.12-pyarrow-18.0.0-dist","out":"/nix/store/b8rg3v2xq5830rf2s4x5h1qzfvaxbi9n-python3.12-pyarrow-18.0.0"},"outputs_to_install":["out"],"pname":"pyarrow","priority":5,"rev":"76612b17c0ce71689921ca12d9ffdc9c23ce40b2","rev_count":705705,"rev_date":"2024-11-09T08:06:34Z","scrape_date":"2024-11-11T03:57:18Z","stabilities":["unstable"],"system":"aarch64-darwin","unfree":false,"version":"python3.12-pyarrow-18.0.0"},{"attr_path":"python312Packages.pyarrow","broken":false,"derivation":"/nix/store/cq0lzd1s2ziwjsrpilw48g314dvz9s1k-python3.12-pyarrow-18.0.0.drv","description":"Cross-language development platform for in-memory data","group":"toplevel","install_id":"pyarrow","license":"Apache-2.0","locked_url":"https://github.com/flox/nixpkgs?rev=76612b17c0ce71689921ca12d9ffdc9c23ce40b2","name":"python3.12-pyarrow-18.0.0","outputs":{"dist":"/nix/store/8rpkj2fil064ic0gvy01m794rdrp7nqn-python3.12-pyarrow-18.0.0-dist","out":"/nix/store/diafy1m848imr0nd724pdqjyyfb5m5h0-python3.12-pyarrow-18.0.0"},"outputs_to_install":["out"],"pname":"pyarrow","priority":5,"rev":"76612b17c0ce71689921ca12d9ffdc9c23ce40b2","rev_count":705705,"rev_date":"2024-11-09T08:06:34Z","scrape_date":"2024-11-11T03:57:18Z","stabilities":["unstable"],"system":"aarch64-linux","unfree":false,"version":"python3.12-pyarrow-18.0.0"},{"attr_path":"python312Packages.pyarrow","broken":false,"derivation":"/nix/store/l9gjbhi61xskhfpiphkxx5kfpz4bw714-python3.12-pyarrow-18.0.0.drv","description":"Cross-language development platform for in-memory data","group":"toplevel","install_id":"pyarrow","license":"Apache-2.0","locked_url":"https://github.com/flox/nixpkgs?rev=76612b17c0ce71689921ca12d9ffdc9c23ce40b2","name":"python3.12-pyarrow-18.0.0","outputs":{"dist":"/nix/store/iiaybyqpp4v52ac0ahnbz2q6sspcnnwh-python3.12-pyarrow-18.0.0-dist","out":"/nix/store/mlzabryv08ipnjac1s5syjdgpv36vrlz-python3.12-pyarrow-18.0.0"},"outputs_to_install":["out"],"pname":"pyarrow","priority":5,"rev":"76612b17c0ce71689921ca12d9ffdc9c23ce40b2","rev_count":705705,"rev_date":"2024-11-09T08:06:34Z","scrape_date":"2024-11-11T03:57:18Z","stabilities":["unstable"],"system":"x86_64-darwin","unfree":false,"version":"python3.12-pyarrow-18.0.0"},{"attr_path":"python312Packages.pydot","broken":false,"derivation":"/nix/store/qdhwwxjw2nqz544mkyhrbv4m86bgzilc-python3.12-pydot-2.0.0.drv","description":"Allows to create both directed and non directed graphs from Python","group":"toplevel","install_id":"pydot","license":"MIT","locked_url":"https://github.com/flox/nixpkgs?rev=76612b17c0ce71689921ca12d9ffdc9c23ce40b2","name":"python3.12-pydot-2.0.0","outputs":{"dist":"/nix/store/r6s9w6jvimfw0gppnj1l4qmsgkfm7kl7-python3.12-pydot-2.0.0-dist","out":"/nix/store/jgfc579w119x5awqgh4419j40q6k15yl-python3.12-pydot-2.0.0"},"outputs_to_install":["out"],"pname":"pydot","priority":5,"rev":"76612b17c0ce71689921ca12d9ffdc9c23ce40b2","rev_count":705705,"rev_date":"2024-11-09T08:06:34Z","scrape_date":"2024-11-11T03:57:18Z","stabilities":["unstable"],"system":"x86_64-linux","unfree":false,"version":"python3.12-pydot-2.0.0"},{"attr_path":"python312Packages.pydot","broken":false,"derivation":"/nix/store/yqhd4xjbq7hir8x0p0xjjbk7vc29j80j-python3.12-pydot-2.0.0.drv","description":"Allows to create both directed and non directed graphs from Python","group":"toplevel","install_id":"pydot","license":"MIT","locked_url":"https://github.com/flox/nixpkgs?rev=76612b17c0ce71689921ca12d9ffdc9c23ce40b2","name":"python3.12-pydot-2.0.0","outputs":{"dist":"/nix/store/3wj6ikaxaczaj49ql0b293gpfr2k18gx-python3.12-pydot-2.0.0-dist","out":"/nix/store/kmg45vq8yvgvqbc67igc0qpqwfy2vyd8-python3.12-pydot-2.0.0"},"outputs_to_install":["out"],"pname":"pydot","priority":5,"rev":"76612b17c0ce71689921ca12d9ffdc9c23ce40b2","rev_count":705705,"rev_date":"2024-11-09T08:06:34Z","scrape_date":"2024-11-11T03:57:18Z","stabilities":["unstable"],"system":"aarch64-darwin","unfree":false,"version":"python3.12-pydot-2.0.0"},{"attr_path":"python312Packages.pydot","broken":false,"derivation":"/nix/store/p5857ysm6w6pq2jl5h76r4n6sjn0wdkk-python3.12-pydot-2.0.0.drv","description":"Allows to create both directed and non directed graphs from Python","group":"toplevel","install_id":"pydot","license":"MIT","locked_url":"https://github.com/flox/nixpkgs?rev=76612b17c0ce71689921ca12d9ffdc9c23ce40b2","name":"python3.12-pydot-2.0.0","outputs":{"dist":"/nix/store/1cx57n17dpfkf4zv21i8kj6xw2y8mh58-python3.12-pydot-2.0.0-dist","out":"/nix/store/rcdjz1mvfizm40ngfxik1qbds9z1753k-python3.12-pydot-2.0.0"},"outputs_to_install":["out"],"pname":"pydot","priority":5,"rev":"76612b17c0ce71689921ca12d9ffdc9c23ce40b2","rev_count":705705,"rev_date":"2024-11-09T08:06:34Z","scrape_date":"2024-11-11T03:57:18Z","stabilities":["unstable"],"system":"aarch64-linux","unfree":false,"version":"python3.12-pydot-2.0.0"},{"attr_path":"python312Packages.pydot","broken":false,"derivation":"/nix/store/ck47f124p4fwig4jlarjblggw9x8xlc0-python3.12-pydot-2.0.0.drv","description":"Allows to create both directed and non directed graphs from Python","group":"toplevel","install_id":"pydot","license":"MIT","locked_url":"https://github.com/flox/nixpkgs?rev=76612b17c0ce71689921ca12d9ffdc9c23ce40b2","name":"python3.12-pydot-2.0.0","outputs":{"dist":"/nix/store/ci74909qlhz0x5x60s8vwran12v29r7z-python3.12-pydot-2.0.0-dist","out":"/nix/store/fr3xxrkh2mm21r55dmv1iqhhf55pjspb-python3.12-pydot-2.0.0"},"outputs_to_install":["out"],"pname":"pydot","priority":5,"rev":"76612b17c0ce71689921ca12d9ffdc9c23ce40b2","rev_count":705705,"rev_date":"2024-11-09T08:06:34Z","scrape_date":"2024-11-11T03:57:18Z","stabilities":["unstable"],"system":"x86_64-darwin","unfree":false,"version":"python3.12-pydot-2.0.0"},{"attr_path":"python312Packages.sympy","broken":false,"derivation":"/nix/store/ff6kyhzi48iz4ak5cbqjz9m5axv2cfbr-python3.12-sympy-1.13.3.drv","description":"Python library for symbolic mathematics","group":"toplevel","install_id":"sympy","license":"BSD-3-Clause","locked_url":"https://github.com/flox/nixpkgs?rev=76612b17c0ce71689921ca12d9ffdc9c23ce40b2","name":"python3.12-sympy-1.13.3","outputs":{"dist":"/nix/store/1dz8hy3y897aqj3j8p9vx0x1rbm1lls5-python3.12-sympy-1.13.3-dist","out":"/nix/store/1cir0d2vzcaaqnw99d3qrjdqpy56wjqw-python3.12-sympy-1.13.3"},"outputs_to_install":["out"],"pname":"sympy","priority":5,"rev":"76612b17c0ce71689921ca12d9ffdc9c23ce40b2","rev_count":705705,"rev_date":"2024-11-09T08:06:34Z","scrape_date":"2024-11-11T03:57:18Z","stabilities":["unstable"],"system":"x86_64-linux","unfree":false,"version":"python3.12-sympy-1.13.3"},{"attr_path":"python312Packages.sympy","broken":false,"derivation":"/nix/store/1sl7m7fr3n4a6v4vxjjazgcdkwgbh90v-python3.12-sympy-1.13.3.drv","description":"Python library for symbolic mathematics","group":"toplevel","install_id":"sympy","license":"BSD-3-Clause","locked_url":"https://github.com/flox/nixpkgs?rev=76612b17c0ce71689921ca12d9ffdc9c23ce40b2","name":"python3.12-sympy-1.13.3","outputs":{"dist":"/nix/store/jhkmhyy7ii8hz8nr68lh4bdi1a5m2h1l-python3.12-sympy-1.13.3-dist","out":"/nix/store/8hdmbh31n3xczxs6pinnwym71k97dhda-python3.12-sympy-1.13.3"},"outputs_to_install":["out"],"pname":"sympy","priority":5,"rev":"76612b17c0ce71689921ca12d9ffdc9c23ce40b2","rev_count":705705,"rev_date":"2024-11-09T08:06:34Z","scrape_date":"2024-11-11T03:57:18Z","stabilities":["unstable"],"system":"aarch64-darwin","unfree":false,"version":"python3.12-sympy-1.13.3"},{"attr_path":"python312Packages.sympy","broken":false,"derivation":"/nix/store/yrj30df2q5qi4rwip409rnxswmd190zb-python3.12-sympy-1.13.3.drv","description":"Python library for symbolic mathematics","group":"toplevel","install_id":"sympy","license":"BSD-3-Clause","locked_url":"https://github.com/flox/nixpkgs?rev=76612b17c0ce71689921ca12d9ffdc9c23ce40b2","name":"python3.12-sympy-1.13.3","outputs":{"dist":"/nix/store/kj4ra72hv95gvb18zg0wywphplc2jhnv-python3.12-sympy-1.13.3-dist","out":"/nix/store/b85m2a3v7d59327592n34flivnvij3ml-python3.12-sympy-1.13.3"},"outputs_to_install":["out"],"pname":"sympy","priority":5,"rev":"76612b17c0ce71689921ca12d9ffdc9c23ce40b2","rev_count":705705,"rev_date":"2024-11-09T08:06:34Z","scrape_date":"2024-11-11T03:57:18Z","stabilities":["unstable"],"system":"aarch64-linux","unfree":false,"version":"python3.12-sympy-1.13.3"},{"attr_path":"python312Packages.sympy","broken":false,"derivation":"/nix/store/rr4v74s0gywgys5165q162rq5kga8vhf-python3.12-sympy-1.13.3.drv","description":"Python library for symbolic mathematics","group":"toplevel","install_id":"sympy","license":"BSD-3-Clause","locked_url":"https://github.com/flox/nixpkgs?rev=76612b17c0ce71689921ca12d9ffdc9c23ce40b2","name":"python3.12-sympy-1.13.3","outputs":{"dist":"/nix/store/7wmffq5d3x7wsw1kml9n2f0icpk5wkpb-python3.12-sympy-1.13.3-dist","out":"/nix/store/xil9yhxnmxz7998x6y04gqks1bfhkn97-python3.12-sympy-1.13.3"},"outputs_to_install":["out"],"pname":"sympy","priority":5,"rev":"76612b17c0ce71689921ca12d9ffdc9c23ce40b2","rev_count":705705,"rev_date":"2024-11-09T08:06:34Z","scrape_date":"2024-11-11T03:57:18Z","stabilities":["unstable"],"system":"x86_64-darwin","unfree":false,"version":"python3.12-sympy-1.13.3"},{"attr_path":"toilet","broken":false,"derivation":"/nix/store/ncmq13r0cz5yvh6gjsm34a695yd1fd7j-toilet-0.3.drv","description":"Display large colourful characters in text mode","group":"toplevel","install_id":"toilet","license":"WTFPL","locked_url":"https://github.com/flox/nixpkgs?rev=76612b17c0ce71689921ca12d9ffdc9c23ce40b2","name":"toilet-0.3","outputs":{"out":"/nix/store/21sh71473as4fpyy4n7j3k0j2qw73j4a-toilet-0.3"},"outputs_to_install":["out"],"pname":"toilet","priority":5,"rev":"76612b17c0ce71689921ca12d9ffdc9c23ce40b2","rev_count":705705,"rev_date":"2024-11-09T08:06:34Z","scrape_date":"2024-11-11T03:57:18Z","stabilities":["unstable"],"system":"x86_64-linux","unfree":false,"version":"0.3"},{"attr_path":"toilet","broken":false,"derivation":"/nix/store/q4agb528r7gbrvigpl84c25nirywnq3r-toilet-0.3.drv","description":"Display large colourful characters in text mode","group":"toplevel","install_id":"toilet","license":"WTFPL","locked_url":"https://github.com/flox/nixpkgs?rev=76612b17c0ce71689921ca12d9ffdc9c23ce40b2","name":"toilet-0.3","outputs":{"out":"/nix/store/95xmkvwhk801vhc3knq46syziyyd1jb0-toilet-0.3"},"outputs_to_install":["out"],"pname":"toilet","priority":5,"rev":"76612b17c0ce71689921ca12d9ffdc9c23ce40b2","rev_count":705705,"rev_date":"2024-11-09T08:06:34Z","scrape_date":"2024-11-11T03:57:18Z","stabilities":["unstable"],"system":"aarch64-darwin","unfree":false,"version":"0.3"},{"attr_path":"toilet","broken":false,"derivation":"/nix/store/k8snfvppxzjvnf7dlaqm1qwysp54p6xr-toilet-0.3.drv","description":"Display large colourful characters in text mode","group":"toplevel","install_id":"toilet","license":"WTFPL","locked_url":"https://github.com/flox/nixpkgs?rev=76612b17c0ce71689921ca12d9ffdc9c23ce40b2","name":"toilet-0.3","outputs":{"out":"/nix/store/nv55zvcn6f82arxpn6s9mf2q81swh12k-toilet-0.3"},"outputs_to_install":["out"],"pname":"toilet","priority":5,"rev":"76612b17c0ce71689921ca12d9ffdc9c23ce40b2","rev_count":705705,"rev_date":"2024-11-09T08:06:34Z","scrape_date":"2024-11-11T03:57:18Z","stabilities":["unstable"],"system":"aarch64-linux","unfree":false,"version":"0.3"},{"attr_path":"toilet","broken":false,"derivation":"/nix/store/lvva4ki0i5iwsidl9r2rkgabm1lqas26-toilet-0.3.drv","description":"Display large colourful characters in text mode","group":"toplevel","install_id":"toilet","license":"WTFPL","locked_url":"https://github.com/flox/nixpkgs?rev=76612b17c0ce71689921ca12d9ffdc9c23ce40b2","name":"toilet-0.3","outputs":{"out":"/nix/store/gb57viprw5hvqbni0d3q0vwb07crx1c4-toilet-0.3"},"outputs_to_install":["out"],"pname":"toilet","priority":5,"rev":"76612b17c0ce71689921ca12d9ffdc9c23ce40b2","rev_count":705705,"rev_date":"2024-11-09T08:06:34Z","scrape_date":"2024-11-11T03:57:18Z","stabilities":["unstable"],"system":"x86_64-darwin","unfree":false,"version":"0.3"}]}