{
  "lockfile-version": 1,
  "manifest": {
    "version": 1,
    "install": {
      "colima": {
        "pkg-path": "colima"
      },
      "docker": {
        "pkg-path": "docker-client"
      },
      "gum": {
        "pkg-path": "gum"
      }
    },
    "hook": {
      "on-activate": "if [[ \"$FLOX_ACTIVATE_START_SERVICES\" == \"true\" ]]; then\n  gum style --border double --margin \"1 2\" --padding \"1 4\" \\\n    'Colima may take a few moments to start.' '' \\\n    'Once it starts, try it with:' \\\n    '  docker run hello-world'\nelse\n  if ! docker ps > /dev/null 2>&1; then\n    gum style --border double --margin \"1 2\" --padding \"1 4\" \\\n      'Colima is not running.' '' \\\n    'You may want to start it using:' \\\n    '  flox services start'\n  fi\nfi\n"
    },
    "options": {
      "systems": [
        "aarch64-darwin",
        "aarch64-linux",
        "x86_64-linux"
      ]
    },
    "services": {
      "colima": {
        "command": "colima start",
        "is-daemon": true,
        "shutdown": {
          "command": "colima stop"
        }
      }
    }
  },
  "packages": [
    {
      "attr_path": "colima",
      "broken": false,
      "derivation": "/nix/store/82k2rs1x6z6ps790rkc10b2k01wdaqgz-colima-0.10.1.drv",
      "description": "Container runtimes with minimal setup",
      "install_id": "colima",
      "license": "MIT",
      "locked_url": "https://github.com/flox/nixpkgs?rev=c06b4ae3d6599a672a6210b7021d699c351eebda",
      "name": "colima-0.10.1",
      "pname": "colima",
      "rev": "c06b4ae3d6599a672a6210b7021d699c351eebda",
      "rev_count": 962836,
      "rev_date": "2026-03-13T08:19:52Z",
      "scrape_date": "2026-03-15T04:41:40.786419Z",
      "stabilities": [
        "unstable"
      ],
      "unfree": false,
      "version": "0.10.1",
      "outputs_to_install": [
        "out"
      ],
      "outputs": {
        "out": "/nix/store/3m2mr6hnmzicrfm9gis9r3ldm65ncxwl-colima-0.10.1"
      },
      "system": "aarch64-darwin",
      "group": "toplevel",
      "priority": 5
    },
    {
      "attr_path": "colima",
      "broken": false,
      "derivation": "/nix/store/kxy0a886n5d9c5vshx9v4grr7wx3ivgb-colima-0.10.1.drv",
      "description": "Container runtimes with minimal setup",
      "install_id": "colima",
      "license": "MIT",
      "locked_url": "https://github.com/flox/nixpkgs?rev=c06b4ae3d6599a672a6210b7021d699c351eebda",
      "name": "colima-0.10.1",
      "pname": "colima",
      "rev": "c06b4ae3d6599a672a6210b7021d699c351eebda",
      "rev_count": 962836,
      "rev_date": "2026-03-13T08:19:52Z",
      "scrape_date": "2026-03-15T05:15:05.239169Z",
      "stabilities": [
        "unstable"
      ],
      "unfree": false,
      "version": "0.10.1",
      "outputs_to_install": [
        "out"
      ],
      "outputs": {
        "out": "/nix/store/0wy0i6lb0ggc6z3i3jnz92sc2322hk3r-colima-0.10.1"
      },
      "system": "aarch64-linux",
      "group": "toplevel",
      "priority": 5
    },
    {
      "attr_path": "colima",
      "broken": false,
      "derivation": "/nix/store/bpk3011rxdm6b22d5kmdyq4y4nv937qh-colima-0.10.1.drv",
      "description": "Container runtimes with minimal setup",
      "install_id": "colima",
      "license": "MIT",
      "locked_url": "https://github.com/flox/nixpkgs?rev=c06b4ae3d6599a672a6210b7021d699c351eebda",
      "name": "colima-0.10.1",
      "pname": "colima",
      "rev": "c06b4ae3d6599a672a6210b7021d699c351eebda",
      "rev_count": 962836,
      "rev_date": "2026-03-13T08:19:52Z",
      "scrape_date": "2026-03-15T06:19:33.324054Z",
      "stabilities": [
        "unstable"
      ],
      "unfree": false,
      "version": "0.10.1",
      "outputs_to_install": [
        "out"
      ],
      "outputs": {
        "out": "/nix/store/rwwxpayr3h0vj35vlipmgzgfvh5awc02-colima-0.10.1"
      },
      "system": "x86_64-linux",
      "group": "toplevel",
      "priority": 5
    },
    {
      "attr_path": "docker-client",
      "broken": false,
      "derivation": "/nix/store/2srysc92c8qp36ij08jb79xdkvkmg7j9-docker-29.3.0.drv",
      "description": "Open source project to pack, ship and run any application as a lightweight container",
      "install_id": "docker",
      "license": "Apache-2.0",
      "locked_url": "https://github.com/flox/nixpkgs?rev=c06b4ae3d6599a672a6210b7021d699c351eebda",
      "name": "docker-29.3.0",
      "pname": "docker-client",
      "rev": "c06b4ae3d6599a672a6210b7021d699c351eebda",
      "rev_count": 962836,
      "rev_date": "2026-03-13T08:19:52Z",
      "scrape_date": "2026-03-15T04:41:41.045798Z",
      "stabilities": [
        "unstable"
      ],
      "unfree": false,
      "version": "29.3.0",
      "outputs_to_install": [
        "out"
      ],
      "outputs": {
        "out": "/nix/store/ziqs1bi5h1h4n1n4x0rzfb4jl49xla69-docker-29.3.0"
      },
      "system": "aarch64-darwin",
      "group": "toplevel",
      "priority": 5
    },
    {
      "attr_path": "docker-client",
      "broken": false,
      "derivation": "/nix/store/ncjsq935dskbrbhr7djp5g3bj5n55ki7-docker-29.3.0.drv",
      "description": "Open source project to pack, ship and run any application as a lightweight container",
      "install_id": "docker",
      "license": "Apache-2.0",
      "locked_url": "https://github.com/flox/nixpkgs?rev=c06b4ae3d6599a672a6210b7021d699c351eebda",
      "name": "docker-29.3.0",
      "pname": "docker-client",
      "rev": "c06b4ae3d6599a672a6210b7021d699c351eebda",
      "rev_count": 962836,
      "rev_date": "2026-03-13T08:19:52Z",
      "scrape_date": "2026-03-15T05:15:05.620490Z",
      "stabilities": [
        "unstable"
      ],
      "unfree": false,
      "version": "29.3.0",
      "outputs_to_install": [
        "out"
      ],
      "outputs": {
        "out": "/nix/store/2rpqyvvhaly6k6f1fxvgsc3hlvilk35f-docker-29.3.0"
      },
      "system": "aarch64-linux",
      "group": "toplevel",
      "priority": 5
    },
    {
      "attr_path": "docker-client",
      "broken": false,
      "derivation": "/nix/store/g9qzlaahh0xdilkc7xx2mqi47ap0l6vl-docker-29.3.0.drv",
      "description": "Open source project to pack, ship and run any application as a lightweight container",
      "install_id": "docker",
      "license": "Apache-2.0",
      "locked_url": "https://github.com/flox/nixpkgs?rev=c06b4ae3d6599a672a6210b7021d699c351eebda",
      "name": "docker-29.3.0",
      "pname": "docker-client",
      "rev": "c06b4ae3d6599a672a6210b7021d699c351eebda",
      "rev_count": 962836,
      "rev_date": "2026-03-13T08:19:52Z",
      "scrape_date": "2026-03-15T06:19:33.764296Z",
      "stabilities": [
        "unstable"
      ],
      "unfree": false,
      "version": "29.3.0",
      "outputs_to_install": [
        "out"
      ],
      "outputs": {
        "out": "/nix/store/p6ja5xpgygz33xwlx3agycblq1di7xrx-docker-29.3.0"
      },
      "system": "x86_64-linux",
      "group": "toplevel",
      "priority": 5
    },
    {
      "attr_path": "gum",
      "broken": false,
      "derivation": "/nix/store/0q3saf0py9fifyx6h6jwzjvg7y707x8a-gum-0.17.0.drv",
      "description": "Tasty Bubble Gum for your shell",
      "install_id": "gum",
      "license": "MIT",
      "locked_url": "https://github.com/flox/nixpkgs?rev=c06b4ae3d6599a672a6210b7021d699c351eebda",
      "name": "gum-0.17.0",
      "pname": "gum",
      "rev": "c06b4ae3d6599a672a6210b7021d699c351eebda",
      "rev_count": 962836,
      "rev_date": "2026-03-13T08:19:52Z",
      "scrape_date": "2026-03-15T04:41:41.932137Z",
      "stabilities": [
        "unstable"
      ],
      "unfree": false,
      "version": "0.17.0",
      "outputs_to_install": [
        "out"
      ],
      "outputs": {
        "out": "/nix/store/x5ngj85sp5paq6la0g60qrx7p6z6h9iz-gum-0.17.0"
      },
      "system": "aarch64-darwin",
      "group": "toplevel",
      "priority": 5
    },
    {
      "attr_path": "gum",
      "broken": false,
      "derivation": "/nix/store/nrc9wm1wydfjsch8hxbwqs78fw5r0640-gum-0.17.0.drv",
      "description": "Tasty Bubble Gum for your shell",
      "install_id": "gum",
      "license": "MIT",
      "locked_url": "https://github.com/flox/nixpkgs?rev=c06b4ae3d6599a672a6210b7021d699c351eebda",
      "name": "gum-0.17.0",
      "pname": "gum",
      "rev": "c06b4ae3d6599a672a6210b7021d699c351eebda",
      "rev_count": 962836,
      "rev_date": "2026-03-13T08:19:52Z",
      "scrape_date": "2026-03-15T05:15:07.698898Z",
      "stabilities": [
        "unstable"
      ],
      "unfree": false,
      "version": "0.17.0",
      "outputs_to_install": [
        "out"
      ],
      "outputs": {
        "out": "/nix/store/8492ypc20ys8kghyq4c9n8bfip85rg0n-gum-0.17.0"
      },
      "system": "aarch64-linux",
      "group": "toplevel",
      "priority": 5
    },
    {
      "attr_path": "gum",
      "broken": false,
      "derivation": "/nix/store/6zn2267d9ynz2jnbvfcz035sfbpql4r1-gum-0.17.0.drv",
      "description": "Tasty Bubble Gum for your shell",
      "install_id": "gum",
      "license": "MIT",
      "locked_url": "https://github.com/flox/nixpkgs?rev=c06b4ae3d6599a672a6210b7021d699c351eebda",
      "name": "gum-0.17.0",
      "pname": "gum",
      "rev": "c06b4ae3d6599a672a6210b7021d699c351eebda",
      "rev_count": 962836,
      "rev_date": "2026-03-13T08:19:52Z",
      "scrape_date": "2026-03-15T06:19:36.119708Z",
      "stabilities": [
        "unstable"
      ],
      "unfree": false,
      "version": "0.17.0",
      "outputs_to_install": [
        "out"
      ],
      "outputs": {
        "out": "/nix/store/x5bn6qhx5qr16w5nz0mh5bh9ww4530h8-gum-0.17.0"
      },
      "system": "x86_64-linux",
      "group": "toplevel",
      "priority": 5
    }
  ]
}
