{
  "lockfile-version": 1,
  "manifest": {
    "version": 1,
    "install": {
      "gum": {
        "pkg-path": "gum"
      },
      "llm": {
        "pkg-path": "llm"
      },
      "mods": {
        "pkg-path": "mods"
      },
      "openai": {
        "pkg-path": "openai"
      }
    },
    "hook": {
      "on-activate": "# First, check if $OPENAI_API_KEY is set\nif [[ \"${OPENAI_API_KEY}\" ]]; then\n  echo \"🤖 OpenAI configured with key from existing environment\"\n  return 0\nfi\n\n# Then, check to see if the dotfile exists\nif [[ -f ~/.config/openai.key ]]; then\n  export OPENAI_API_KEY=$(cat ~/.config/openai.key)\n  echo \"🤖 OpenAI configured with key from ~/.config/openai.key\"\n  return 0\nfi\n\n# We got nothing! Let's ask.\necho \"OpenAI key not detected.\"\n\n# exit in CI, be kind to github\nif [[ \"$FLOX_ENVS_TESTING\" == \"1\" ]]; then\n  return 0\nfi\n\nif gum confirm \"Would you like to provide one now?\" --default=true --affirmative \"Yes\" --negative \"No\"; then\n  OPENAI_API_KEY=$(gum input --placeholder \"OpenAI API key\")\n  if gum confirm \"Write this into ~/.config/openai.key for next time?\" --default=true --affirmative \"Yes\" --negative \"No\"; then\n    echo \"$OPENAI_API_KEY\" > ~/.config/openai.key\n    chmod 600 ~/.config/openai.key\n  fi\n  export OPENAI_API_KEY\n  echo \"🤖 OpenAI configured with provided key\"\n  return 0\nfi\n\necho \"An OpenAI key is required. You can provide one by setting OPENAI_API_KEY.\"\necho; echo \"🚨 OpenAI client is available (no key)\"\n"
    },
    "profile": {},
    "options": {
      "systems": [
        "aarch64-darwin",
        "aarch64-linux",
        "x86_64-darwin",
        "x86_64-linux"
      ],
      "allow": {
        "licenses": []
      },
      "semver": {},
      "cuda-detection": false
    }
  },
  "packages": [
    {
      "attr_path": "gum",
      "broken": false,
      "derivation": "/nix/store/czwl846byk8sxy1g69r6pqr78n870awp-gum-0.16.0.drv",
      "description": "Tasty Bubble Gum for your shell",
      "install_id": "gum",
      "license": "MIT",
      "locked_url": "https://github.com/flox/nixpkgs?rev=6607cf789e541e7873d40d3a8f7815ea92204f32",
      "name": "gum-0.16.0",
      "pname": "gum",
      "rev": "6607cf789e541e7873d40d3a8f7815ea92204f32",
      "rev_count": 767267,
      "rev_date": "2025-03-13T07:39:42Z",
      "scrape_date": "2025-03-14T00:31:05Z",
      "stabilities": [
        "staging",
        "unstable"
      ],
      "unfree": false,
      "version": "0.16.0",
      "outputs_to_install": [
        "out"
      ],
      "outputs": {
        "out": "/nix/store/kwkfj9ifihlfzv7damvf0x42w1l904ld-gum-0.16.0"
      },
      "system": "aarch64-darwin",
      "group": "toplevel",
      "priority": 5
    },
    {
      "attr_path": "gum",
      "broken": false,
      "derivation": "/nix/store/nxng3g50n73yvw5akm3nw5g38k1kilm3-gum-0.16.0.drv",
      "description": "Tasty Bubble Gum for your shell",
      "install_id": "gum",
      "license": "MIT",
      "locked_url": "https://github.com/flox/nixpkgs?rev=6607cf789e541e7873d40d3a8f7815ea92204f32",
      "name": "gum-0.16.0",
      "pname": "gum",
      "rev": "6607cf789e541e7873d40d3a8f7815ea92204f32",
      "rev_count": 767267,
      "rev_date": "2025-03-13T07:39:42Z",
      "scrape_date": "2025-03-14T00:31:05Z",
      "stabilities": [
        "staging",
        "unstable"
      ],
      "unfree": false,
      "version": "0.16.0",
      "outputs_to_install": [
        "out"
      ],
      "outputs": {
        "out": "/nix/store/fflgnfjyizrfp3kb9kg1rb13zh8iqgpa-gum-0.16.0"
      },
      "system": "aarch64-linux",
      "group": "toplevel",
      "priority": 5
    },
    {
      "attr_path": "gum",
      "broken": false,
      "derivation": "/nix/store/9bdpw33mminvyq64n5p1qw9gql3b2fga-gum-0.16.0.drv",
      "description": "Tasty Bubble Gum for your shell",
      "install_id": "gum",
      "license": "MIT",
      "locked_url": "https://github.com/flox/nixpkgs?rev=6607cf789e541e7873d40d3a8f7815ea92204f32",
      "name": "gum-0.16.0",
      "pname": "gum",
      "rev": "6607cf789e541e7873d40d3a8f7815ea92204f32",
      "rev_count": 767267,
      "rev_date": "2025-03-13T07:39:42Z",
      "scrape_date": "2025-03-14T00:31:05Z",
      "stabilities": [
        "staging",
        "unstable"
      ],
      "unfree": false,
      "version": "0.16.0",
      "outputs_to_install": [
        "out"
      ],
      "outputs": {
        "out": "/nix/store/854g6bmylzpaz7s1xdccfq9x2xkx6fcc-gum-0.16.0"
      },
      "system": "x86_64-darwin",
      "group": "toplevel",
      "priority": 5
    },
    {
      "attr_path": "gum",
      "broken": false,
      "derivation": "/nix/store/z0lngxwv48b41x4pyq5qp9lv33c2lss5-gum-0.16.0.drv",
      "description": "Tasty Bubble Gum for your shell",
      "install_id": "gum",
      "license": "MIT",
      "locked_url": "https://github.com/flox/nixpkgs?rev=6607cf789e541e7873d40d3a8f7815ea92204f32",
      "name": "gum-0.16.0",
      "pname": "gum",
      "rev": "6607cf789e541e7873d40d3a8f7815ea92204f32",
      "rev_count": 767267,
      "rev_date": "2025-03-13T07:39:42Z",
      "scrape_date": "2025-03-14T00:31:05Z",
      "stabilities": [
        "staging",
        "unstable"
      ],
      "unfree": false,
      "version": "0.16.0",
      "outputs_to_install": [
        "out"
      ],
      "outputs": {
        "out": "/nix/store/hn1dl52063dlljmzjlx0cw1f59yk5r2n-gum-0.16.0"
      },
      "system": "x86_64-linux",
      "group": "toplevel",
      "priority": 5
    },
    {
      "attr_path": "llm",
      "broken": false,
      "derivation": "/nix/store/3i4y774clb3i40j26m9j2wjcgfr9yrs9-python3.12-llm-0.22.drv",
      "description": "Access large language models from the command-line",
      "install_id": "llm",
      "license": "Apache-2.0",
      "locked_url": "https://github.com/flox/nixpkgs?rev=6607cf789e541e7873d40d3a8f7815ea92204f32",
      "name": "llm-0.22",
      "pname": "llm",
      "rev": "6607cf789e541e7873d40d3a8f7815ea92204f32",
      "rev_count": 767267,
      "rev_date": "2025-03-13T07:39:42Z",
      "scrape_date": "2025-03-14T00:31:05Z",
      "stabilities": [
        "staging",
        "unstable"
      ],
      "unfree": false,
      "version": "0.22",
      "outputs_to_install": [
        "out"
      ],
      "outputs": {
        "dist": "/nix/store/21yqp5lhpwkyh0m571j620nw9ji2j8pk-python3.12-llm-0.22-dist",
        "out": "/nix/store/c9mjv6qvzxvhhkadpgg3ncaf7m7g8b20-python3.12-llm-0.22"
      },
      "system": "aarch64-darwin",
      "group": "toplevel",
      "priority": 5
    },
    {
      "attr_path": "llm",
      "broken": false,
      "derivation": "/nix/store/l3bgf980qaw5nzmv8l5i9krbk2vcv0rg-python3.12-llm-0.22.drv",
      "description": "Access large language models from the command-line",
      "install_id": "llm",
      "license": "Apache-2.0",
      "locked_url": "https://github.com/flox/nixpkgs?rev=6607cf789e541e7873d40d3a8f7815ea92204f32",
      "name": "llm-0.22",
      "pname": "llm",
      "rev": "6607cf789e541e7873d40d3a8f7815ea92204f32",
      "rev_count": 767267,
      "rev_date": "2025-03-13T07:39:42Z",
      "scrape_date": "2025-03-14T00:31:05Z",
      "stabilities": [
        "staging",
        "unstable"
      ],
      "unfree": false,
      "version": "0.22",
      "outputs_to_install": [
        "out"
      ],
      "outputs": {
        "dist": "/nix/store/nhv91ijpn5xslzq2avg8mn2hyba6cjb6-python3.12-llm-0.22-dist",
        "out": "/nix/store/i6h3fa0a3da0c17p0dv0fqh64bcwvpr2-python3.12-llm-0.22"
      },
      "system": "aarch64-linux",
      "group": "toplevel",
      "priority": 5
    },
    {
      "attr_path": "llm",
      "broken": false,
      "derivation": "/nix/store/9qwf2x2mvxagi1sg00w04j4k16rlnsxm-python3.12-llm-0.22.drv",
      "description": "Access large language models from the command-line",
      "install_id": "llm",
      "license": "Apache-2.0",
      "locked_url": "https://github.com/flox/nixpkgs?rev=6607cf789e541e7873d40d3a8f7815ea92204f32",
      "name": "llm-0.22",
      "pname": "llm",
      "rev": "6607cf789e541e7873d40d3a8f7815ea92204f32",
      "rev_count": 767267,
      "rev_date": "2025-03-13T07:39:42Z",
      "scrape_date": "2025-03-14T00:31:05Z",
      "stabilities": [
        "staging",
        "unstable"
      ],
      "unfree": false,
      "version": "0.22",
      "outputs_to_install": [
        "out"
      ],
      "outputs": {
        "dist": "/nix/store/5wjxiz0rlfcsn7avgbsa6h4vahpwybgk-python3.12-llm-0.22-dist",
        "out": "/nix/store/hdckfqbgzl6viccnagsh5qvlr1fx6s0v-python3.12-llm-0.22"
      },
      "system": "x86_64-darwin",
      "group": "toplevel",
      "priority": 5
    },
    {
      "attr_path": "llm",
      "broken": false,
      "derivation": "/nix/store/n35fv4cn8nz7crllrhsyb54xch52a3lx-python3.12-llm-0.22.drv",
      "description": "Access large language models from the command-line",
      "install_id": "llm",
      "license": "Apache-2.0",
      "locked_url": "https://github.com/flox/nixpkgs?rev=6607cf789e541e7873d40d3a8f7815ea92204f32",
      "name": "llm-0.22",
      "pname": "llm",
      "rev": "6607cf789e541e7873d40d3a8f7815ea92204f32",
      "rev_count": 767267,
      "rev_date": "2025-03-13T07:39:42Z",
      "scrape_date": "2025-03-14T00:31:05Z",
      "stabilities": [
        "staging",
        "unstable"
      ],
      "unfree": false,
      "version": "0.22",
      "outputs_to_install": [
        "out"
      ],
      "outputs": {
        "dist": "/nix/store/i0z0jfljddxgipmhb80q7gk4gfv88jjm-python3.12-llm-0.22-dist",
        "out": "/nix/store/qa2iayilip4lbgl67zrd3ixjk1qqyjlv-python3.12-llm-0.22"
      },
      "system": "x86_64-linux",
      "group": "toplevel",
      "priority": 5
    },
    {
      "attr_path": "mods",
      "broken": false,
      "derivation": "/nix/store/qv9jssm9rwlsmx0yxl3g4341pn76j6hw-mods-1.6.0.drv",
      "description": "AI on the command line",
      "install_id": "mods",
      "license": "MIT",
      "locked_url": "https://github.com/flox/nixpkgs?rev=6607cf789e541e7873d40d3a8f7815ea92204f32",
      "name": "mods-1.6.0",
      "pname": "mods",
      "rev": "6607cf789e541e7873d40d3a8f7815ea92204f32",
      "rev_count": 767267,
      "rev_date": "2025-03-13T07:39:42Z",
      "scrape_date": "2025-03-14T00:31:05Z",
      "stabilities": [
        "staging",
        "unstable"
      ],
      "unfree": false,
      "version": "1.6.0",
      "outputs_to_install": [
        "out"
      ],
      "outputs": {
        "out": "/nix/store/58lk4lr4qln9rivvrca4pxjary08xvxa-mods-1.6.0"
      },
      "system": "aarch64-darwin",
      "group": "toplevel",
      "priority": 5
    },
    {
      "attr_path": "mods",
      "broken": false,
      "derivation": "/nix/store/jxhmjgaxbvsrxwijp7j2s2skxlj8pr1z-mods-1.6.0.drv",
      "description": "AI on the command line",
      "install_id": "mods",
      "license": "MIT",
      "locked_url": "https://github.com/flox/nixpkgs?rev=6607cf789e541e7873d40d3a8f7815ea92204f32",
      "name": "mods-1.6.0",
      "pname": "mods",
      "rev": "6607cf789e541e7873d40d3a8f7815ea92204f32",
      "rev_count": 767267,
      "rev_date": "2025-03-13T07:39:42Z",
      "scrape_date": "2025-03-14T00:31:05Z",
      "stabilities": [
        "staging",
        "unstable"
      ],
      "unfree": false,
      "version": "1.6.0",
      "outputs_to_install": [
        "out"
      ],
      "outputs": {
        "out": "/nix/store/0g57kpws70j2jvcjm0qpd1l4svjfsw7r-mods-1.6.0"
      },
      "system": "aarch64-linux",
      "group": "toplevel",
      "priority": 5
    },
    {
      "attr_path": "mods",
      "broken": false,
      "derivation": "/nix/store/kyvlxbarlkd1712n31gsd6knlnhdjk2j-mods-1.6.0.drv",
      "description": "AI on the command line",
      "install_id": "mods",
      "license": "MIT",
      "locked_url": "https://github.com/flox/nixpkgs?rev=6607cf789e541e7873d40d3a8f7815ea92204f32",
      "name": "mods-1.6.0",
      "pname": "mods",
      "rev": "6607cf789e541e7873d40d3a8f7815ea92204f32",
      "rev_count": 767267,
      "rev_date": "2025-03-13T07:39:42Z",
      "scrape_date": "2025-03-14T00:31:05Z",
      "stabilities": [
        "staging",
        "unstable"
      ],
      "unfree": false,
      "version": "1.6.0",
      "outputs_to_install": [
        "out"
      ],
      "outputs": {
        "out": "/nix/store/mmim1p5fvz7hbih2b1wf5vv1rl7wls1y-mods-1.6.0"
      },
      "system": "x86_64-darwin",
      "group": "toplevel",
      "priority": 5
    },
    {
      "attr_path": "mods",
      "broken": false,
      "derivation": "/nix/store/b2szl7npsasbmz7k1xmrc7668a8w3f4y-mods-1.6.0.drv",
      "description": "AI on the command line",
      "install_id": "mods",
      "license": "MIT",
      "locked_url": "https://github.com/flox/nixpkgs?rev=6607cf789e541e7873d40d3a8f7815ea92204f32",
      "name": "mods-1.6.0",
      "pname": "mods",
      "rev": "6607cf789e541e7873d40d3a8f7815ea92204f32",
      "rev_count": 767267,
      "rev_date": "2025-03-13T07:39:42Z",
      "scrape_date": "2025-03-14T00:31:05Z",
      "stabilities": [
        "staging",
        "unstable"
      ],
      "unfree": false,
      "version": "1.6.0",
      "outputs_to_install": [
        "out"
      ],
      "outputs": {
        "out": "/nix/store/8zlycvj7b3cxyp14wwlzq0xmja9m7lv8-mods-1.6.0"
      },
      "system": "x86_64-linux",
      "group": "toplevel",
      "priority": 5
    },
    {
      "attr_path": "openai",
      "broken": false,
      "derivation": "/nix/store/2gbm7j2c6qjhw9y7gp018h568xpxsnsc-python3.12-openai-1.65.3.drv",
      "description": "Python client library for the OpenAI API",
      "install_id": "openai",
      "license": "MIT",
      "locked_url": "https://github.com/flox/nixpkgs?rev=6607cf789e541e7873d40d3a8f7815ea92204f32",
      "name": "openai-1.65.3",
      "pname": "openai",
      "rev": "6607cf789e541e7873d40d3a8f7815ea92204f32",
      "rev_count": 767267,
      "rev_date": "2025-03-13T07:39:42Z",
      "scrape_date": "2025-03-14T00:31:05Z",
      "stabilities": [
        "staging",
        "unstable"
      ],
      "unfree": false,
      "version": "1.65.3",
      "outputs_to_install": [
        "out"
      ],
      "outputs": {
        "dist": "/nix/store/xs8qxg5rbkxwxkvy7c7w0afl8j26mki2-python3.12-openai-1.65.3-dist",
        "out": "/nix/store/v1mbaxnv6mwh5k1xp8fcrknc4fj0hsiy-python3.12-openai-1.65.3"
      },
      "system": "aarch64-darwin",
      "group": "toplevel",
      "priority": 5
    },
    {
      "attr_path": "openai",
      "broken": false,
      "derivation": "/nix/store/1d4k61iqdkb1kgm85xi6089rp14ippnh-python3.12-openai-1.65.3.drv",
      "description": "Python client library for the OpenAI API",
      "install_id": "openai",
      "license": "MIT",
      "locked_url": "https://github.com/flox/nixpkgs?rev=6607cf789e541e7873d40d3a8f7815ea92204f32",
      "name": "openai-1.65.3",
      "pname": "openai",
      "rev": "6607cf789e541e7873d40d3a8f7815ea92204f32",
      "rev_count": 767267,
      "rev_date": "2025-03-13T07:39:42Z",
      "scrape_date": "2025-03-14T00:31:05Z",
      "stabilities": [
        "staging",
        "unstable"
      ],
      "unfree": false,
      "version": "1.65.3",
      "outputs_to_install": [
        "out"
      ],
      "outputs": {
        "dist": "/nix/store/jvs81kmf5jwa4q1zam4jlxnlblg90lki-python3.12-openai-1.65.3-dist",
        "out": "/nix/store/lpy6x65rhcssl9na62wfppjh4ra5rfh3-python3.12-openai-1.65.3"
      },
      "system": "aarch64-linux",
      "group": "toplevel",
      "priority": 5
    },
    {
      "attr_path": "openai",
      "broken": false,
      "derivation": "/nix/store/d72x8qprhid454qcwvqzwzvfq4zcwz77-python3.12-openai-1.65.3.drv",
      "description": "Python client library for the OpenAI API",
      "install_id": "openai",
      "license": "MIT",
      "locked_url": "https://github.com/flox/nixpkgs?rev=6607cf789e541e7873d40d3a8f7815ea92204f32",
      "name": "openai-1.65.3",
      "pname": "openai",
      "rev": "6607cf789e541e7873d40d3a8f7815ea92204f32",
      "rev_count": 767267,
      "rev_date": "2025-03-13T07:39:42Z",
      "scrape_date": "2025-03-14T00:31:05Z",
      "stabilities": [
        "staging",
        "unstable"
      ],
      "unfree": false,
      "version": "1.65.3",
      "outputs_to_install": [
        "out"
      ],
      "outputs": {
        "dist": "/nix/store/n7hza50w7qxv5nc2jxhmx3wpa7ras369-python3.12-openai-1.65.3-dist",
        "out": "/nix/store/ayzjmimaqp27yf4nz9923ad3350yzfcz-python3.12-openai-1.65.3"
      },
      "system": "x86_64-darwin",
      "group": "toplevel",
      "priority": 5
    },
    {
      "attr_path": "openai",
      "broken": false,
      "derivation": "/nix/store/p78z4zxqx0pk11wxgrczbjk540fk0bly-python3.12-openai-1.65.3.drv",
      "description": "Python client library for the OpenAI API",
      "install_id": "openai",
      "license": "MIT",
      "locked_url": "https://github.com/flox/nixpkgs?rev=6607cf789e541e7873d40d3a8f7815ea92204f32",
      "name": "openai-1.65.3",
      "pname": "openai",
      "rev": "6607cf789e541e7873d40d3a8f7815ea92204f32",
      "rev_count": 767267,
      "rev_date": "2025-03-13T07:39:42Z",
      "scrape_date": "2025-03-14T00:31:05Z",
      "stabilities": [
        "staging",
        "unstable"
      ],
      "unfree": false,
      "version": "1.65.3",
      "outputs_to_install": [
        "out"
      ],
      "outputs": {
        "dist": "/nix/store/zvvgkbww728fk0743s5az0ldk5n669l8-python3.12-openai-1.65.3-dist",
        "out": "/nix/store/vw8plf5j8ql51qg4y4phn7f9q5sl1mc8-python3.12-openai-1.65.3"
      },
      "system": "x86_64-linux",
      "group": "toplevel",
      "priority": 5
    }
  ]
}