{
  "lockfile-version": 1,
  "manifest": {
    "version": 1,
    "install": {
      "gum": {
        "pkg-path": "gum"
      },
      "llm": {
        "pkg-path": "llm"
      },
      "mods": {
        "pkg-path": "mods"
      },
      "openai": {
        "pkg-path": "openai"
      }
    },
    "hook": {
      "on-activate": "# First, check if $OPENAI_API_KEY is set\nif [[ \"${OPENAI_API_KEY}\" ]]; then\n  echo \"🤖 OpenAI configured with key from existing environment\"\n  return 0\nfi\n\n# Then, check to see if the dotfile exists\nif [[ -f ~/.config/openai.key ]]; then\n  export OPENAI_API_KEY=$(cat ~/.config/openai.key)\n  echo \"🤖 OpenAI configured with key from ~/.config/openai.key\"\n  return 0\nfi\n\n# We got nothing! Let's ask.\necho \"OpenAI key not detected.\"\n\n# exit in CI, be kind to github\nif [[ \"$FLOX_ENVS_TESTING\" == \"1\" ]]; then\n  return 0\nfi\n\nif gum confirm \"Would you like to provide one now?\" --default=true --affirmative \"Yes\" --negative \"No\"; then\n  OPENAI_API_KEY=$(gum input --placeholder \"OpenAI API key\")\n  if gum confirm \"Write this into ~/.config/openai.key for next time?\" --default=true --affirmative \"Yes\" --negative \"No\"; then\n    echo \"$OPENAI_API_KEY\" > ~/.config/openai.key\n    chmod 600 ~/.config/openai.key\n  fi\n  export OPENAI_API_KEY\n  echo \"🤖 OpenAI configured with provided key\"\n  return 0\nfi\n\necho \"An OpenAI key is required. You can provide one by setting OPENAI_API_KEY.\"\necho; echo \"🚨 OpenAI client is available (no key)\"\n"
    },
    "options": {
      "systems": [
        "aarch64-darwin",
        "aarch64-linux",
        "x86_64-darwin",
        "x86_64-linux"
      ],
      "cuda-detection": false
    }
  },
  "packages": [
    {
      "attr_path": "gum",
      "broken": false,
      "derivation": "/nix/store/9611az532yrja26hnb6knavbxdgy1yrl-gum-0.16.1.drv",
      "description": "Tasty Bubble Gum for your shell",
      "install_id": "gum",
      "license": "MIT",
      "locked_url": "https://github.com/flox/nixpkgs?rev=9e83b64f727c88a7711a2c463a7b16eedb69a84c",
      "name": "gum-0.16.1",
      "pname": "gum",
      "rev": "9e83b64f727c88a7711a2c463a7b16eedb69a84c",
      "rev_count": 816272,
      "rev_date": "2025-06-17T04:31:58Z",
      "scrape_date": "2025-06-18T00:36:16.552075Z",
      "stabilities": [
        "unstable"
      ],
      "unfree": false,
      "version": "0.16.1",
      "outputs_to_install": [
        "out"
      ],
      "outputs": {
        "out": "/nix/store/k3hfaznp6m5zm7436gki029amjycscfs-gum-0.16.1"
      },
      "system": "aarch64-darwin",
      "group": "toplevel",
      "priority": 5
    },
    {
      "attr_path": "gum",
      "broken": false,
      "derivation": "/nix/store/bqjky4b54ncwq9p7zad781naya87vz6n-gum-0.16.1.drv",
      "description": "Tasty Bubble Gum for your shell",
      "install_id": "gum",
      "license": "MIT",
      "locked_url": "https://github.com/flox/nixpkgs?rev=9e83b64f727c88a7711a2c463a7b16eedb69a84c",
      "name": "gum-0.16.1",
      "pname": "gum",
      "rev": "9e83b64f727c88a7711a2c463a7b16eedb69a84c",
      "rev_count": 816272,
      "rev_date": "2025-06-17T04:31:58Z",
      "scrape_date": "2025-06-18T00:54:49.885812Z",
      "stabilities": [
        "unstable"
      ],
      "unfree": false,
      "version": "0.16.1",
      "outputs_to_install": [
        "out"
      ],
      "outputs": {
        "out": "/nix/store/aaf6hhl897a6l2xv9jwgjsr5gwj000wl-gum-0.16.1"
      },
      "system": "aarch64-linux",
      "group": "toplevel",
      "priority": 5
    },
    {
      "attr_path": "gum",
      "broken": false,
      "derivation": "/nix/store/r5p08in9h18sy7hy0gxifnywpsdhzxph-gum-0.16.1.drv",
      "description": "Tasty Bubble Gum for your shell",
      "install_id": "gum",
      "license": "MIT",
      "locked_url": "https://github.com/flox/nixpkgs?rev=9e83b64f727c88a7711a2c463a7b16eedb69a84c",
      "name": "gum-0.16.1",
      "pname": "gum",
      "rev": "9e83b64f727c88a7711a2c463a7b16eedb69a84c",
      "rev_count": 816272,
      "rev_date": "2025-06-17T04:31:58Z",
      "scrape_date": "2025-06-18T01:12:23.817011Z",
      "stabilities": [
        "unstable"
      ],
      "unfree": false,
      "version": "0.16.1",
      "outputs_to_install": [
        "out"
      ],
      "outputs": {
        "out": "/nix/store/djbqwg8la91xj8qnjp0nv1brqnvv69q5-gum-0.16.1"
      },
      "system": "x86_64-darwin",
      "group": "toplevel",
      "priority": 5
    },
    {
      "attr_path": "gum",
      "broken": false,
      "derivation": "/nix/store/pzc4cj00gsfwqszfcqxk8clprmshyi74-gum-0.16.1.drv",
      "description": "Tasty Bubble Gum for your shell",
      "install_id": "gum",
      "license": "MIT",
      "locked_url": "https://github.com/flox/nixpkgs?rev=9e83b64f727c88a7711a2c463a7b16eedb69a84c",
      "name": "gum-0.16.1",
      "pname": "gum",
      "rev": "9e83b64f727c88a7711a2c463a7b16eedb69a84c",
      "rev_count": 816272,
      "rev_date": "2025-06-17T04:31:58Z",
      "scrape_date": "2025-06-18T01:32:29.505694Z",
      "stabilities": [
        "unstable"
      ],
      "unfree": false,
      "version": "0.16.1",
      "outputs_to_install": [
        "out"
      ],
      "outputs": {
        "out": "/nix/store/lyqs0m9rf0laldm1gfa439nd3pxpxsby-gum-0.16.1"
      },
      "system": "x86_64-linux",
      "group": "toplevel",
      "priority": 5
    },
    {
      "attr_path": "llm",
      "broken": false,
      "derivation": "/nix/store/4gbaqk999lw2zjrbcwc6r39rxzy50sz2-python3-3.12.10-llm-0.26.drv",
      "description": "Access large language models from the command-line",
      "install_id": "llm",
      "license": "Apache-2.0",
      "locked_url": "https://github.com/flox/nixpkgs?rev=9e83b64f727c88a7711a2c463a7b16eedb69a84c",
      "name": "python3-3.12.10-llm-0.26",
      "pname": "llm",
      "rev": "9e83b64f727c88a7711a2c463a7b16eedb69a84c",
      "rev_count": 816272,
      "rev_date": "2025-06-17T04:31:58Z",
      "scrape_date": "2025-06-18T00:36:17.556806Z",
      "stabilities": [
        "unstable"
      ],
      "unfree": false,
      "version": "0.26",
      "outputs_to_install": [
        "out"
      ],
      "outputs": {
        "out": "/nix/store/brcxi27d908mn9752niw52av3nhqhn2q-python3-3.12.10-llm-0.26"
      },
      "system": "aarch64-darwin",
      "group": "toplevel",
      "priority": 5
    },
    {
      "attr_path": "llm",
      "broken": false,
      "derivation": "/nix/store/q3s1is4y95liirzgrgb16f45pwxlinpq-python3-3.12.10-llm-0.26.drv",
      "description": "Access large language models from the command-line",
      "install_id": "llm",
      "license": "Apache-2.0",
      "locked_url": "https://github.com/flox/nixpkgs?rev=9e83b64f727c88a7711a2c463a7b16eedb69a84c",
      "name": "python3-3.12.10-llm-0.26",
      "pname": "llm",
      "rev": "9e83b64f727c88a7711a2c463a7b16eedb69a84c",
      "rev_count": 816272,
      "rev_date": "2025-06-17T04:31:58Z",
      "scrape_date": "2025-06-18T00:54:56.135058Z",
      "stabilities": [
        "unstable"
      ],
      "unfree": false,
      "version": "0.26",
      "outputs_to_install": [
        "out"
      ],
      "outputs": {
        "out": "/nix/store/fcw21a2zsabiv8rkra1x1siadihjdwk1-python3-3.12.10-llm-0.26"
      },
      "system": "aarch64-linux",
      "group": "toplevel",
      "priority": 5
    },
    {
      "attr_path": "llm",
      "broken": false,
      "derivation": "/nix/store/vrrbgw7j2d5sjik3dqg3d4smv52g4bdl-python3-3.12.10-llm-0.26.drv",
      "description": "Access large language models from the command-line",
      "install_id": "llm",
      "license": "Apache-2.0",
      "locked_url": "https://github.com/flox/nixpkgs?rev=9e83b64f727c88a7711a2c463a7b16eedb69a84c",
      "name": "python3-3.12.10-llm-0.26",
      "pname": "llm",
      "rev": "9e83b64f727c88a7711a2c463a7b16eedb69a84c",
      "rev_count": 816272,
      "rev_date": "2025-06-17T04:31:58Z",
      "scrape_date": "2025-06-18T01:12:24.843997Z",
      "stabilities": [
        "unstable"
      ],
      "unfree": false,
      "version": "0.26",
      "outputs_to_install": [
        "out"
      ],
      "outputs": {
        "out": "/nix/store/grbazlricx92w3zs7yr3a9cfdcdi7lha-python3-3.12.10-llm-0.26"
      },
      "system": "x86_64-darwin",
      "group": "toplevel",
      "priority": 5
    },
    {
      "attr_path": "llm",
      "broken": false,
      "derivation": "/nix/store/y6kf9914ln3f7f0xj8qblffxiv24gg0r-python3-3.12.10-llm-0.26.drv",
      "description": "Access large language models from the command-line",
      "install_id": "llm",
      "license": "Apache-2.0",
      "locked_url": "https://github.com/flox/nixpkgs?rev=9e83b64f727c88a7711a2c463a7b16eedb69a84c",
      "name": "python3-3.12.10-llm-0.26",
      "pname": "llm",
      "rev": "9e83b64f727c88a7711a2c463a7b16eedb69a84c",
      "rev_count": 816272,
      "rev_date": "2025-06-17T04:31:58Z",
      "scrape_date": "2025-06-18T01:32:37.363992Z",
      "stabilities": [
        "unstable"
      ],
      "unfree": false,
      "version": "0.26",
      "outputs_to_install": [
        "out"
      ],
      "outputs": {
        "out": "/nix/store/pq97s74d142nd7fgwjywmrz9ww3wib1l-python3-3.12.10-llm-0.26"
      },
      "system": "x86_64-linux",
      "group": "toplevel",
      "priority": 5
    },
    {
      "attr_path": "mods",
      "broken": false,
      "derivation": "/nix/store/kri4k47571ag5ij3a62fwh9psyn997cl-mods-1.7.0.drv",
      "description": "AI on the command line",
      "install_id": "mods",
      "license": "MIT",
      "locked_url": "https://github.com/flox/nixpkgs?rev=9e83b64f727c88a7711a2c463a7b16eedb69a84c",
      "name": "mods-1.7.0",
      "pname": "mods",
      "rev": "9e83b64f727c88a7711a2c463a7b16eedb69a84c",
      "rev_count": 816272,
      "rev_date": "2025-06-17T04:31:58Z",
      "scrape_date": "2025-06-18T00:36:18.471497Z",
      "stabilities": [
        "unstable"
      ],
      "unfree": false,
      "version": "1.7.0",
      "outputs_to_install": [
        "out"
      ],
      "outputs": {
        "out": "/nix/store/p9xxalmd64jknsc7a3kcqn6n6i6kgzlf-mods-1.7.0"
      },
      "system": "aarch64-darwin",
      "group": "toplevel",
      "priority": 5
    },
    {
      "attr_path": "mods",
      "broken": false,
      "derivation": "/nix/store/ncr90mcg5km67fmc5hnww025da6pqzyq-mods-1.7.0.drv",
      "description": "AI on the command line",
      "install_id": "mods",
      "license": "MIT",
      "locked_url": "https://github.com/flox/nixpkgs?rev=9e83b64f727c88a7711a2c463a7b16eedb69a84c",
      "name": "mods-1.7.0",
      "pname": "mods",
      "rev": "9e83b64f727c88a7711a2c463a7b16eedb69a84c",
      "rev_count": 816272,
      "rev_date": "2025-06-17T04:31:58Z",
      "scrape_date": "2025-06-18T00:54:58.264937Z",
      "stabilities": [
        "unstable"
      ],
      "unfree": false,
      "version": "1.7.0",
      "outputs_to_install": [
        "out"
      ],
      "outputs": {
        "out": "/nix/store/h30810iqm6jvdkkalinp680kvdbcb7xv-mods-1.7.0"
      },
      "system": "aarch64-linux",
      "group": "toplevel",
      "priority": 5
    },
    {
      "attr_path": "mods",
      "broken": false,
      "derivation": "/nix/store/l4f9hfcz19y9sz9159chmqpg4ksnw4q8-mods-1.7.0.drv",
      "description": "AI on the command line",
      "install_id": "mods",
      "license": "MIT",
      "locked_url": "https://github.com/flox/nixpkgs?rev=9e83b64f727c88a7711a2c463a7b16eedb69a84c",
      "name": "mods-1.7.0",
      "pname": "mods",
      "rev": "9e83b64f727c88a7711a2c463a7b16eedb69a84c",
      "rev_count": 816272,
      "rev_date": "2025-06-17T04:31:58Z",
      "scrape_date": "2025-06-18T01:12:25.790710Z",
      "stabilities": [
        "unstable"
      ],
      "unfree": false,
      "version": "1.7.0",
      "outputs_to_install": [
        "out"
      ],
      "outputs": {
        "out": "/nix/store/z0s5f7gyzkbwzhdphzvffbc4xgs8flsa-mods-1.7.0"
      },
      "system": "x86_64-darwin",
      "group": "toplevel",
      "priority": 5
    },
    {
      "attr_path": "mods",
      "broken": false,
      "derivation": "/nix/store/cjappkq3rbixqzcjyrbxydyhxgygq4nh-mods-1.7.0.drv",
      "description": "AI on the command line",
      "install_id": "mods",
      "license": "MIT",
      "locked_url": "https://github.com/flox/nixpkgs?rev=9e83b64f727c88a7711a2c463a7b16eedb69a84c",
      "name": "mods-1.7.0",
      "pname": "mods",
      "rev": "9e83b64f727c88a7711a2c463a7b16eedb69a84c",
      "rev_count": 816272,
      "rev_date": "2025-06-17T04:31:58Z",
      "scrape_date": "2025-06-18T01:32:39.790514Z",
      "stabilities": [
        "unstable"
      ],
      "unfree": false,
      "version": "1.7.0",
      "outputs_to_install": [
        "out"
      ],
      "outputs": {
        "out": "/nix/store/7zg4ridsm8vrbpf7nbs64n592r6lf9ls-mods-1.7.0"
      },
      "system": "x86_64-linux",
      "group": "toplevel",
      "priority": 5
    },
    {
      "attr_path": "openai",
      "broken": false,
      "derivation": "/nix/store/37d09sfcj0s64whr1sl1kprr8p329kxc-python3.12-openai-1.86.0.drv",
      "description": "Python client library for the OpenAI API",
      "install_id": "openai",
      "license": "MIT",
      "locked_url": "https://github.com/flox/nixpkgs?rev=9e83b64f727c88a7711a2c463a7b16eedb69a84c",
      "name": "openai-1.86.0",
      "pname": "openai",
      "rev": "9e83b64f727c88a7711a2c463a7b16eedb69a84c",
      "rev_count": 816272,
      "rev_date": "2025-06-17T04:31:58Z",
      "scrape_date": "2025-06-18T00:36:19.713067Z",
      "stabilities": [
        "unstable"
      ],
      "unfree": false,
      "version": "1.86.0",
      "outputs_to_install": [
        "out"
      ],
      "outputs": {
        "dist": "/nix/store/8s5ygrngsb5vks4gxd2sk91g91lz9383-python3.12-openai-1.86.0-dist",
        "out": "/nix/store/l8qnwvdyfs5y8gkqdzgg7pncyy59scwz-python3.12-openai-1.86.0"
      },
      "system": "aarch64-darwin",
      "group": "toplevel",
      "priority": 5
    },
    {
      "attr_path": "openai",
      "broken": false,
      "derivation": "/nix/store/3kn7g3ipy0gdi0cfxv706yy5s89qf7p0-python3.12-openai-1.86.0.drv",
      "description": "Python client library for the OpenAI API",
      "install_id": "openai",
      "license": "MIT",
      "locked_url": "https://github.com/flox/nixpkgs?rev=9e83b64f727c88a7711a2c463a7b16eedb69a84c",
      "name": "openai-1.86.0",
      "pname": "openai",
      "rev": "9e83b64f727c88a7711a2c463a7b16eedb69a84c",
      "rev_count": 816272,
      "rev_date": "2025-06-17T04:31:58Z",
      "scrape_date": "2025-06-18T00:55:00.845839Z",
      "stabilities": [
        "unstable"
      ],
      "unfree": false,
      "version": "1.86.0",
      "outputs_to_install": [
        "out"
      ],
      "outputs": {
        "dist": "/nix/store/v67k9av9svvn9arf0nc9ym84zjkk4wb3-python3.12-openai-1.86.0-dist",
        "out": "/nix/store/3vw0xzfrls4skc2irxcwci97hk1swvsw-python3.12-openai-1.86.0"
      },
      "system": "aarch64-linux",
      "group": "toplevel",
      "priority": 5
    },
    {
      "attr_path": "openai",
      "broken": false,
      "derivation": "/nix/store/qjr8ppwfihkyhdgb1in8951wjf64i2yb-python3.12-openai-1.86.0.drv",
      "description": "Python client library for the OpenAI API",
      "install_id": "openai",
      "license": "MIT",
      "locked_url": "https://github.com/flox/nixpkgs?rev=9e83b64f727c88a7711a2c463a7b16eedb69a84c",
      "name": "openai-1.86.0",
      "pname": "openai",
      "rev": "9e83b64f727c88a7711a2c463a7b16eedb69a84c",
      "rev_count": 816272,
      "rev_date": "2025-06-17T04:31:58Z",
      "scrape_date": "2025-06-18T01:12:27.042237Z",
      "stabilities": [
        "unstable"
      ],
      "unfree": false,
      "version": "1.86.0",
      "outputs_to_install": [
        "out"
      ],
      "outputs": {
        "dist": "/nix/store/s2xnkkhw0jq43mx5padsyra3ihvx5c9p-python3.12-openai-1.86.0-dist",
        "out": "/nix/store/kqd8k9hfl5jv4j5dg754xhbb94chw4ka-python3.12-openai-1.86.0"
      },
      "system": "x86_64-darwin",
      "group": "toplevel",
      "priority": 5
    },
    {
      "attr_path": "openai",
      "broken": false,
      "derivation": "/nix/store/sfdlz56waz0rcxrbxlpi1l70c2qdn41q-python3.12-openai-1.86.0.drv",
      "description": "Python client library for the OpenAI API",
      "install_id": "openai",
      "license": "MIT",
      "locked_url": "https://github.com/flox/nixpkgs?rev=9e83b64f727c88a7711a2c463a7b16eedb69a84c",
      "name": "openai-1.86.0",
      "pname": "openai",
      "rev": "9e83b64f727c88a7711a2c463a7b16eedb69a84c",
      "rev_count": 816272,
      "rev_date": "2025-06-17T04:31:58Z",
      "scrape_date": "2025-06-18T01:32:42.741784Z",
      "stabilities": [
        "unstable"
      ],
      "unfree": false,
      "version": "1.86.0",
      "outputs_to_install": [
        "out"
      ],
      "outputs": {
        "dist": "/nix/store/ya2zpzzcp7gqvnwi2msz6g31vkjf3pbr-python3.12-openai-1.86.0-dist",
        "out": "/nix/store/62cf4g38mylv0rczczbpdgv5bbswp0hm-python3.12-openai-1.86.0"
      },
      "system": "x86_64-linux",
      "group": "toplevel",
      "priority": 5
    }
  ]
}