{
  "lockfile-version": 1,
  "manifest": {
    "version": 1,
    "install": {
      "curl": {
        "pkg-path": "curl"
      },
      "gnugrep": {
        "pkg-path": "gnugrep"
      },
      "nginx": {
        "pkg-path": "nginx"
      }
    },
    "vars": {
      "NGINX_PORT": "18181",
      "NGINX_WORKER_CONNECTIONS": "1024",
      "NGINX_WORKER_PROCESSES": "1",
      "NGINX_WWW_DIR": ""
    },
    "hook": {
      "on-activate": "\nexport NGINX_DIR=\"$FLOX_ENV_CACHE/nginx\"\nexport NGINX_CONFIG=\"$NGINX_DIR/nginx.conf\"\nexport NGINX_ERROR_LOG=\"$NGINX_DIR/error.log\"\nexport NGINX_ACCESS_LOG=\"$NGINX_DIR/access.log\"\n\nif [ -z \"$NGINX_WWW_DIR\" ]; then\n  export NGINX_WWW_DIR=\"$FLOX_ENV_CACHE/www\"\nfi\n\nmkdir -p \"$NGINX_DIR\"\n\ncat <<EOF > \"$NGINX_CONFIG\"\nworker_processes $NGINX_WORKER_PROCESSES;\n\nlock_file $NGINX_DIR/nginx.lock;\npid $NGINX_DIR/nginx.pid;\nerror_log $NGINX_ERROR_LOG;\n\nevents {\n  worker_connections $NGINX_WORKER_CONNECTIONS;\n}\n\nhttp {\n  access_log $NGINX_ACCESS_LOG;\n\n  server {\n    listen $NGINX_PORT;\n    root $NGINX_WWW_DIR;\n\n    location / {\n    }\n\n  }\n}\nEOF\n\nif [ ! -d \"$NGINX_WWW_DIR\" ]; then\n  mkdir -p \"$NGINX_WWW_DIR\"\n  cat <<EOF > \"$NGINX_WWW_DIR/index.html\"\n<!doctype html>\n<html>\n  <head>\n    <title>Hello Flox!</title>\n    <meta charset=\"utf-8\" />\n  </head>\n  <body>\n    <h1>\n      Hello from <a href=\"https://flox.dev\">Flox</a> environment!\n    </h1>\n  </body>\n</html>\nEOF\nfi\n"
    },
    "options": {
      "systems": [
        "aarch64-darwin",
        "aarch64-linux",
        "x86_64-darwin",
        "x86_64-linux"
      ]
    },
    "services": {
      "nginx": {
        "command": "nginx -c $NGINX_CONFIG -e $NGINX_ERROR_LOG -g 'daemon off;'"
      }
    }
  },
  "packages": [
    {
      "attr_path": "curl",
      "broken": false,
      "derivation": "/nix/store/0cblrq2a1miq0q9ljkrzg7zmg3d8j6m8-curl-8.12.1.drv",
      "description": "Command line tool for transferring files with URL syntax",
      "install_id": "curl",
      "license": "curl",
      "locked_url": "https://github.com/flox/nixpkgs?rev=adaa24fbf46737f3f1b5497bf64bae750f82942e",
      "name": "curl-8.12.1",
      "pname": "curl",
      "rev": "adaa24fbf46737f3f1b5497bf64bae750f82942e",
      "rev_count": 799423,
      "rev_date": "2025-05-13T23:30:50Z",
      "scrape_date": "2025-05-16T04:21:33.507737Z",
      "stabilities": [
        "staging",
        "unstable"
      ],
      "unfree": false,
      "version": "8.12.1",
      "outputs_to_install": [
        "bin",
        "man"
      ],
      "outputs": {
        "bin": "/nix/store/p51mkvggmkdm8zdkrc1ac7nmfa68d9ws-curl-8.12.1-bin",
        "dev": "/nix/store/0hp0c21b9xbk4ir0064snnlf7dg673hp-curl-8.12.1-dev",
        "devdoc": "/nix/store/03cl1rqji2zm21ba0ly2f1gwr07jwbzi-curl-8.12.1-devdoc",
        "man": "/nix/store/z19x615fdwrfdp7phx59sgd5x68jxvs0-curl-8.12.1-man",
        "out": "/nix/store/rw43p7s3g8lhij64zh2x8xc6h21baq2h-curl-8.12.1"
      },
      "system": "aarch64-darwin",
      "group": "toplevel",
      "priority": 5
    },
    {
      "attr_path": "curl",
      "broken": false,
      "derivation": "/nix/store/zw9pslpfy9znhslnflc7wmwcv00j22xl-curl-8.12.1.drv",
      "description": "Command line tool for transferring files with URL syntax",
      "install_id": "curl",
      "license": "curl",
      "locked_url": "https://github.com/flox/nixpkgs?rev=adaa24fbf46737f3f1b5497bf64bae750f82942e",
      "name": "curl-8.12.1",
      "pname": "curl",
      "rev": "adaa24fbf46737f3f1b5497bf64bae750f82942e",
      "rev_count": 799423,
      "rev_date": "2025-05-13T23:30:50Z",
      "scrape_date": "2025-05-16T04:40:14.179481Z",
      "stabilities": [
        "staging",
        "unstable"
      ],
      "unfree": false,
      "version": "8.12.1",
      "outputs_to_install": [
        "bin",
        "man"
      ],
      "outputs": {
        "bin": "/nix/store/dxrl9vhmfb9shd1kgp79hvlfyfh7psc7-curl-8.12.1-bin",
        "debug": "/nix/store/qbwjrk5f3wlkbhfgmi0bgl22pxbxqzsh-curl-8.12.1-debug",
        "dev": "/nix/store/sq7jjlp73zxm6miyakrf3mxlj5krzy5d-curl-8.12.1-dev",
        "devdoc": "/nix/store/l6bzkv5lkpcszqpmqx7g863p42a11db3-curl-8.12.1-devdoc",
        "man": "/nix/store/gprhm2f4idl1m27npgbf9xwwagsqny2a-curl-8.12.1-man",
        "out": "/nix/store/5g6wxkca01pckx6dirmrcc4zz44rdqzw-curl-8.12.1"
      },
      "system": "aarch64-linux",
      "group": "toplevel",
      "priority": 5
    },
    {
      "attr_path": "curl",
      "broken": false,
      "derivation": "/nix/store/kw966ak8fdxll3jcr4kf2kmkpsffhjkv-curl-8.12.1.drv",
      "description": "Command line tool for transferring files with URL syntax",
      "install_id": "curl",
      "license": "curl",
      "locked_url": "https://github.com/flox/nixpkgs?rev=adaa24fbf46737f3f1b5497bf64bae750f82942e",
      "name": "curl-8.12.1",
      "pname": "curl",
      "rev": "adaa24fbf46737f3f1b5497bf64bae750f82942e",
      "rev_count": 799423,
      "rev_date": "2025-05-13T23:30:50Z",
      "scrape_date": "2025-05-16T04:56:44.565912Z",
      "stabilities": [
        "staging",
        "unstable"
      ],
      "unfree": false,
      "version": "8.12.1",
      "outputs_to_install": [
        "bin",
        "man"
      ],
      "outputs": {
        "bin": "/nix/store/2bas4v73jd5bwdh32k5mrvlsv3r2db8x-curl-8.12.1-bin",
        "dev": "/nix/store/rvf6f292mffrghc7zppdqj6vdda6awfc-curl-8.12.1-dev",
        "devdoc": "/nix/store/qv3v1axchmi5h5g034qs19dvgvb6vylb-curl-8.12.1-devdoc",
        "man": "/nix/store/b8w3s9pdafw4vfkg9i6c4n1pdcm9q07h-curl-8.12.1-man",
        "out": "/nix/store/s36zhjg43zrpblybl8xyyylvycp3b8l5-curl-8.12.1"
      },
      "system": "x86_64-darwin",
      "group": "toplevel",
      "priority": 5
    },
    {
      "attr_path": "curl",
      "broken": false,
      "derivation": "/nix/store/7m8c8293srg8bvyh03k9vff4ckdqm16b-curl-8.12.1.drv",
      "description": "Command line tool for transferring files with URL syntax",
      "install_id": "curl",
      "license": "curl",
      "locked_url": "https://github.com/flox/nixpkgs?rev=adaa24fbf46737f3f1b5497bf64bae750f82942e",
      "name": "curl-8.12.1",
      "pname": "curl",
      "rev": "adaa24fbf46737f3f1b5497bf64bae750f82942e",
      "rev_count": 799423,
      "rev_date": "2025-05-13T23:30:50Z",
      "scrape_date": "2025-05-16T05:18:38.905526Z",
      "stabilities": [
        "staging",
        "unstable"
      ],
      "unfree": false,
      "version": "8.12.1",
      "outputs_to_install": [
        "bin",
        "man"
      ],
      "outputs": {
        "bin": "/nix/store/lr1pnwv3l0ks6w5fbl7yn80lskgaksi6-curl-8.12.1-bin",
        "debug": "/nix/store/z8vi84kn4iggy5m9f1xyi59y5ffw7sdh-curl-8.12.1-debug",
        "dev": "/nix/store/4m8ys00i0vsj756l5ldsz5hyv993rrvh-curl-8.12.1-dev",
        "devdoc": "/nix/store/ajpg29z9hy1rfga6b9yqkgf65nsnihys-curl-8.12.1-devdoc",
        "man": "/nix/store/21rp1hagmp3rm2xhdfr9w07wq4az4izz-curl-8.12.1-man",
        "out": "/nix/store/056kf3y6n9q5i7gdiynwdj6wrmb7b4kx-curl-8.12.1"
      },
      "system": "x86_64-linux",
      "group": "toplevel",
      "priority": 5
    },
    {
      "attr_path": "gnugrep",
      "broken": false,
      "derivation": "/nix/store/w3hi0qm69rwphyzph04k1kw38ilkx7gb-gnugrep-3.11.drv",
      "description": "GNU implementation of the Unix grep command",
      "install_id": "gnugrep",
      "license": "GPL-3.0-or-later",
      "locked_url": "https://github.com/flox/nixpkgs?rev=adaa24fbf46737f3f1b5497bf64bae750f82942e",
      "name": "gnugrep-3.11",
      "pname": "gnugrep",
      "rev": "adaa24fbf46737f3f1b5497bf64bae750f82942e",
      "rev_count": 799423,
      "rev_date": "2025-05-13T23:30:50Z",
      "scrape_date": "2025-05-16T04:21:34.044091Z",
      "stabilities": [
        "staging",
        "unstable"
      ],
      "unfree": false,
      "version": "3.11",
      "outputs_to_install": [
        "out"
      ],
      "outputs": {
        "info": "/nix/store/i02wj1rphcqb0cra1ns28z3ahdmh4zif-gnugrep-3.11-info",
        "out": "/nix/store/phssz9lgny3mwx26w3z5zi9ns324mn80-gnugrep-3.11"
      },
      "system": "aarch64-darwin",
      "group": "toplevel",
      "priority": 5
    },
    {
      "attr_path": "gnugrep",
      "broken": false,
      "derivation": "/nix/store/q5jr6hspj79h315g46yp321njy6dm89f-gnugrep-3.11.drv",
      "description": "GNU implementation of the Unix grep command",
      "install_id": "gnugrep",
      "license": "GPL-3.0-or-later",
      "locked_url": "https://github.com/flox/nixpkgs?rev=adaa24fbf46737f3f1b5497bf64bae750f82942e",
      "name": "gnugrep-3.11",
      "pname": "gnugrep",
      "rev": "adaa24fbf46737f3f1b5497bf64bae750f82942e",
      "rev_count": 799423,
      "rev_date": "2025-05-13T23:30:50Z",
      "scrape_date": "2025-05-16T04:40:15.354921Z",
      "stabilities": [
        "staging",
        "unstable"
      ],
      "unfree": false,
      "version": "3.11",
      "outputs_to_install": [
        "out"
      ],
      "outputs": {
        "info": "/nix/store/8bcis2i7j036npiaxn3fxd6rl4gna6vv-gnugrep-3.11-info",
        "out": "/nix/store/lhhcqd2m2hjq1c3qizj7zc4bx33y457w-gnugrep-3.11"
      },
      "system": "aarch64-linux",
      "group": "toplevel",
      "priority": 5
    },
    {
      "attr_path": "gnugrep",
      "broken": false,
      "derivation": "/nix/store/zmnyipxz7ylmi9yz3py2izib26kf330g-gnugrep-3.11.drv",
      "description": "GNU implementation of the Unix grep command",
      "install_id": "gnugrep",
      "license": "GPL-3.0-or-later",
      "locked_url": "https://github.com/flox/nixpkgs?rev=adaa24fbf46737f3f1b5497bf64bae750f82942e",
      "name": "gnugrep-3.11",
      "pname": "gnugrep",
      "rev": "adaa24fbf46737f3f1b5497bf64bae750f82942e",
      "rev_count": 799423,
      "rev_date": "2025-05-13T23:30:50Z",
      "scrape_date": "2025-05-16T04:56:45.107994Z",
      "stabilities": [
        "staging",
        "unstable"
      ],
      "unfree": false,
      "version": "3.11",
      "outputs_to_install": [
        "out"
      ],
      "outputs": {
        "info": "/nix/store/8i7iwqa474k59fgnmx2xyrslvb4dpx3i-gnugrep-3.11-info",
        "out": "/nix/store/pz7px83vv64fw9fnfbpp2vdp6pnf5rpd-gnugrep-3.11"
      },
      "system": "x86_64-darwin",
      "group": "toplevel",
      "priority": 5
    },
    {
      "attr_path": "gnugrep",
      "broken": false,
      "derivation": "/nix/store/hh1b8qb5api3m31fminggd2n6ka6phhs-gnugrep-3.11.drv",
      "description": "GNU implementation of the Unix grep command",
      "install_id": "gnugrep",
      "license": "GPL-3.0-or-later",
      "locked_url": "https://github.com/flox/nixpkgs?rev=adaa24fbf46737f3f1b5497bf64bae750f82942e",
      "name": "gnugrep-3.11",
      "pname": "gnugrep",
      "rev": "adaa24fbf46737f3f1b5497bf64bae750f82942e",
      "rev_count": 799423,
      "rev_date": "2025-05-13T23:30:50Z",
      "scrape_date": "2025-05-16T05:18:40.201487Z",
      "stabilities": [
        "staging",
        "unstable"
      ],
      "unfree": false,
      "version": "3.11",
      "outputs_to_install": [
        "out"
      ],
      "outputs": {
        "info": "/nix/store/52zy0rzyf6vwza5s4zz406j1cnvkvjwk-gnugrep-3.11-info",
        "out": "/nix/store/2wni3gbcf6fqwlfb2h9sv7jvqlpf1ylq-gnugrep-3.11"
      },
      "system": "x86_64-linux",
      "group": "toplevel",
      "priority": 5
    },
    {
      "attr_path": "nginx",
      "broken": false,
      "derivation": "/nix/store/cilkjw6xps10lhcd2jyf35xn3amp2kkx-nginx-1.28.0.drv",
      "description": "Reverse proxy and lightweight webserver",
      "install_id": "nginx",
      "license": "[ BSD-2-Clause, BSD-2-Clause, BSD-2-Clause, BSD-2-Clause ]",
      "locked_url": "https://github.com/flox/nixpkgs?rev=adaa24fbf46737f3f1b5497bf64bae750f82942e",
      "name": "nginx-1.28.0",
      "pname": "nginx",
      "rev": "adaa24fbf46737f3f1b5497bf64bae750f82942e",
      "rev_count": 799423,
      "rev_date": "2025-05-13T23:30:50Z",
      "scrape_date": "2025-05-16T04:21:36.430945Z",
      "stabilities": [
        "staging",
        "unstable"
      ],
      "unfree": false,
      "version": "1.28.0",
      "outputs_to_install": [
        "out"
      ],
      "outputs": {
        "doc": "/nix/store/7plx90k335470jlnpvywjfxabnn4lwj3-nginx-1.28.0-doc",
        "out": "/nix/store/4zzwwj00hsjziyvnh6rrjwfr5yzhm5li-nginx-1.28.0"
      },
      "system": "aarch64-darwin",
      "group": "toplevel",
      "priority": 5
    },
    {
      "attr_path": "nginx",
      "broken": false,
      "derivation": "/nix/store/x6655h75xq4h6y5vnzbx95s99cwaphws-nginx-1.28.0.drv",
      "description": "Reverse proxy and lightweight webserver",
      "install_id": "nginx",
      "license": "[ BSD-2-Clause, BSD-2-Clause, BSD-2-Clause, BSD-2-Clause ]",
      "locked_url": "https://github.com/flox/nixpkgs?rev=adaa24fbf46737f3f1b5497bf64bae750f82942e",
      "name": "nginx-1.28.0",
      "pname": "nginx",
      "rev": "adaa24fbf46737f3f1b5497bf64bae750f82942e",
      "rev_count": 799423,
      "rev_date": "2025-05-13T23:30:50Z",
      "scrape_date": "2025-05-16T04:40:24.269499Z",
      "stabilities": [
        "staging",
        "unstable"
      ],
      "unfree": false,
      "version": "1.28.0",
      "outputs_to_install": [
        "out"
      ],
      "outputs": {
        "doc": "/nix/store/3hqryjnklsl1q236pc9vq4kr3di9ai89-nginx-1.28.0-doc",
        "out": "/nix/store/h35hs85vd5nhrzv3j03ybdfz2s1wsc6l-nginx-1.28.0"
      },
      "system": "aarch64-linux",
      "group": "toplevel",
      "priority": 5
    },
    {
      "attr_path": "nginx",
      "broken": false,
      "derivation": "/nix/store/ml3aw7f0h0pp3ca638m188mf1asmgram-nginx-1.28.0.drv",
      "description": "Reverse proxy and lightweight webserver",
      "install_id": "nginx",
      "license": "[ BSD-2-Clause, BSD-2-Clause, BSD-2-Clause, BSD-2-Clause ]",
      "locked_url": "https://github.com/flox/nixpkgs?rev=adaa24fbf46737f3f1b5497bf64bae750f82942e",
      "name": "nginx-1.28.0",
      "pname": "nginx",
      "rev": "adaa24fbf46737f3f1b5497bf64bae750f82942e",
      "rev_count": 799423,
      "rev_date": "2025-05-13T23:30:50Z",
      "scrape_date": "2025-05-16T04:56:47.421046Z",
      "stabilities": [
        "staging",
        "unstable"
      ],
      "unfree": false,
      "version": "1.28.0",
      "outputs_to_install": [
        "out"
      ],
      "outputs": {
        "doc": "/nix/store/dz2fc9qwr7fh8r40w56y6x71rra0x1q6-nginx-1.28.0-doc",
        "out": "/nix/store/ynbz8qqxnm7azvavq85vz6birfnjr6nq-nginx-1.28.0"
      },
      "system": "x86_64-darwin",
      "group": "toplevel",
      "priority": 5
    },
    {
      "attr_path": "nginx",
      "broken": false,
      "derivation": "/nix/store/03bd6f1c1dybz2ydz3bjy7xjr38dcnqh-nginx-1.28.0.drv",
      "description": "Reverse proxy and lightweight webserver",
      "install_id": "nginx",
      "license": "[ BSD-2-Clause, BSD-2-Clause, BSD-2-Clause, BSD-2-Clause ]",
      "locked_url": "https://github.com/flox/nixpkgs?rev=adaa24fbf46737f3f1b5497bf64bae750f82942e",
      "name": "nginx-1.28.0",
      "pname": "nginx",
      "rev": "adaa24fbf46737f3f1b5497bf64bae750f82942e",
      "rev_count": 799423,
      "rev_date": "2025-05-13T23:30:50Z",
      "scrape_date": "2025-05-16T05:18:50.804608Z",
      "stabilities": [
        "staging",
        "unstable"
      ],
      "unfree": false,
      "version": "1.28.0",
      "outputs_to_install": [
        "out"
      ],
      "outputs": {
        "doc": "/nix/store/yps04wg8hlnsmvx483ql9npfdlyjdi2y-nginx-1.28.0-doc",
        "out": "/nix/store/chfzzq0i35gg50acg1ni2481gn5h8ip4-nginx-1.28.0"
      },
      "system": "x86_64-linux",
      "group": "toplevel",
      "priority": 5
    }
  ]
}