{
  "lockfile-version": 1,
  "manifest": {
    "schema-version": "1.10.0",
    "install": {
      "claude-code": {
        "pkg-path": "flox/claude-code",
        "pkg-group": "claude-code",
        "version": "2.1.117"
      },
      "claude-managed": {
        "pkg-path": "flox/claude-managed",
        "pkg-group": "claude-managed"
      }
    },
    "hook": {
      "on-activate": "eval \"$(claude-managed setup-hook)\"\n"
    },
    "profile": {
      "bash": "eval \"$(claude-managed setup-profile-bash)\"\n",
      "zsh": "eval \"$(claude-managed setup-profile-zsh)\"\n",
      "fish": "claude-managed setup-profile-fish | source\n"
    },
    "options": {}
  },
  "packages": [
    {
      "attr_path": "claude-managed",
      "broken": false,
      "derivation": "/nix/store/kkbinyqmj9m0crylzwqll64r119nqmg8-claude-managed-0.2.8.drv",
      "description": "Flox-native config management for Claude Code CLI",
      "install_id": "claude-managed",
      "license": "MIT",
      "locked_url": "ssh://git@github.com/flox/floxenvs.git?rev=2aec140263aa1d6b7c615f169e5019d2b0025c59",
      "name": "claude-managed-0.2.8",
      "pname": "claude-managed",
      "rev": "2aec140263aa1d6b7c615f169e5019d2b0025c59",
      "rev_count": 2847,
      "rev_date": "2026-04-22T16:02:42Z",
      "scrape_date": "2026-04-22T16:03:53.123075Z",
      "stabilities": [
        "unstable"
      ],
      "unfree": false,
      "version": "0.2.8",
      "outputs_to_install": [
        "out"
      ],
      "outputs": {
        "out": "/nix/store/63vh9djrqk42p5mc4rzvzvr4fnwgwb24-claude-managed-0.2.8"
      },
      "system": "aarch64-darwin",
      "group": "claude-managed",
      "priority": 5
    },
    {
      "attr_path": "claude-managed",
      "broken": false,
      "derivation": "/nix/store/vggb7bf18ifpc0lrk8rnaq6grgicgsm4-claude-managed-0.2.8.drv",
      "description": "Flox-native config management for Claude Code CLI",
      "install_id": "claude-managed",
      "license": "MIT",
      "locked_url": "ssh://git@github.com/flox/floxenvs.git?rev=2aec140263aa1d6b7c615f169e5019d2b0025c59",
      "name": "claude-managed-0.2.8",
      "pname": "claude-managed",
      "rev": "2aec140263aa1d6b7c615f169e5019d2b0025c59",
      "rev_count": 2847,
      "rev_date": "2026-04-22T16:02:42Z",
      "scrape_date": "2026-04-22T16:03:53.123076Z",
      "stabilities": [
        "unstable"
      ],
      "unfree": false,
      "version": "0.2.8",
      "outputs_to_install": [
        "out"
      ],
      "outputs": {
        "out": "/nix/store/ybarjfx04djmyg6rrmn04agj21r78jis-claude-managed-0.2.8"
      },
      "system": "aarch64-linux",
      "group": "claude-managed",
      "priority": 5
    },
    {
      "attr_path": "claude-managed",
      "broken": false,
      "derivation": "/nix/store/fisr7avvqxhy7ys6a7lrnmwfxi94hcb2-claude-managed-0.2.8.drv",
      "description": "Flox-native config management for Claude Code CLI",
      "install_id": "claude-managed",
      "license": "MIT",
      "locked_url": "ssh://git@github.com/flox/floxenvs.git?rev=2aec140263aa1d6b7c615f169e5019d2b0025c59",
      "name": "claude-managed-0.2.8",
      "pname": "claude-managed",
      "rev": "2aec140263aa1d6b7c615f169e5019d2b0025c59",
      "rev_count": 2847,
      "rev_date": "2026-04-22T16:02:42Z",
      "scrape_date": "2026-04-22T16:03:53.123077Z",
      "stabilities": [
        "unstable"
      ],
      "unfree": false,
      "version": "0.2.8",
      "outputs_to_install": [
        "out"
      ],
      "outputs": {
        "out": "/nix/store/vv1pl586bmmn60irfcinivdmf864cj0a-claude-managed-0.2.8"
      },
      "system": "x86_64-darwin",
      "group": "claude-managed",
      "priority": 5
    },
    {
      "attr_path": "claude-managed",
      "broken": false,
      "derivation": "/nix/store/yw9swwb0jlhibqryaagm28wryvyl4f4d-claude-managed-0.2.8.drv",
      "description": "Flox-native config management for Claude Code CLI",
      "install_id": "claude-managed",
      "license": "MIT",
      "locked_url": "ssh://git@github.com/flox/floxenvs.git?rev=2aec140263aa1d6b7c615f169e5019d2b0025c59",
      "name": "claude-managed-0.2.8",
      "pname": "claude-managed",
      "rev": "2aec140263aa1d6b7c615f169e5019d2b0025c59",
      "rev_count": 2847,
      "rev_date": "2026-04-22T16:02:42Z",
      "scrape_date": "2026-04-22T16:03:53.123077Z",
      "stabilities": [
        "unstable"
      ],
      "unfree": false,
      "version": "0.2.8",
      "outputs_to_install": [
        "out"
      ],
      "outputs": {
        "out": "/nix/store/hh60f8agqvk7pzrjzrb4cvj28mfc36sz-claude-managed-0.2.8"
      },
      "system": "x86_64-linux",
      "group": "claude-managed",
      "priority": 5
    },
    {
      "attr_path": "claude-code",
      "broken": false,
      "derivation": "/nix/store/7zxdgfirdsvf06lrpbfqajgikibxm1rs-claude-code-2.1.117.drv",
      "description": "Agentic coding tool from Anthropic",
      "install_id": "claude-code",
      "license": "Unfree",
      "locked_url": "https://github.com/flox/floxenvs?rev=c4bcb746ff0390523b0ef180de23afa3ddc937d2",
      "name": "claude-code-2.1.117",
      "pname": "claude-code",
      "rev": "c4bcb746ff0390523b0ef180de23afa3ddc937d2",
      "rev_count": 2804,
      "rev_date": "2026-04-22T08:45:23Z",
      "scrape_date": "2026-04-22T16:13:46.230680Z",
      "stabilities": [
        "unstable",
        "staging"
      ],
      "unfree": true,
      "version": "2.1.117",
      "outputs_to_install": [
        "out"
      ],
      "outputs": {
        "out": "/nix/store/i18805jcpl10df9k8kdhbjhf9zkqqada-claude-code-2.1.117"
      },
      "system": "aarch64-darwin",
      "group": "claude-code",
      "priority": 5
    },
    {
      "attr_path": "claude-code",
      "broken": false,
      "derivation": "/nix/store/nj3qwjxg6cfkqr4s9w1ki9k51axqf9cr-claude-code-2.1.117.drv",
      "description": "Agentic coding tool from Anthropic",
      "install_id": "claude-code",
      "license": "Unfree",
      "locked_url": "https://github.com/flox/floxenvs?rev=c4bcb746ff0390523b0ef180de23afa3ddc937d2",
      "name": "claude-code-2.1.117",
      "pname": "claude-code",
      "rev": "c4bcb746ff0390523b0ef180de23afa3ddc937d2",
      "rev_count": 2804,
      "rev_date": "2026-04-22T08:45:23Z",
      "scrape_date": "2026-04-22T16:13:46.230684Z",
      "stabilities": [
        "unstable",
        "staging"
      ],
      "unfree": true,
      "version": "2.1.117",
      "outputs_to_install": [
        "out"
      ],
      "outputs": {
        "out": "/nix/store/wv954mb6kndpkx141kqfxf374424q3i6-claude-code-2.1.117"
      },
      "system": "aarch64-linux",
      "group": "claude-code",
      "priority": 5
    },
    {
      "attr_path": "claude-code",
      "broken": false,
      "derivation": "/nix/store/4qsw04iqzkk5ia2v9jzpjnm5m2s596qp-claude-code-2.1.117.drv",
      "description": "Agentic coding tool from Anthropic",
      "install_id": "claude-code",
      "license": "Unfree",
      "locked_url": "https://github.com/flox/floxenvs?rev=c4bcb746ff0390523b0ef180de23afa3ddc937d2",
      "name": "claude-code-2.1.117",
      "pname": "claude-code",
      "rev": "c4bcb746ff0390523b0ef180de23afa3ddc937d2",
      "rev_count": 2804,
      "rev_date": "2026-04-22T08:45:23Z",
      "scrape_date": "2026-04-22T16:13:46.230684Z",
      "stabilities": [
        "unstable",
        "staging"
      ],
      "unfree": true,
      "version": "2.1.117",
      "outputs_to_install": [
        "out"
      ],
      "outputs": {
        "out": "/nix/store/l2flq2z89714zs2grlbwa8q4cl6dpqq5-claude-code-2.1.117"
      },
      "system": "x86_64-darwin",
      "group": "claude-code",
      "priority": 5
    },
    {
      "attr_path": "claude-code",
      "broken": false,
      "derivation": "/nix/store/7zvmqflhhdar07zybrlqvj7r4cjqq540-claude-code-2.1.117.drv",
      "description": "Agentic coding tool from Anthropic",
      "install_id": "claude-code",
      "license": "Unfree",
      "locked_url": "https://github.com/flox/floxenvs?rev=c4bcb746ff0390523b0ef180de23afa3ddc937d2",
      "name": "claude-code-2.1.117",
      "pname": "claude-code",
      "rev": "c4bcb746ff0390523b0ef180de23afa3ddc937d2",
      "rev_count": 2804,
      "rev_date": "2026-04-22T08:45:23Z",
      "scrape_date": "2026-04-22T16:13:46.230685Z",
      "stabilities": [
        "unstable",
        "staging"
      ],
      "unfree": true,
      "version": "2.1.117",
      "outputs_to_install": [
        "out"
      ],
      "outputs": {
        "out": "/nix/store/v8l4mdwmrbawf4kmaf3yrd941sqh78bz-claude-code-2.1.117"
      },
      "system": "x86_64-linux",
      "group": "claude-code",
      "priority": 5
    }
  ]
}
