{
  "lockfile-version": 1,
  "manifest": {
    "schema-version": "1.10.0",
    "install": {
      "claude-code": {
        "pkg-path": "flox/claude-code",
        "pkg-group": "claude-code"
      },
      "claude-managed": {
        "pkg-path": "flox/claude-managed",
        "pkg-group": "claude-managed"
      }
    },
    "hook": {
      "on-activate": "eval \"$(claude-managed setup-hook)\"\n"
    },
    "profile": {
      "common": "eval \"$(claude-managed setup-profile)\"\n"
    },
    "options": {}
  },
  "packages": [
    {
      "attr_path": "claude-code",
      "broken": false,
      "derivation": "/nix/store/7ff8dr7l7fl47klnlpksjb9p3ww9igxh-claude-code-2.1.110.drv",
      "description": "Agentic coding tool from Anthropic",
      "install_id": "claude-code",
      "license": "Unfree",
      "locked_url": "ssh://git@github.com/flox/floxenvs.git?rev=efe91449ea34d2df27bfe31c9581c101577764c7",
      "name": "claude-code-2.1.110",
      "pname": "claude-code",
      "rev": "efe91449ea34d2df27bfe31c9581c101577764c7",
      "rev_count": 2629,
      "rev_date": "2026-04-16T19:39:45Z",
      "scrape_date": "2026-04-22T14:06:12.827636Z",
      "stabilities": [
        "unstable"
      ],
      "unfree": true,
      "version": "2.1.110",
      "outputs_to_install": [
        "out"
      ],
      "outputs": {
        "out": "/nix/store/ka2dqg6j4kx2gq91hv58k8xh84zm81k4-claude-code-2.1.110"
      },
      "system": "aarch64-darwin",
      "group": "claude-code",
      "priority": 5
    },
    {
      "attr_path": "claude-code",
      "broken": false,
      "derivation": "/nix/store/micwl9ya497w95g9203gv8k9k2chx4kd-claude-code-2.1.110.drv",
      "description": "Agentic coding tool from Anthropic",
      "install_id": "claude-code",
      "license": "Unfree",
      "locked_url": "ssh://git@github.com/flox/floxenvs.git?rev=efe91449ea34d2df27bfe31c9581c101577764c7",
      "name": "claude-code-2.1.110",
      "pname": "claude-code",
      "rev": "efe91449ea34d2df27bfe31c9581c101577764c7",
      "rev_count": 2629,
      "rev_date": "2026-04-16T19:39:45Z",
      "scrape_date": "2026-04-22T14:06:12.827640Z",
      "stabilities": [
        "unstable"
      ],
      "unfree": true,
      "version": "2.1.110",
      "outputs_to_install": [
        "out"
      ],
      "outputs": {
        "out": "/nix/store/ya0qcllfv2ij0sf7xnylzlgzkiv4f3dj-claude-code-2.1.110"
      },
      "system": "aarch64-linux",
      "group": "claude-code",
      "priority": 5
    },
    {
      "attr_path": "claude-code",
      "broken": false,
      "derivation": "/nix/store/m3g3hj1225cha37has3ybxd34vdhw0vk-claude-code-2.1.110.drv",
      "description": "Agentic coding tool from Anthropic",
      "install_id": "claude-code",
      "license": "Unfree",
      "locked_url": "ssh://git@github.com/flox/floxenvs.git?rev=efe91449ea34d2df27bfe31c9581c101577764c7",
      "name": "claude-code-2.1.110",
      "pname": "claude-code",
      "rev": "efe91449ea34d2df27bfe31c9581c101577764c7",
      "rev_count": 2629,
      "rev_date": "2026-04-16T19:39:45Z",
      "scrape_date": "2026-04-22T14:06:12.827641Z",
      "stabilities": [
        "unstable"
      ],
      "unfree": true,
      "version": "2.1.110",
      "outputs_to_install": [
        "out"
      ],
      "outputs": {
        "out": "/nix/store/xpw7xdkh708xs0g6b22fs9vvrcqv7hxk-claude-code-2.1.110"
      },
      "system": "x86_64-darwin",
      "group": "claude-code",
      "priority": 5
    },
    {
      "attr_path": "claude-code",
      "broken": false,
      "derivation": "/nix/store/sazinh41x9iwypjh2cw0y1m9h20nljkf-claude-code-2.1.110.drv",
      "description": "Agentic coding tool from Anthropic",
      "install_id": "claude-code",
      "license": "Unfree",
      "locked_url": "ssh://git@github.com/flox/floxenvs.git?rev=efe91449ea34d2df27bfe31c9581c101577764c7",
      "name": "claude-code-2.1.110",
      "pname": "claude-code",
      "rev": "efe91449ea34d2df27bfe31c9581c101577764c7",
      "rev_count": 2629,
      "rev_date": "2026-04-16T19:39:45Z",
      "scrape_date": "2026-04-22T14:06:12.827641Z",
      "stabilities": [
        "unstable"
      ],
      "unfree": true,
      "version": "2.1.110",
      "outputs_to_install": [
        "out"
      ],
      "outputs": {
        "out": "/nix/store/7gijixymjj6hp21cglh3iwyhyvz8gg95-claude-code-2.1.110"
      },
      "system": "x86_64-linux",
      "group": "claude-code",
      "priority": 5
    },
    {
      "attr_path": "claude-managed",
      "broken": false,
      "derivation": "/nix/store/q1hfvkzybnrkglnharqn6mfjkw9f8lha-claude-managed-0.2.5.drv",
      "description": "Flox-native config management for Claude Code CLI",
      "install_id": "claude-managed",
      "license": "MIT",
      "locked_url": "ssh://git@github.com/flox/floxenvs.git?rev=e11b659ce2f18bb60d1c0ba3b0596abb7d819216",
      "name": "claude-managed-0.2.5",
      "pname": "claude-managed",
      "rev": "e11b659ce2f18bb60d1c0ba3b0596abb7d819216",
      "rev_count": 2839,
      "rev_date": "2026-04-22T13:37:33Z",
      "scrape_date": "2026-04-22T14:06:12.827648Z",
      "stabilities": [
        "unstable"
      ],
      "unfree": false,
      "version": "0.2.5",
      "outputs_to_install": [
        "out"
      ],
      "outputs": {
        "out": "/nix/store/4ynm909vl646z8is6hlr9005ml6fydcq-claude-managed-0.2.5"
      },
      "system": "aarch64-darwin",
      "group": "claude-managed",
      "priority": 5
    },
    {
      "attr_path": "claude-managed",
      "broken": false,
      "derivation": "/nix/store/2scarazhn1aq7h63vl2dzzz484byrb4r-claude-managed-0.2.5.drv",
      "description": "Flox-native config management for Claude Code CLI",
      "install_id": "claude-managed",
      "license": "MIT",
      "locked_url": "ssh://git@github.com/flox/floxenvs.git?rev=e11b659ce2f18bb60d1c0ba3b0596abb7d819216",
      "name": "claude-managed-0.2.5",
      "pname": "claude-managed",
      "rev": "e11b659ce2f18bb60d1c0ba3b0596abb7d819216",
      "rev_count": 2839,
      "rev_date": "2026-04-22T13:37:33Z",
      "scrape_date": "2026-04-22T14:06:12.827649Z",
      "stabilities": [
        "unstable"
      ],
      "unfree": false,
      "version": "0.2.5",
      "outputs_to_install": [
        "out"
      ],
      "outputs": {
        "out": "/nix/store/4q38h3bzgdd22kp4bgz4ag515345034v-claude-managed-0.2.5"
      },
      "system": "aarch64-linux",
      "group": "claude-managed",
      "priority": 5
    },
    {
      "attr_path": "claude-managed",
      "broken": false,
      "derivation": "/nix/store/lw1vwiisqb08s9w9rw7f0jdz8jl1xbcx-claude-managed-0.2.5.drv",
      "description": "Flox-native config management for Claude Code CLI",
      "install_id": "claude-managed",
      "license": "MIT",
      "locked_url": "ssh://git@github.com/flox/floxenvs.git?rev=e11b659ce2f18bb60d1c0ba3b0596abb7d819216",
      "name": "claude-managed-0.2.5",
      "pname": "claude-managed",
      "rev": "e11b659ce2f18bb60d1c0ba3b0596abb7d819216",
      "rev_count": 2839,
      "rev_date": "2026-04-22T13:37:33Z",
      "scrape_date": "2026-04-22T14:06:12.827650Z",
      "stabilities": [
        "unstable"
      ],
      "unfree": false,
      "version": "0.2.5",
      "outputs_to_install": [
        "out"
      ],
      "outputs": {
        "out": "/nix/store/1ysn9yijk5x96pjx5scf0qn0zj6751rr-claude-managed-0.2.5"
      },
      "system": "x86_64-darwin",
      "group": "claude-managed",
      "priority": 5
    },
    {
      "attr_path": "claude-managed",
      "broken": false,
      "derivation": "/nix/store/srd299wb1afslap6b5jii62nrzmq214f-claude-managed-0.2.5.drv",
      "description": "Flox-native config management for Claude Code CLI",
      "install_id": "claude-managed",
      "license": "MIT",
      "locked_url": "ssh://git@github.com/flox/floxenvs.git?rev=e11b659ce2f18bb60d1c0ba3b0596abb7d819216",
      "name": "claude-managed-0.2.5",
      "pname": "claude-managed",
      "rev": "e11b659ce2f18bb60d1c0ba3b0596abb7d819216",
      "rev_count": 2839,
      "rev_date": "2026-04-22T13:37:33Z",
      "scrape_date": "2026-04-22T14:06:12.827651Z",
      "stabilities": [
        "unstable"
      ],
      "unfree": false,
      "version": "0.2.5",
      "outputs_to_install": [
        "out"
      ],
      "outputs": {
        "out": "/nix/store/6mh6mz4kfrqpi358gz9vb85ifmybq96x-claude-managed-0.2.5"
      },
      "system": "x86_64-linux",
      "group": "claude-managed",
      "priority": 5
    }
  ]
}
